// !$*UTF8*$!
{
	archiveVersion = 1;
	classes = {
	};
	objectVersion = 52;
	objects = {

/* Begin PBXBuildFile section */
		1701265B227F9BB100E416F6 /* CravingsViewController.swift in Sources */ = {isa = PBXBuildFile; fileRef = 1701265A227F9BB100E416F6 /* CravingsViewController.swift */; };
		1701265D227F9D2100E416F6 /* CravingsCell.swift in Sources */ = {isa = PBXBuildFile; fileRef = 1701265C227F9D2100E416F6 /* CravingsCell.swift */; };
		170B0A94229486C800217358 /* SectionFiveNotificationsCell.swift in Sources */ = {isa = PBXBuildFile; fileRef = 170B0A92229486C800217358 /* SectionFiveNotificationsCell.swift */; };
		170B0A95229486C800217358 /* SectionFiveNotificationsCell.xib in Resources */ = {isa = PBXBuildFile; fileRef = 170B0A93229486C800217358 /* SectionFiveNotificationsCell.xib */; };
		1714FC9C219E306000CFB203 /* AddCravingViewController.swift in Sources */ = {isa = PBXBuildFile; fileRef = 1714FC9B219E306000CFB203 /* AddCravingViewController.swift */; };
		1714FC9E219E359A00CFB203 /* AddCravingViewModel.swift in Sources */ = {isa = PBXBuildFile; fileRef = 1714FC9D219E359A00CFB203 /* AddCravingViewModel.swift */; };
		17156BE322596B42005EEE69 /* QuitBaseViewController.swift in Sources */ = {isa = PBXBuildFile; fileRef = 17156BE222596B42005EEE69 /* QuitBaseViewController.swift */; };
		171EAFEF21D409A60088C90C /* SectionFiveCarouselCell.swift in Sources */ = {isa = PBXBuildFile; fileRef = 171EAFED21D409A60088C90C /* SectionFiveCarouselCell.swift */; };
		171EAFF221D40D200088C90C /* AdditionalUserData.swift in Sources */ = {isa = PBXBuildFile; fileRef = 171EAFF121D40D200088C90C /* AdditionalUserData.swift */; };
		172A93EC237892A60069CE93 /* QuitAchievements.swift in Sources */ = {isa = PBXBuildFile; fileRef = 172A93EB237892A60069CE93 /* QuitAchievements.swift */; };
		1732B38C25277FF700C469C1 /* QuitApp.swift in Sources */ = {isa = PBXBuildFile; fileRef = 1732B38B25277FF700C469C1 /* QuitApp.swift */; };
		1732B3922527802F00C469C1 /* QHomeView.swift in Sources */ = {isa = PBXBuildFile; fileRef = 1732B3912527802F00C469C1 /* QHomeView.swift */; };
		1732B3AD252782FB00C469C1 /* QGuages.swift in Sources */ = {isa = PBXBuildFile; fileRef = 1732B3AC252782FB00C469C1 /* QGuages.swift */; };
		1732B3B92527851E00C469C1 /* QHeadlineGuageListView.swift in Sources */ = {isa = PBXBuildFile; fileRef = 1732B3B82527851E00C469C1 /* QHeadlineGuageListView.swift */; };
		1732B3C32527858300C469C1 /* QHeadlineGuageListItemView.swift in Sources */ = {isa = PBXBuildFile; fileRef = 1732B3C22527858300C469C1 /* QHeadlineGuageListItemView.swift */; };
		1737C9E02029FEE800AA8CE5 /* SavingGoalVC.swift in Sources */ = {isa = PBXBuildFile; fileRef = 1737C9DF2029FEE800AA8CE5 /* SavingGoalVC.swift */; };
		1739ECAE22C2A7E2005ED03E /* ViewControllerExtension.swift in Sources */ = {isa = PBXBuildFile; fileRef = 1739ECAD22C2A7E2005ED03E /* ViewControllerExtension.swift */; };
		17440DD82527B1C6000E4703 /* QHealth.swift in Sources */ = {isa = PBXBuildFile; fileRef = 17440DD72527B1C6000E4703 /* QHealth.swift */; };
		17440DE32527D6B7000E4703 /* QClockView.swift in Sources */ = {isa = PBXBuildFile; fileRef = 17440DE22527D6B7000E4703 /* QClockView.swift */; };
		17440DEA2527E4E7000E4703 /* QEditQuitDateView.swift in Sources */ = {isa = PBXBuildFile; fileRef = 17440DE92527E4E7000E4703 /* QEditQuitDateView.swift */; };
		17440DFA2527EB5D000E4703 /* QCravingChartView.swift in Sources */ = {isa = PBXBuildFile; fileRef = 17440DF92527EB5D000E4703 /* QCravingChartView.swift */; };
		17440E00252A3773000E4703 /* QBankNoteView.swift in Sources */ = {isa = PBXBuildFile; fileRef = 17440DFF252A3773000E4703 /* QBankNoteView.swift */; };
		17440E07252A6164000E4703 /* QLineGraph.swift in Sources */ = {isa = PBXBuildFile; fileRef = 17440E06252A6164000E4703 /* QLineGraph.swift */; };
		1752B7E82527A8E000064384 /* QGuageInformationView.swift in Sources */ = {isa = PBXBuildFile; fileRef = 1752B7E72527A8E000064384 /* QGuageInformationView.swift */; };
		1752F0AF21BF11AF0056642F /* AchievementsViewController.swift in Sources */ = {isa = PBXBuildFile; fileRef = 1752F0AE21BF11AE0056642F /* AchievementsViewController.swift */; };
		1752F0B121BF12E30056642F /* ViewControllerConstructor.swift in Sources */ = {isa = PBXBuildFile; fileRef = 1752F0B021BF12E30056642F /* ViewControllerConstructor.swift */; };
		1752F0B321C0414E0056642F /* AchievementCell.swift in Sources */ = {isa = PBXBuildFile; fileRef = 1752F0B221C0414E0056642F /* AchievementCell.swift */; };
		175871DD22DA107F00DB9E75 /* StoreKit.framework in Frameworks */ = {isa = PBXBuildFile; fileRef = 175871DC22DA107F00DB9E75 /* StoreKit.framework */; };
		175D41ED21D3E0A500FB7588 /* DateExtensions.swift in Sources */ = {isa = PBXBuildFile; fileRef = 175D41EC21D3E0A500FB7588 /* DateExtensions.swift */; };
		175D41EF21D3E23300FB7588 /* TextField.swift in Sources */ = {isa = PBXBuildFile; fileRef = 175D41EE21D3E23300FB7588 /* TextField.swift */; };
		175D41F721D3E36600FB7588 /* ChartFormatter.swift in Sources */ = {isa = PBXBuildFile; fileRef = 175D41F621D3E36600FB7588 /* ChartFormatter.swift */; };
		175D41F921D3E3AC00FB7588 /* QuitFormatters.swift in Sources */ = {isa = PBXBuildFile; fileRef = 175D41F821D3E3AC00FB7588 /* QuitFormatters.swift */; };
		1767D301219C417F007E4DE9 /* SmokedVC.swift in Sources */ = {isa = PBXBuildFile; fileRef = 1767D300219C417F007E4DE9 /* SmokedVC.swift */; };
		1769EF8C23527E7300AAAFE5 /* QuitInfoViewController.swift in Sources */ = {isa = PBXBuildFile; fileRef = 1769EF8B23527E7300AAAFE5 /* QuitInfoViewController.swift */; };
		177F03E52025220000CC7CA8 /* AppDelegate.swift in Sources */ = {isa = PBXBuildFile; fileRef = 177F03E42025220000CC7CA8 /* AppDelegate.swift */; };
		177F03ED2025220000CC7CA8 /* Quit.xcdatamodeld in Sources */ = {isa = PBXBuildFile; fileRef = 177F03EB2025220000CC7CA8 /* Quit.xcdatamodeld */; };
		177F03EF2025220900CC7CA8 /* Assets.xcassets in Resources */ = {isa = PBXBuildFile; fileRef = 177F03EE2025220900CC7CA8 /* Assets.xcassets */; };
		177F04242029104900CC7CA8 /* Profile.swift in Sources */ = {isa = PBXBuildFile; fileRef = 177F04232029104900CC7CA8 /* Profile.swift */; };
		178500E32368DF5600C64DCF /* SectionOneCarouselCell.xib in Resources */ = {isa = PBXBuildFile; fileRef = 178500E22368DF5600C64DCF /* SectionOneCarouselCell.xib */; };
		178500E52368E04F00C64DCF /* SectionTwoCarouselCell.xib in Resources */ = {isa = PBXBuildFile; fileRef = 178500E42368E04F00C64DCF /* SectionTwoCarouselCell.xib */; };
		178500E72368E10C00C64DCF /* SectionThreeCarouselCell.xib in Resources */ = {isa = PBXBuildFile; fileRef = 178500E62368E10C00C64DCF /* SectionThreeCarouselCell.xib */; };
		178500E92368E16800C64DCF /* SectionFourCarouselCell.xib in Resources */ = {isa = PBXBuildFile; fileRef = 178500E82368E16800C64DCF /* SectionFourCarouselCell.xib */; };
		178500EB2368E1BA00C64DCF /* SectionFiveCarouselCell.xib in Resources */ = {isa = PBXBuildFile; fileRef = 178500EA2368E1BA00C64DCF /* SectionFiveCarouselCell.xib */; };
		178500ED2368E74E00C64DCF /* UIColorExtensions.swift in Sources */ = {isa = PBXBuildFile; fileRef = 178500EC2368E74E00C64DCF /* UIColorExtensions.swift */; };
		178500EF2368F43700C64DCF /* QuitLabel.swift in Sources */ = {isa = PBXBuildFile; fileRef = 178500EE2368F43700C64DCF /* QuitLabel.swift */; };
		1788CBB62037853D00064A86 /* PersistenceManager.swift in Sources */ = {isa = PBXBuildFile; fileRef = 1788CBB52037853D00064A86 /* PersistenceManager.swift */; };
		1788CBCC2039B3E000064A86 /* Constants.swift in Sources */ = {isa = PBXBuildFile; fileRef = 1788CBCB2039B3E000064A86 /* Constants.swift */; };
		178E014A23777E2400C800C0 /* QuitHealthStats.swift in Sources */ = {isa = PBXBuildFile; fileRef = 178E014923777E2400C800C0 /* QuitHealthStats.swift */; };
		178E014C2377876600C800C0 /* UIDeviceExtensions.swift in Sources */ = {isa = PBXBuildFile; fileRef = 178E014B2377876600C800C0 /* UIDeviceExtensions.swift */; };
		178E0150237889FE00C800C0 /* QuitBaseCarouselCollectionViewCell.swift in Sources */ = {isa = PBXBuildFile; fileRef = 178E014F237889FE00C800C0 /* QuitBaseCarouselCollectionViewCell.swift */; };
		1790143122A6F48200C7D734 /* Colours.xcassets in Resources */ = {isa = PBXBuildFile; fileRef = 1790143022A6F48200C7D734 /* Colours.xcassets */; };
		1790149922A703A500C7D734 /* IntentHandler.swift in Sources */ = {isa = PBXBuildFile; fileRef = 1790149822A703A500C7D734 /* IntentHandler.swift */; };
		1790149D22A703A500C7D734 /* AddCravingIntent.appex in Embed App Extensions */ = {isa = PBXBuildFile; fileRef = 1790149622A703A500C7D734 /* AddCravingIntent.appex */; platformFilter = ios; settings = {ATTRIBUTES = (RemoveHeadersOnCopy, ); }; };
		179014A422A7042400C7D734 /* AddCravingIntent.intentdefinition in Sources */ = {isa = PBXBuildFile; fileRef = 179014A322A7042400C7D734 /* AddCravingIntent.intentdefinition */; };
		179014A522A7058000C7D734 /* AddCravingIntent.intentdefinition in Sources */ = {isa = PBXBuildFile; fileRef = 179014A322A7042400C7D734 /* AddCravingIntent.intentdefinition */; };
		179014A722A70C2900C7D734 /* AddCravingIntentHandler.swift in Sources */ = {isa = PBXBuildFile; fileRef = 179014A622A70C2900C7D734 /* AddCravingIntentHandler.swift */; };
		179014A822A70D6200C7D734 /* PersistenceManager.swift in Sources */ = {isa = PBXBuildFile; fileRef = 1788CBB52037853D00064A86 /* PersistenceManager.swift */; };
		179014A922A70F2400C7D734 /* Quit.xcdatamodeld in Sources */ = {isa = PBXBuildFile; fileRef = 177F03EB2025220000CC7CA8 /* Quit.xcdatamodeld */; };
		179014AB22A70F4600C7D734 /* AdditionalUserData.swift in Sources */ = {isa = PBXBuildFile; fileRef = 171EAFF121D40D200088C90C /* AdditionalUserData.swift */; };
		179014AD22A70F5300C7D734 /* Constants.swift in Sources */ = {isa = PBXBuildFile; fileRef = 1788CBCB2039B3E000064A86 /* Constants.swift */; };
		1791FDDD21D4135A00EDF452 /* SectionFiveReasonsToSmokeCell.swift in Sources */ = {isa = PBXBuildFile; fileRef = 1791FDDB21D4135A00EDF452 /* SectionFiveReasonsToSmokeCell.swift */; };
		1791FDDE21D4135A00EDF452 /* SectionFiveReasonsToSmokeCell.xib in Resources */ = {isa = PBXBuildFile; fileRef = 1791FDDC21D4135A00EDF452 /* SectionFiveReasonsToSmokeCell.xib */; };
		1791FDE621D55A5A00EDF452 /* EditArrayVC.swift in Sources */ = {isa = PBXBuildFile; fileRef = 1791FDE521D55A5A00EDF452 /* EditArrayVC.swift */; };
		1798163823889F8E00623DE0 /* QuitHealthSummaryViewController.swift in Sources */ = {isa = PBXBuildFile; fileRef = 1798163723889F8E00623DE0 /* QuitHealthSummaryViewController.swift */; };
		179FDFC721640479003131C5 /* SectionOneCarouselCell.swift in Sources */ = {isa = PBXBuildFile; fileRef = 179FDFC621640479003131C5 /* SectionOneCarouselCell.swift */; };
		179FDFCA2164052D003131C5 /* SectionOneCravingDataCell.swift in Sources */ = {isa = PBXBuildFile; fileRef = 179FDFC92164052D003131C5 /* SectionOneCravingDataCell.swift */; };
		179FDFCC21640536003131C5 /* SectionOneCravingDataCell.xib in Resources */ = {isa = PBXBuildFile; fileRef = 179FDFCB21640536003131C5 /* SectionOneCravingDataCell.xib */; };
		179FDFCE216406B3003131C5 /* HomeViewController.swift in Sources */ = {isa = PBXBuildFile; fileRef = 179FDFCD216406B3003131C5 /* HomeViewController.swift */; };
		179FDFD1216419CC003131C5 /* SectionOneVapingDataCell.swift in Sources */ = {isa = PBXBuildFile; fileRef = 179FDFCF216419CC003131C5 /* SectionOneVapingDataCell.swift */; };
		179FDFD2216419CC003131C5 /* SectionOneVapingDataCell.xib in Resources */ = {isa = PBXBuildFile; fileRef = 179FDFD0216419CC003131C5 /* SectionOneVapingDataCell.xib */; };
		179FDFD421641B0D003131C5 /* RoundedView.swift in Sources */ = {isa = PBXBuildFile; fileRef = 179FDFD321641B0D003131C5 /* RoundedView.swift */; };
		179FDFD62166A2BF003131C5 /* HomeViewModel.swift in Sources */ = {isa = PBXBuildFile; fileRef = 179FDFD52166A2BF003131C5 /* HomeViewModel.swift */; };
		179FDFD82166A3E4003131C5 /* SectionOneCravingDataCellViewModel.swift in Sources */ = {isa = PBXBuildFile; fileRef = 179FDFD72166A3E4003131C5 /* SectionOneCravingDataCellViewModel.swift */; };
		179FDFDC2166C3FA003131C5 /* SectionTwoCarouselCell.swift in Sources */ = {isa = PBXBuildFile; fileRef = 179FDFDA2166C3FA003131C5 /* SectionTwoCarouselCell.swift */; };
		179FDFE02168118C003131C5 /* SectionTwoSavingsOverviewCell.swift in Sources */ = {isa = PBXBuildFile; fileRef = 179FDFDE2168118C003131C5 /* SectionTwoSavingsOverviewCell.swift */; };
		179FDFE12168118C003131C5 /* SectionTwoSavingsOverviewCell.xib in Resources */ = {isa = PBXBuildFile; fileRef = 179FDFDF2168118C003131C5 /* SectionTwoSavingsOverviewCell.xib */; };
		179FDFE621681AFE003131C5 /* SectionTwoSavingsGoalCell.swift in Sources */ = {isa = PBXBuildFile; fileRef = 179FDFE421681AFE003131C5 /* SectionTwoSavingsGoalCell.swift */; };
		179FDFE721681AFE003131C5 /* SectionTwoSavingsGoalCell.xib in Resources */ = {isa = PBXBuildFile; fileRef = 179FDFE521681AFE003131C5 /* SectionTwoSavingsGoalCell.xib */; };
		179FDFEA21693389003131C5 /* SectionThreeCarouselCell.swift in Sources */ = {isa = PBXBuildFile; fileRef = 179FDFE921693389003131C5 /* SectionThreeCarouselCell.swift */; };
		179FDFEF216935D1003131C5 /* SectionThreeCravingsChartCell.swift in Sources */ = {isa = PBXBuildFile; fileRef = 179FDFED216935D1003131C5 /* SectionThreeCravingsChartCell.swift */; };
		179FDFF0216935D1003131C5 /* SectionThreeCravingsChartCell.xib in Resources */ = {isa = PBXBuildFile; fileRef = 179FDFEE216935D1003131C5 /* SectionThreeCravingsChartCell.xib */; };
		179FDFF5216D3D5A003131C5 /* SectionThreeTriggerChartCell.swift in Sources */ = {isa = PBXBuildFile; fileRef = 179FDFF3216D3D5A003131C5 /* SectionThreeTriggerChartCell.swift */; };
		179FDFF6216D3D5A003131C5 /* SectionThreeTriggerChartCell.xib in Resources */ = {isa = PBXBuildFile; fileRef = 179FDFF4216D3D5A003131C5 /* SectionThreeTriggerChartCell.xib */; };
		17A8B4BF237E180200AD297B /* QuitCelebrationBaseViewController.swift in Sources */ = {isa = PBXBuildFile; fileRef = 17A8B4BE237E180200AD297B /* QuitCelebrationBaseViewController.swift */; };
		17BA70902175143A00ACA5F6 /* SectionFourCarouselCell.swift in Sources */ = {isa = PBXBuildFile; fileRef = 17BA708E2175143A00ACA5F6 /* SectionFourCarouselCell.swift */; };
		17BA7094217515E900ACA5F6 /* SectionFourHealthCell.swift in Sources */ = {isa = PBXBuildFile; fileRef = 17BA7092217515E800ACA5F6 /* SectionFourHealthCell.swift */; };
		17BA7095217515E900ACA5F6 /* SectionFourHealthCell.xib in Resources */ = {isa = PBXBuildFile; fileRef = 17BA7093217515E900ACA5F6 /* SectionFourHealthCell.xib */; };
		17BD352722989DFB004E766B /* ViewPendingNotificationsViewController.swift in Sources */ = {isa = PBXBuildFile; fileRef = 17BD352622989DFB004E766B /* ViewPendingNotificationsViewController.swift */; };
		17BD352A22989ED7004E766B /* ViewNotificationCell.swift in Sources */ = {isa = PBXBuildFile; fileRef = 17BD352922989ED7004E766B /* ViewNotificationCell.swift */; };
		17BD352C2298ABCE004E766B /* AddNotificationViewController.swift in Sources */ = {isa = PBXBuildFile; fileRef = 17BD352B2298ABCE004E766B /* AddNotificationViewController.swift */; };
		17C14E7F25278D3B001564B0 /* QBatteryView.swift in Sources */ = {isa = PBXBuildFile; fileRef = 17C14E7E25278D3B001564B0 /* QBatteryView.swift */; };
		17C14F1125279CF5001564B0 /* QEntryDecisionView.swift in Sources */ = {isa = PBXBuildFile; fileRef = 17C14F1025279CF5001564B0 /* QEntryDecisionView.swift */; };
		17C14F2425279D81001564B0 /* QUnregisteredUserView.swift in Sources */ = {isa = PBXBuildFile; fileRef = 17C14F2325279D81001564B0 /* QUnregisteredUserView.swift */; };
		17C14F3225279F1D001564B0 /* QSetupProfileView.swift in Sources */ = {isa = PBXBuildFile; fileRef = 17C14F3125279F1D001564B0 /* QSetupProfileView.swift */; };
		17F022002031EA83005EF65C /* SettingsVC.swift in Sources */ = {isa = PBXBuildFile; fileRef = 17F021FF2031EA83005EF65C /* SettingsVC.swift */; };
		17F1B61D21D5B1DF0021722D /* DoubleExtensions.swift in Sources */ = {isa = PBXBuildFile; fileRef = 17F1B61C21D5B1DF0021722D /* DoubleExtensions.swift */; };
		17F3BA50237627CE00B01083 /* QuitInfoCostCell.swift in Sources */ = {isa = PBXBuildFile; fileRef = 17F3BA4F237627CE00B01083 /* QuitInfoCostCell.swift */; };
		17F3BA522376281900B01083 /* QuitInfoDateCell.swift in Sources */ = {isa = PBXBuildFile; fileRef = 17F3BA512376281900B01083 /* QuitInfoDateCell.swift */; };
		17F3BA5423762EA900B01083 /* QuitBaseCellProtocol.swift in Sources */ = {isa = PBXBuildFile; fileRef = 17F3BA5323762EA900B01083 /* QuitBaseCellProtocol.swift */; };
		17F4E6F320C1473800B9A21B /* QuitInfoVCViewModel.swift in Sources */ = {isa = PBXBuildFile; fileRef = 17F4E6F220C1473800B9A21B /* QuitInfoVCViewModel.swift */; };
		17F4E6F520C14AC600B9A21B /* RoundButton.swift in Sources */ = {isa = PBXBuildFile; fileRef = 17F4E6F420C14AC600B9A21B /* RoundButton.swift */; };
/* End PBXBuildFile section */

/* Begin PBXContainerItemProxy section */
		1700068B2035D0DC0056F25C /* PBXContainerItemProxy */ = {
			isa = PBXContainerItemProxy;
			containerPortal = 177F03D92025220000CC7CA8 /* Project object */;
			proxyType = 1;
			remoteGlobalIDString = 177F03E02025220000CC7CA8;
			remoteInfo = Quit;
		};
		1790149B22A703A500C7D734 /* PBXContainerItemProxy */ = {
			isa = PBXContainerItemProxy;
			containerPortal = 177F03D92025220000CC7CA8 /* Project object */;
			proxyType = 1;
			remoteGlobalIDString = 1790149522A703A500C7D734;
			remoteInfo = AddCravingIntent;
		};
/* End PBXContainerItemProxy section */

/* Begin PBXCopyFilesBuildPhase section */
		177F04062027716900CC7CA8 /* Embed Frameworks */ = {
			isa = PBXCopyFilesBuildPhase;
			buildActionMask = 2147483647;
			dstPath = "";
			dstSubfolderSpec = 10;
			files = (
			);
			name = "Embed Frameworks";
			runOnlyForDeploymentPostprocessing = 0;
		};
		17F8FF91219A08E70095CD6E /* Embed App Extensions */ = {
			isa = PBXCopyFilesBuildPhase;
			buildActionMask = 2147483647;
			dstPath = "";
			dstSubfolderSpec = 13;
			files = (
				1790149D22A703A500C7D734 /* AddCravingIntent.appex in Embed App Extensions */,
			);
			name = "Embed App Extensions";
			runOnlyForDeploymentPostprocessing = 0;
		};
/* End PBXCopyFilesBuildPhase section */

/* Begin PBXFileReference section */
		170006862035D0DC0056F25C /* QuitTests.xctest */ = {isa = PBXFileReference; explicitFileType = wrapper.cfbundle; includeInIndex = 0; path = QuitTests.xctest; sourceTree = BUILT_PRODUCTS_DIR; };
		1700068A2035D0DC0056F25C /* Info.plist */ = {isa = PBXFileReference; lastKnownFileType = text.plist.xml; path = Info.plist; sourceTree = "<group>"; };
		1701265A227F9BB100E416F6 /* CravingsViewController.swift */ = {isa = PBXFileReference; lastKnownFileType = sourcecode.swift; path = CravingsViewController.swift; sourceTree = "<group>"; };
		1701265C227F9D2100E416F6 /* CravingsCell.swift */ = {isa = PBXFileReference; lastKnownFileType = sourcecode.swift; path = CravingsCell.swift; sourceTree = "<group>"; };
		170B0A92229486C800217358 /* SectionFiveNotificationsCell.swift */ = {isa = PBXFileReference; lastKnownFileType = sourcecode.swift; path = SectionFiveNotificationsCell.swift; sourceTree = "<group>"; };
		170B0A93229486C800217358 /* SectionFiveNotificationsCell.xib */ = {isa = PBXFileReference; lastKnownFileType = file.xib; path = SectionFiveNotificationsCell.xib; sourceTree = "<group>"; };
		1714FC86219E06C000CFB203 /* UserNotifications.framework */ = {isa = PBXFileReference; lastKnownFileType = wrapper.framework; name = UserNotifications.framework; path = System/Library/Frameworks/UserNotifications.framework; sourceTree = SDKROOT; };
		1714FC88219E06C000CFB203 /* UserNotificationsUI.framework */ = {isa = PBXFileReference; lastKnownFileType = wrapper.framework; name = UserNotificationsUI.framework; path = System/Library/Frameworks/UserNotificationsUI.framework; sourceTree = SDKROOT; };
		1714FC9B219E306000CFB203 /* AddCravingViewController.swift */ = {isa = PBXFileReference; lastKnownFileType = sourcecode.swift; path = AddCravingViewController.swift; sourceTree = "<group>"; };
		1714FC9D219E359A00CFB203 /* AddCravingViewModel.swift */ = {isa = PBXFileReference; lastKnownFileType = sourcecode.swift; path = AddCravingViewModel.swift; sourceTree = "<group>"; };
		17156BE222596B42005EEE69 /* QuitBaseViewController.swift */ = {isa = PBXFileReference; lastKnownFileType = sourcecode.swift; path = QuitBaseViewController.swift; sourceTree = "<group>"; };
		171EAFED21D409A60088C90C /* SectionFiveCarouselCell.swift */ = {isa = PBXFileReference; lastKnownFileType = sourcecode.swift; path = SectionFiveCarouselCell.swift; sourceTree = "<group>"; };
		171EAFF121D40D200088C90C /* AdditionalUserData.swift */ = {isa = PBXFileReference; lastKnownFileType = sourcecode.swift; path = AdditionalUserData.swift; sourceTree = "<group>"; };
		172A93EB237892A60069CE93 /* QuitAchievements.swift */ = {isa = PBXFileReference; lastKnownFileType = sourcecode.swift; path = QuitAchievements.swift; sourceTree = "<group>"; };
		1732B38B25277FF700C469C1 /* QuitApp.swift */ = {isa = PBXFileReference; lastKnownFileType = sourcecode.swift; path = QuitApp.swift; sourceTree = "<group>"; };
		1732B3912527802F00C469C1 /* QHomeView.swift */ = {isa = PBXFileReference; lastKnownFileType = sourcecode.swift; path = QHomeView.swift; sourceTree = "<group>"; };
		1732B3AC252782FB00C469C1 /* QGuages.swift */ = {isa = PBXFileReference; lastKnownFileType = sourcecode.swift; path = QGuages.swift; sourceTree = "<group>"; };
		1732B3B82527851E00C469C1 /* QHeadlineGuageListView.swift */ = {isa = PBXFileReference; lastKnownFileType = sourcecode.swift; path = QHeadlineGuageListView.swift; sourceTree = "<group>"; };
		1732B3C22527858300C469C1 /* QHeadlineGuageListItemView.swift */ = {isa = PBXFileReference; lastKnownFileType = sourcecode.swift; path = QHeadlineGuageListItemView.swift; sourceTree = "<group>"; };
		1737C9DF2029FEE800AA8CE5 /* SavingGoalVC.swift */ = {isa = PBXFileReference; lastKnownFileType = sourcecode.swift; path = SavingGoalVC.swift; sourceTree = "<group>"; };
		1739ECAD22C2A7E2005ED03E /* ViewControllerExtension.swift */ = {isa = PBXFileReference; lastKnownFileType = sourcecode.swift; path = ViewControllerExtension.swift; sourceTree = "<group>"; };
		17440DD72527B1C6000E4703 /* QHealth.swift */ = {isa = PBXFileReference; lastKnownFileType = sourcecode.swift; path = QHealth.swift; sourceTree = "<group>"; };
		17440DE22527D6B7000E4703 /* QClockView.swift */ = {isa = PBXFileReference; lastKnownFileType = sourcecode.swift; path = QClockView.swift; sourceTree = "<group>"; };
		17440DE92527E4E7000E4703 /* QEditQuitDateView.swift */ = {isa = PBXFileReference; lastKnownFileType = sourcecode.swift; path = QEditQuitDateView.swift; sourceTree = "<group>"; };
		17440DF92527EB5D000E4703 /* QCravingChartView.swift */ = {isa = PBXFileReference; lastKnownFileType = sourcecode.swift; path = QCravingChartView.swift; sourceTree = "<group>"; };
		17440DFF252A3773000E4703 /* QBankNoteView.swift */ = {isa = PBXFileReference; lastKnownFileType = sourcecode.swift; path = QBankNoteView.swift; sourceTree = "<group>"; };
		17440E06252A6164000E4703 /* QLineGraph.swift */ = {isa = PBXFileReference; lastKnownFileType = sourcecode.swift; path = QLineGraph.swift; sourceTree = "<group>"; };
		1752B7E72527A8E000064384 /* QGuageInformationView.swift */ = {isa = PBXFileReference; lastKnownFileType = sourcecode.swift; path = QGuageInformationView.swift; sourceTree = "<group>"; };
		1752F0AE21BF11AE0056642F /* AchievementsViewController.swift */ = {isa = PBXFileReference; lastKnownFileType = sourcecode.swift; path = AchievementsViewController.swift; sourceTree = "<group>"; };
		1752F0B021BF12E30056642F /* ViewControllerConstructor.swift */ = {isa = PBXFileReference; lastKnownFileType = sourcecode.swift; path = ViewControllerConstructor.swift; sourceTree = "<group>"; };
		1752F0B221C0414E0056642F /* AchievementCell.swift */ = {isa = PBXFileReference; lastKnownFileType = sourcecode.swift; path = AchievementCell.swift; sourceTree = "<group>"; };
		175871DC22DA107F00DB9E75 /* StoreKit.framework */ = {isa = PBXFileReference; lastKnownFileType = wrapper.framework; name = StoreKit.framework; path = System/Library/Frameworks/StoreKit.framework; sourceTree = SDKROOT; };
		175D41EC21D3E0A500FB7588 /* DateExtensions.swift */ = {isa = PBXFileReference; lastKnownFileType = sourcecode.swift; path = DateExtensions.swift; sourceTree = "<group>"; };
		175D41EE21D3E23300FB7588 /* TextField.swift */ = {isa = PBXFileReference; lastKnownFileType = sourcecode.swift; path = TextField.swift; sourceTree = "<group>"; };
		175D41F621D3E36600FB7588 /* ChartFormatter.swift */ = {isa = PBXFileReference; lastKnownFileType = sourcecode.swift; path = ChartFormatter.swift; sourceTree = "<group>"; };
		175D41F821D3E3AC00FB7588 /* QuitFormatters.swift */ = {isa = PBXFileReference; lastKnownFileType = sourcecode.swift; path = QuitFormatters.swift; sourceTree = "<group>"; };
		1767D300219C417F007E4DE9 /* SmokedVC.swift */ = {isa = PBXFileReference; lastKnownFileType = sourcecode.swift; path = SmokedVC.swift; sourceTree = "<group>"; };
		1769EF8B23527E7300AAAFE5 /* QuitInfoViewController.swift */ = {isa = PBXFileReference; lastKnownFileType = sourcecode.swift; path = QuitInfoViewController.swift; sourceTree = "<group>"; };
		177F03E12025220000CC7CA8 /* Quit.app */ = {isa = PBXFileReference; explicitFileType = wrapper.application; includeInIndex = 0; path = Quit.app; sourceTree = BUILT_PRODUCTS_DIR; };
		177F03E42025220000CC7CA8 /* AppDelegate.swift */ = {isa = PBXFileReference; lastKnownFileType = sourcecode.swift; path = AppDelegate.swift; sourceTree = "<group>"; };
		177F03EC2025220000CC7CA8 /* Quit.xcdatamodel */ = {isa = PBXFileReference; lastKnownFileType = wrapper.xcdatamodel; path = Quit.xcdatamodel; sourceTree = "<group>"; };
		177F03EE2025220900CC7CA8 /* Assets.xcassets */ = {isa = PBXFileReference; lastKnownFileType = folder.assetcatalog; path = Assets.xcassets; sourceTree = "<group>"; };
		177F03F32025220900CC7CA8 /* Info.plist */ = {isa = PBXFileReference; lastKnownFileType = text.plist.xml; path = Info.plist; sourceTree = "<group>"; };
		177F04232029104900CC7CA8 /* Profile.swift */ = {isa = PBXFileReference; lastKnownFileType = sourcecode.swift; path = Profile.swift; sourceTree = "<group>"; };
		178500E22368DF5600C64DCF /* SectionOneCarouselCell.xib */ = {isa = PBXFileReference; lastKnownFileType = file.xib; path = SectionOneCarouselCell.xib; sourceTree = "<group>"; };
		178500E42368E04F00C64DCF /* SectionTwoCarouselCell.xib */ = {isa = PBXFileReference; lastKnownFileType = file.xib; path = SectionTwoCarouselCell.xib; sourceTree = "<group>"; };
		178500E62368E10C00C64DCF /* SectionThreeCarouselCell.xib */ = {isa = PBXFileReference; lastKnownFileType = file.xib; path = SectionThreeCarouselCell.xib; sourceTree = "<group>"; };
		178500E82368E16800C64DCF /* SectionFourCarouselCell.xib */ = {isa = PBXFileReference; lastKnownFileType = file.xib; path = SectionFourCarouselCell.xib; sourceTree = "<group>"; };
		178500EA2368E1BA00C64DCF /* SectionFiveCarouselCell.xib */ = {isa = PBXFileReference; lastKnownFileType = file.xib; path = SectionFiveCarouselCell.xib; sourceTree = "<group>"; };
		178500EC2368E74E00C64DCF /* UIColorExtensions.swift */ = {isa = PBXFileReference; lastKnownFileType = sourcecode.swift; path = UIColorExtensions.swift; sourceTree = "<group>"; };
		178500EE2368F43700C64DCF /* QuitLabel.swift */ = {isa = PBXFileReference; lastKnownFileType = sourcecode.swift; path = QuitLabel.swift; sourceTree = "<group>"; };
		1788CBB52037853D00064A86 /* PersistenceManager.swift */ = {isa = PBXFileReference; lastKnownFileType = sourcecode.swift; path = PersistenceManager.swift; sourceTree = "<group>"; };
		1788CBCB2039B3E000064A86 /* Constants.swift */ = {isa = PBXFileReference; lastKnownFileType = sourcecode.swift; path = Constants.swift; sourceTree = "<group>"; };
		178E014923777E2400C800C0 /* QuitHealthStats.swift */ = {isa = PBXFileReference; lastKnownFileType = sourcecode.swift; path = QuitHealthStats.swift; sourceTree = "<group>"; };
		178E014B2377876600C800C0 /* UIDeviceExtensions.swift */ = {isa = PBXFileReference; lastKnownFileType = sourcecode.swift; path = UIDeviceExtensions.swift; sourceTree = "<group>"; };
		178E014F237889FE00C800C0 /* QuitBaseCarouselCollectionViewCell.swift */ = {isa = PBXFileReference; lastKnownFileType = sourcecode.swift; path = QuitBaseCarouselCollectionViewCell.swift; sourceTree = "<group>"; };
		1790143022A6F48200C7D734 /* Colours.xcassets */ = {isa = PBXFileReference; lastKnownFileType = folder.assetcatalog; path = Colours.xcassets; sourceTree = "<group>"; };
		1790149622A703A500C7D734 /* AddCravingIntent.appex */ = {isa = PBXFileReference; explicitFileType = "wrapper.app-extension"; includeInIndex = 0; path = AddCravingIntent.appex; sourceTree = BUILT_PRODUCTS_DIR; };
		1790149822A703A500C7D734 /* IntentHandler.swift */ = {isa = PBXFileReference; lastKnownFileType = sourcecode.swift; path = IntentHandler.swift; sourceTree = "<group>"; };
		1790149A22A703A500C7D734 /* Info.plist */ = {isa = PBXFileReference; lastKnownFileType = text.plist.xml; path = Info.plist; sourceTree = "<group>"; };
		179014A122A703C000C7D734 /* AddCravingIntent.entitlements */ = {isa = PBXFileReference; lastKnownFileType = text.plist.entitlements; path = AddCravingIntent.entitlements; sourceTree = "<group>"; };
		179014A322A7042400C7D734 /* AddCravingIntent.intentdefinition */ = {isa = PBXFileReference; lastKnownFileType = file.intentdefinition; path = AddCravingIntent.intentdefinition; sourceTree = "<group>"; };
		179014A622A70C2900C7D734 /* AddCravingIntentHandler.swift */ = {isa = PBXFileReference; lastKnownFileType = sourcecode.swift; path = AddCravingIntentHandler.swift; sourceTree = "<group>"; };
		1791FDDB21D4135A00EDF452 /* SectionFiveReasonsToSmokeCell.swift */ = {isa = PBXFileReference; lastKnownFileType = sourcecode.swift; path = SectionFiveReasonsToSmokeCell.swift; sourceTree = "<group>"; };
		1791FDDC21D4135A00EDF452 /* SectionFiveReasonsToSmokeCell.xib */ = {isa = PBXFileReference; lastKnownFileType = file.xib; path = SectionFiveReasonsToSmokeCell.xib; sourceTree = "<group>"; };
		1791FDE521D55A5A00EDF452 /* EditArrayVC.swift */ = {isa = PBXFileReference; lastKnownFileType = sourcecode.swift; path = EditArrayVC.swift; sourceTree = "<group>"; };
		1798163723889F8E00623DE0 /* QuitHealthSummaryViewController.swift */ = {isa = PBXFileReference; lastKnownFileType = sourcecode.swift; name = QuitHealthSummaryViewController.swift; path = Quit/QuitHealthSummaryViewController.swift; sourceTree = SOURCE_ROOT; };
		179FDFC621640479003131C5 /* SectionOneCarouselCell.swift */ = {isa = PBXFileReference; lastKnownFileType = sourcecode.swift; path = SectionOneCarouselCell.swift; sourceTree = "<group>"; };
		179FDFC92164052D003131C5 /* SectionOneCravingDataCell.swift */ = {isa = PBXFileReference; lastKnownFileType = sourcecode.swift; path = SectionOneCravingDataCell.swift; sourceTree = "<group>"; };
		179FDFCB21640536003131C5 /* SectionOneCravingDataCell.xib */ = {isa = PBXFileReference; lastKnownFileType = file.xib; path = SectionOneCravingDataCell.xib; sourceTree = "<group>"; };
		179FDFCD216406B3003131C5 /* HomeViewController.swift */ = {isa = PBXFileReference; lastKnownFileType = sourcecode.swift; path = HomeViewController.swift; sourceTree = "<group>"; };
		179FDFCF216419CC003131C5 /* SectionOneVapingDataCell.swift */ = {isa = PBXFileReference; lastKnownFileType = sourcecode.swift; path = SectionOneVapingDataCell.swift; sourceTree = "<group>"; };
		179FDFD0216419CC003131C5 /* SectionOneVapingDataCell.xib */ = {isa = PBXFileReference; lastKnownFileType = file.xib; path = SectionOneVapingDataCell.xib; sourceTree = "<group>"; };
		179FDFD321641B0D003131C5 /* RoundedView.swift */ = {isa = PBXFileReference; lastKnownFileType = sourcecode.swift; path = RoundedView.swift; sourceTree = "<group>"; };
		179FDFD52166A2BF003131C5 /* HomeViewModel.swift */ = {isa = PBXFileReference; lastKnownFileType = sourcecode.swift; path = HomeViewModel.swift; sourceTree = "<group>"; };
		179FDFD72166A3E4003131C5 /* SectionOneCravingDataCellViewModel.swift */ = {isa = PBXFileReference; lastKnownFileType = sourcecode.swift; path = SectionOneCravingDataCellViewModel.swift; sourceTree = "<group>"; };
		179FDFDA2166C3FA003131C5 /* SectionTwoCarouselCell.swift */ = {isa = PBXFileReference; lastKnownFileType = sourcecode.swift; path = SectionTwoCarouselCell.swift; sourceTree = "<group>"; };
		179FDFDE2168118C003131C5 /* SectionTwoSavingsOverviewCell.swift */ = {isa = PBXFileReference; lastKnownFileType = sourcecode.swift; path = SectionTwoSavingsOverviewCell.swift; sourceTree = "<group>"; };
		179FDFDF2168118C003131C5 /* SectionTwoSavingsOverviewCell.xib */ = {isa = PBXFileReference; lastKnownFileType = file.xib; path = SectionTwoSavingsOverviewCell.xib; sourceTree = "<group>"; };
		179FDFE421681AFE003131C5 /* SectionTwoSavingsGoalCell.swift */ = {isa = PBXFileReference; lastKnownFileType = sourcecode.swift; path = SectionTwoSavingsGoalCell.swift; sourceTree = "<group>"; };
		179FDFE521681AFE003131C5 /* SectionTwoSavingsGoalCell.xib */ = {isa = PBXFileReference; lastKnownFileType = file.xib; path = SectionTwoSavingsGoalCell.xib; sourceTree = "<group>"; };
		179FDFE921693389003131C5 /* SectionThreeCarouselCell.swift */ = {isa = PBXFileReference; lastKnownFileType = sourcecode.swift; path = SectionThreeCarouselCell.swift; sourceTree = "<group>"; };
		179FDFED216935D1003131C5 /* SectionThreeCravingsChartCell.swift */ = {isa = PBXFileReference; lastKnownFileType = sourcecode.swift; path = SectionThreeCravingsChartCell.swift; sourceTree = "<group>"; };
		179FDFEE216935D1003131C5 /* SectionThreeCravingsChartCell.xib */ = {isa = PBXFileReference; lastKnownFileType = file.xib; path = SectionThreeCravingsChartCell.xib; sourceTree = "<group>"; };
		179FDFF3216D3D5A003131C5 /* SectionThreeTriggerChartCell.swift */ = {isa = PBXFileReference; lastKnownFileType = sourcecode.swift; path = SectionThreeTriggerChartCell.swift; sourceTree = "<group>"; };
		179FDFF4216D3D5A003131C5 /* SectionThreeTriggerChartCell.xib */ = {isa = PBXFileReference; lastKnownFileType = file.xib; path = SectionThreeTriggerChartCell.xib; sourceTree = "<group>"; };
		17A8B4BE237E180200AD297B /* QuitCelebrationBaseViewController.swift */ = {isa = PBXFileReference; lastKnownFileType = sourcecode.swift; path = QuitCelebrationBaseViewController.swift; sourceTree = SOURCE_ROOT; };
		17BA708E2175143A00ACA5F6 /* SectionFourCarouselCell.swift */ = {isa = PBXFileReference; lastKnownFileType = sourcecode.swift; path = SectionFourCarouselCell.swift; sourceTree = "<group>"; };
		17BA7092217515E800ACA5F6 /* SectionFourHealthCell.swift */ = {isa = PBXFileReference; lastKnownFileType = sourcecode.swift; path = SectionFourHealthCell.swift; sourceTree = "<group>"; };
		17BA7093217515E900ACA5F6 /* SectionFourHealthCell.xib */ = {isa = PBXFileReference; lastKnownFileType = file.xib; path = SectionFourHealthCell.xib; sourceTree = "<group>"; };
		17BD352622989DFB004E766B /* ViewPendingNotificationsViewController.swift */ = {isa = PBXFileReference; lastKnownFileType = sourcecode.swift; path = ViewPendingNotificationsViewController.swift; sourceTree = "<group>"; };
		17BD352922989ED7004E766B /* ViewNotificationCell.swift */ = {isa = PBXFileReference; lastKnownFileType = sourcecode.swift; path = ViewNotificationCell.swift; sourceTree = "<group>"; };
		17BD352B2298ABCE004E766B /* AddNotificationViewController.swift */ = {isa = PBXFileReference; lastKnownFileType = sourcecode.swift; path = AddNotificationViewController.swift; sourceTree = "<group>"; };
		17C14E7E25278D3B001564B0 /* QBatteryView.swift */ = {isa = PBXFileReference; lastKnownFileType = sourcecode.swift; path = QBatteryView.swift; sourceTree = "<group>"; };
		17C14F1025279CF5001564B0 /* QEntryDecisionView.swift */ = {isa = PBXFileReference; lastKnownFileType = sourcecode.swift; path = QEntryDecisionView.swift; sourceTree = "<group>"; };
		17C14F2325279D81001564B0 /* QUnregisteredUserView.swift */ = {isa = PBXFileReference; lastKnownFileType = sourcecode.swift; path = QUnregisteredUserView.swift; sourceTree = "<group>"; };
		17C14F3125279F1D001564B0 /* QSetupProfileView.swift */ = {isa = PBXFileReference; lastKnownFileType = sourcecode.swift; path = QSetupProfileView.swift; sourceTree = "<group>"; };
		17F021FF2031EA83005EF65C /* SettingsVC.swift */ = {isa = PBXFileReference; lastKnownFileType = sourcecode.swift; path = SettingsVC.swift; sourceTree = "<group>"; };
		17F1B61C21D5B1DF0021722D /* DoubleExtensions.swift */ = {isa = PBXFileReference; lastKnownFileType = sourcecode.swift; path = DoubleExtensions.swift; sourceTree = "<group>"; };
		17F3BA4F237627CE00B01083 /* QuitInfoCostCell.swift */ = {isa = PBXFileReference; lastKnownFileType = sourcecode.swift; path = QuitInfoCostCell.swift; sourceTree = "<group>"; };
		17F3BA512376281900B01083 /* QuitInfoDateCell.swift */ = {isa = PBXFileReference; lastKnownFileType = sourcecode.swift; path = QuitInfoDateCell.swift; sourceTree = "<group>"; };
		17F3BA5323762EA900B01083 /* QuitBaseCellProtocol.swift */ = {isa = PBXFileReference; lastKnownFileType = sourcecode.swift; path = QuitBaseCellProtocol.swift; sourceTree = "<group>"; };
		17F4E6F220C1473800B9A21B /* QuitInfoVCViewModel.swift */ = {isa = PBXFileReference; lastKnownFileType = sourcecode.swift; path = QuitInfoVCViewModel.swift; sourceTree = "<group>"; };
		17F4E6F420C14AC600B9A21B /* RoundButton.swift */ = {isa = PBXFileReference; lastKnownFileType = sourcecode.swift; path = RoundButton.swift; sourceTree = "<group>"; };
		17F8FF82219A08E70095CD6E /* NotificationCenter.framework */ = {isa = PBXFileReference; lastKnownFileType = wrapper.framework; name = NotificationCenter.framework; path = System/Library/Frameworks/NotificationCenter.framework; sourceTree = SDKROOT; };
		17F8FF94219A0CF10095CD6E /* Quit.entitlements */ = {isa = PBXFileReference; lastKnownFileType = text.plist.entitlements; path = Quit.entitlements; sourceTree = "<group>"; };
/* End PBXFileReference section */

/* Begin PBXFrameworksBuildPhase section */
		170006832035D0DC0056F25C /* Frameworks */ = {
			isa = PBXFrameworksBuildPhase;
			buildActionMask = 2147483647;
			files = (
			);
			runOnlyForDeploymentPostprocessing = 0;
		};
		177F03DE2025220000CC7CA8 /* Frameworks */ = {
			isa = PBXFrameworksBuildPhase;
			buildActionMask = 2147483647;
			files = (
				175871DD22DA107F00DB9E75 /* StoreKit.framework in Frameworks */,
			);
			runOnlyForDeploymentPostprocessing = 0;
		};
		1790149322A703A500C7D734 /* Frameworks */ = {
			isa = PBXFrameworksBuildPhase;
			buildActionMask = 2147483647;
			files = (
			);
			runOnlyForDeploymentPostprocessing = 0;
		};
/* End PBXFrameworksBuildPhase section */

/* Begin PBXGroup section */
		170006872035D0DC0056F25C /* QuitTests */ = {
			isa = PBXGroup;
			children = (
				1700068A2035D0DC0056F25C /* Info.plist */,
			);
			path = QuitTests;
			sourceTree = "<group>";
		};
		17012659227F2CB600E416F6 /* Info Controllers */ = {
			isa = PBXGroup;
			children = (
				17BD352822989E07004E766B /* Cravings */,
				17BD352522989DB9004E766B /* Notifications */,
			);
			path = "Info Controllers";
			sourceTree = "<group>";
		};
		171EAFEC21D409230088C90C /* Section Five */ = {
			isa = PBXGroup;
			children = (
				178500EA2368E1BA00C64DCF /* SectionFiveCarouselCell.xib */,
				171EAFED21D409A60088C90C /* SectionFiveCarouselCell.swift */,
				1791FDDB21D4135A00EDF452 /* SectionFiveReasonsToSmokeCell.swift */,
				1791FDDC21D4135A00EDF452 /* SectionFiveReasonsToSmokeCell.xib */,
				170B0A92229486C800217358 /* SectionFiveNotificationsCell.swift */,
				170B0A93229486C800217358 /* SectionFiveNotificationsCell.xib */,
			);
			path = "Section Five";
			sourceTree = "<group>";
		};
		1732B38225277FE100C469C1 /* QuitUI */ = {
			isa = PBXGroup;
			children = (
				1732B38B25277FF700C469C1 /* QuitApp.swift */,
				1732B3B6252784FB00C469C1 /* View */,
				1732B3AB252782D100C469C1 /* Model */,
			);
			path = QuitUI;
			sourceTree = "<group>";
		};
		1732B3AB252782D100C469C1 /* Model */ = {
			isa = PBXGroup;
			children = (
				17C14F3B2527A5DE001564B0 /* Core Data */,
				1732B3AC252782FB00C469C1 /* QGuages.swift */,
				17440DD72527B1C6000E4703 /* QHealth.swift */,
			);
			path = Model;
			sourceTree = "<group>";
		};
		1732B3B6252784FB00C469C1 /* View */ = {
			isa = PBXGroup;
			children = (
				17C14F1025279CF5001564B0 /* QEntryDecisionView.swift */,
				17C14F2225279D6D001564B0 /* Profile */,
				1732B3B72527850200C469C1 /* Home */,
				1752B7E62527A8B900064384 /* Guage Information */,
				17440DDF2527D419000E4703 /* Element Views */,
			);
			path = View;
			sourceTree = "<group>";
		};
		1732B3B72527850200C469C1 /* Home */ = {
			isa = PBXGroup;
			children = (
				1732B3912527802F00C469C1 /* QHomeView.swift */,
				1732B3B82527851E00C469C1 /* QHeadlineGuageListView.swift */,
				1732B3C22527858300C469C1 /* QHeadlineGuageListItemView.swift */,
				17440DE92527E4E7000E4703 /* QEditQuitDateView.swift */,
				17440DF92527EB5D000E4703 /* QCravingChartView.swift */,
			);
			path = Home;
			sourceTree = "<group>";
		};
		17440DDF2527D419000E4703 /* Element Views */ = {
			isa = PBXGroup;
			children = (
				17440E06252A6164000E4703 /* QLineGraph.swift */,
				17C14E8C2527950A001564B0 /* Guages */,
			);
			path = "Element Views";
			sourceTree = "<group>";
		};
		1752B7E62527A8B900064384 /* Guage Information */ = {
			isa = PBXGroup;
			children = (
				1752B7E72527A8E000064384 /* QGuageInformationView.swift */,
			);
			path = "Guage Information";
			sourceTree = "<group>";
		};
		175D41EB21D3E06C00FB7588 /* Extensions */ = {
			isa = PBXGroup;
			children = (
				175D41EC21D3E0A500FB7588 /* DateExtensions.swift */,
				175D41EE21D3E23300FB7588 /* TextField.swift */,
				175D41F821D3E3AC00FB7588 /* QuitFormatters.swift */,
				17F1B61C21D5B1DF0021722D /* DoubleExtensions.swift */,
				1739ECAD22C2A7E2005ED03E /* ViewControllerExtension.swift */,
				178500EC2368E74E00C64DCF /* UIColorExtensions.swift */,
				178E014B2377876600C800C0 /* UIDeviceExtensions.swift */,
			);
			path = Extensions;
			sourceTree = "<group>";
		};
		1769EF8A23527E3100AAAFE5 /* Quit Info */ = {
			isa = PBXGroup;
			children = (
				1769EF8B23527E7300AAAFE5 /* QuitInfoViewController.swift */,
				17F3BA4E237627A200B01083 /* Cells */,
			);
			path = "Quit Info";
			sourceTree = "<group>";
		};
		177AAA51237E0D9F00E6CEF4 /* Savings */ = {
			isa = PBXGroup;
			children = (
				1737C9DF2029FEE800AA8CE5 /* SavingGoalVC.swift */,
			);
			path = Savings;
			sourceTree = "<group>";
		};
		177D8D932379F28B00ACAFE5 /* Add craving */ = {
			isa = PBXGroup;
			children = (
				1714FC9B219E306000CFB203 /* AddCravingViewController.swift */,
				1767D300219C417F007E4DE9 /* SmokedVC.swift */,
			);
			path = "Add craving";
			sourceTree = "<group>";
		};
		177F03D82025220000CC7CA8 = {
			isa = PBXGroup;
			children = (
				177F03E32025220000CC7CA8 /* Quit */,
				170006872035D0DC0056F25C /* QuitTests */,
				179014A222A7040100C7D734 /* Siri Intents */,
				1790149722A703A500C7D734 /* AddCravingIntent */,
				177F03E22025220000CC7CA8 /* Products */,
				F794A69D49B54B9AB70B83F4 /* Frameworks */,
			);
			sourceTree = "<group>";
		};
		177F03E22025220000CC7CA8 /* Products */ = {
			isa = PBXGroup;
			children = (
				177F03E12025220000CC7CA8 /* Quit.app */,
				170006862035D0DC0056F25C /* QuitTests.xctest */,
				1790149622A703A500C7D734 /* AddCravingIntent.appex */,
			);
			name = Products;
			sourceTree = "<group>";
		};
		177F03E32025220000CC7CA8 /* Quit */ = {
			isa = PBXGroup;
			children = (
				1732B38225277FE100C469C1 /* QuitUI */,
				177F04222028A70600CC7CA8 /* Utilities */,
				177F04212028A6F000CC7CA8 /* Controller */,
				177F041E2028A6CF00CC7CA8 /* Model */,
				17F4E6F120C146B200B9A21B /* View */,
				17C8AB50206971310078680A /* ViewModel */,
				177F03E42025220000CC7CA8 /* AppDelegate.swift */,
				177F03EE2025220900CC7CA8 /* Assets.xcassets */,
				1790143022A6F48200C7D734 /* Colours.xcassets */,
				17F8FF94219A0CF10095CD6E /* Quit.entitlements */,
				177F03F32025220900CC7CA8 /* Info.plist */,
			);
			path = Quit;
			sourceTree = "<group>";
		};
		177F041E2028A6CF00CC7CA8 /* Model */ = {
			isa = PBXGroup;
			children = (
				171EAFF121D40D200088C90C /* AdditionalUserData.swift */,
				178E014923777E2400C800C0 /* QuitHealthStats.swift */,
				172A93EB237892A60069CE93 /* QuitAchievements.swift */,
			);
			path = Model;
			sourceTree = "<group>";
		};
		177F04212028A6F000CC7CA8 /* Controller */ = {
			isa = PBXGroup;
			children = (
				1752F0B021BF12E30056642F /* ViewControllerConstructor.swift */,
				17156BE222596B42005EEE69 /* QuitBaseViewController.swift */,
				17A8B4BE237E180200AD297B /* QuitCelebrationBaseViewController.swift */,
				179FDFC2216403F3003131C5 /* Home */,
				1769EF8A23527E3100AAAFE5 /* Quit Info */,
				178B32F42378912F007034C2 /* Achievements */,
				177D8D932379F28B00ACAFE5 /* Add craving */,
				1798163623889F6800623DE0 /* Health */,
				177AAA51237E0D9F00E6CEF4 /* Savings */,
				17012659227F2CB600E416F6 /* Info Controllers */,
				17F021FF2031EA83005EF65C /* SettingsVC.swift */,
				1791FDE521D55A5A00EDF452 /* EditArrayVC.swift */,
			);
			path = Controller;
			sourceTree = "<group>";
		};
		177F04222028A70600CC7CA8 /* Utilities */ = {
			isa = PBXGroup;
			children = (
				1788CBB52037853D00064A86 /* PersistenceManager.swift */,
				1788CBCB2039B3E000064A86 /* Constants.swift */,
				175D41F621D3E36600FB7588 /* ChartFormatter.swift */,
				17F3BA5523762EB800B01083 /* Protocols */,
				175D41EB21D3E06C00FB7588 /* Extensions */,
			);
			path = Utilities;
			sourceTree = "<group>";
		};
		178B32F42378912F007034C2 /* Achievements */ = {
			isa = PBXGroup;
			children = (
				1752F0AE21BF11AE0056642F /* AchievementsViewController.swift */,
				1752F0B221C0414E0056642F /* AchievementCell.swift */,
			);
			path = Achievements;
			sourceTree = "<group>";
		};
		1790149722A703A500C7D734 /* AddCravingIntent */ = {
			isa = PBXGroup;
			children = (
				179014A122A703C000C7D734 /* AddCravingIntent.entitlements */,
				179014A622A70C2900C7D734 /* AddCravingIntentHandler.swift */,
				1790149822A703A500C7D734 /* IntentHandler.swift */,
				1790149A22A703A500C7D734 /* Info.plist */,
			);
			path = AddCravingIntent;
			sourceTree = "<group>";
		};
		179014A222A7040100C7D734 /* Siri Intents */ = {
			isa = PBXGroup;
			children = (
				179014A322A7042400C7D734 /* AddCravingIntent.intentdefinition */,
			);
			path = "Siri Intents";
			sourceTree = "<group>";
		};
		1798163623889F6800623DE0 /* Health */ = {
			isa = PBXGroup;
			children = (
				1798163723889F8E00623DE0 /* QuitHealthSummaryViewController.swift */,
			);
			path = Health;
			sourceTree = "<group>";
		};
		179FDFC2216403F3003131C5 /* Home */ = {
			isa = PBXGroup;
			children = (
				179FDFCD216406B3003131C5 /* HomeViewController.swift */,
				179FDFC32164040A003131C5 /* Cells */,
			);
			path = Home;
			sourceTree = "<group>";
		};
		179FDFC32164040A003131C5 /* Cells */ = {
			isa = PBXGroup;
			children = (
				178E014F237889FE00C800C0 /* QuitBaseCarouselCollectionViewCell.swift */,
				179FDFC821640494003131C5 /* Section One */,
				179FDFD92166C3A4003131C5 /* Section Two */,
				179FDFE82169332C003131C5 /* Section Three */,
				17BA708D217513FE00ACA5F6 /* Section Four */,
				171EAFEC21D409230088C90C /* Section Five */,
			);
			path = Cells;
			sourceTree = "<group>";
		};
		179FDFC821640494003131C5 /* Section One */ = {
			isa = PBXGroup;
			children = (
				178500E22368DF5600C64DCF /* SectionOneCarouselCell.xib */,
				179FDFC621640479003131C5 /* SectionOneCarouselCell.swift */,
				179FDFC92164052D003131C5 /* SectionOneCravingDataCell.swift */,
				179FDFD72166A3E4003131C5 /* SectionOneCravingDataCellViewModel.swift */,
				179FDFCB21640536003131C5 /* SectionOneCravingDataCell.xib */,
				179FDFCF216419CC003131C5 /* SectionOneVapingDataCell.swift */,
				179FDFD0216419CC003131C5 /* SectionOneVapingDataCell.xib */,
			);
			path = "Section One";
			sourceTree = "<group>";
		};
		179FDFD92166C3A4003131C5 /* Section Two */ = {
			isa = PBXGroup;
			children = (
				178500E42368E04F00C64DCF /* SectionTwoCarouselCell.xib */,
				179FDFDA2166C3FA003131C5 /* SectionTwoCarouselCell.swift */,
				179FDFDE2168118C003131C5 /* SectionTwoSavingsOverviewCell.swift */,
				179FDFDF2168118C003131C5 /* SectionTwoSavingsOverviewCell.xib */,
				179FDFE421681AFE003131C5 /* SectionTwoSavingsGoalCell.swift */,
				179FDFE521681AFE003131C5 /* SectionTwoSavingsGoalCell.xib */,
			);
			path = "Section Two";
			sourceTree = "<group>";
		};
		179FDFE82169332C003131C5 /* Section Three */ = {
			isa = PBXGroup;
			children = (
				179FDFE921693389003131C5 /* SectionThreeCarouselCell.swift */,
				178500E62368E10C00C64DCF /* SectionThreeCarouselCell.xib */,
				179FDFED216935D1003131C5 /* SectionThreeCravingsChartCell.swift */,
				179FDFEE216935D1003131C5 /* SectionThreeCravingsChartCell.xib */,
				179FDFF3216D3D5A003131C5 /* SectionThreeTriggerChartCell.swift */,
				179FDFF4216D3D5A003131C5 /* SectionThreeTriggerChartCell.xib */,
			);
			path = "Section Three";
			sourceTree = "<group>";
		};
		17BA708D217513FE00ACA5F6 /* Section Four */ = {
			isa = PBXGroup;
			children = (
				178500E82368E16800C64DCF /* SectionFourCarouselCell.xib */,
				17BA708E2175143A00ACA5F6 /* SectionFourCarouselCell.swift */,
				17BA7092217515E800ACA5F6 /* SectionFourHealthCell.swift */,
				17BA7093217515E900ACA5F6 /* SectionFourHealthCell.xib */,
			);
			path = "Section Four";
			sourceTree = "<group>";
		};
		17BD352522989DB9004E766B /* Notifications */ = {
			isa = PBXGroup;
			children = (
				17BD352B2298ABCE004E766B /* AddNotificationViewController.swift */,
				17BD352622989DFB004E766B /* ViewPendingNotificationsViewController.swift */,
				17BD352922989ED7004E766B /* ViewNotificationCell.swift */,
			);
			path = Notifications;
			sourceTree = "<group>";
		};
		17BD352822989E07004E766B /* Cravings */ = {
			isa = PBXGroup;
			children = (
				1701265A227F9BB100E416F6 /* CravingsViewController.swift */,
				1701265C227F9D2100E416F6 /* CravingsCell.swift */,
			);
			path = Cravings;
			sourceTree = "<group>";
		};
		17C14E8C2527950A001564B0 /* Guages */ = {
			isa = PBXGroup;
			children = (
				17C14E7E25278D3B001564B0 /* QBatteryView.swift */,
				17440DE22527D6B7000E4703 /* QClockView.swift */,
				17440DFF252A3773000E4703 /* QBankNoteView.swift */,
			);
			path = Guages;
			sourceTree = "<group>";
		};
		17C14F2225279D6D001564B0 /* Profile */ = {
			isa = PBXGroup;
			children = (
				17C14F2325279D81001564B0 /* QUnregisteredUserView.swift */,
				17C14F3125279F1D001564B0 /* QSetupProfileView.swift */,
			);
			path = Profile;
			sourceTree = "<group>";
		};
		17C14F3B2527A5DE001564B0 /* Core Data */ = {
			isa = PBXGroup;
			children = (
				177F03EB2025220000CC7CA8 /* Quit.xcdatamodeld */,
				177F04232029104900CC7CA8 /* Profile.swift */,
			);
			path = "Core Data";
			sourceTree = "<group>";
		};
		17C8AB50206971310078680A /* ViewModel */ = {
			isa = PBXGroup;
			children = (
				179FDFD52166A2BF003131C5 /* HomeViewModel.swift */,
				17F4E6F220C1473800B9A21B /* QuitInfoVCViewModel.swift */,
				1714FC9D219E359A00CFB203 /* AddCravingViewModel.swift */,
			);
			path = ViewModel;
			sourceTree = "<group>";
		};
		17F3BA4E237627A200B01083 /* Cells */ = {
			isa = PBXGroup;
			children = (
				17F3BA4F237627CE00B01083 /* QuitInfoCostCell.swift */,
				17F3BA512376281900B01083 /* QuitInfoDateCell.swift */,
			);
			path = Cells;
			sourceTree = "<group>";
		};
		17F3BA5523762EB800B01083 /* Protocols */ = {
			isa = PBXGroup;
			children = (
				17F3BA5323762EA900B01083 /* QuitBaseCellProtocol.swift */,
			);
			path = Protocols;
			sourceTree = "<group>";
		};
		17F4E6F120C146B200B9A21B /* View */ = {
			isa = PBXGroup;
			children = (
				17F4E6F420C14AC600B9A21B /* RoundButton.swift */,
				179FDFD321641B0D003131C5 /* RoundedView.swift */,
				178500EE2368F43700C64DCF /* QuitLabel.swift */,
			);
			path = View;
			sourceTree = "<group>";
		};
		F794A69D49B54B9AB70B83F4 /* Frameworks */ = {
			isa = PBXGroup;
			children = (
				175871DC22DA107F00DB9E75 /* StoreKit.framework */,
				17F8FF82219A08E70095CD6E /* NotificationCenter.framework */,
				1714FC86219E06C000CFB203 /* UserNotifications.framework */,
				1714FC88219E06C000CFB203 /* UserNotificationsUI.framework */,
			);
			name = Frameworks;
			sourceTree = "<group>";
		};
/* End PBXGroup section */

/* Begin PBXNativeTarget section */
		170006852035D0DC0056F25C /* QuitTests */ = {
			isa = PBXNativeTarget;
			buildConfigurationList = 170006902035D0DC0056F25C /* Build configuration list for PBXNativeTarget "QuitTests" */;
			buildPhases = (
				170006822035D0DC0056F25C /* Sources */,
				170006832035D0DC0056F25C /* Frameworks */,
				170006842035D0DC0056F25C /* Resources */,
			);
			buildRules = (
			);
			dependencies = (
				1700068C2035D0DC0056F25C /* PBXTargetDependency */,
			);
			name = QuitTests;
			productName = QuitTests;
			productReference = 170006862035D0DC0056F25C /* QuitTests.xctest */;
			productType = "com.apple.product-type.bundle.unit-test";
		};
		177F03E02025220000CC7CA8 /* Quit */ = {
			isa = PBXNativeTarget;
			buildConfigurationList = 177F03F62025220900CC7CA8 /* Build configuration list for PBXNativeTarget "Quit" */;
			buildPhases = (
				177F03DD2025220000CC7CA8 /* Sources */,
				177F03DE2025220000CC7CA8 /* Frameworks */,
				177F03DF2025220000CC7CA8 /* Resources */,
				177F04062027716900CC7CA8 /* Embed Frameworks */,
				17F8FF91219A08E70095CD6E /* Embed App Extensions */,
			);
			buildRules = (
			);
			dependencies = (
				1790149C22A703A500C7D734 /* PBXTargetDependency */,
			);
			name = Quit;
			packageProductDependencies = (
			);
			productName = Quit;
			productReference = 177F03E12025220000CC7CA8 /* Quit.app */;
			productType = "com.apple.product-type.application";
		};
		1790149522A703A500C7D734 /* AddCravingIntent */ = {
			isa = PBXNativeTarget;
			buildConfigurationList = 1790149E22A703A500C7D734 /* Build configuration list for PBXNativeTarget "AddCravingIntent" */;
			buildPhases = (
				1790149222A703A500C7D734 /* Sources */,
				1790149322A703A500C7D734 /* Frameworks */,
				1790149422A703A500C7D734 /* Resources */,
			);
			buildRules = (
			);
			dependencies = (
			);
			name = AddCravingIntent;
			productName = AddCravingIntent;
			productReference = 1790149622A703A500C7D734 /* AddCravingIntent.appex */;
			productType = "com.apple.product-type.app-extension";
		};
/* End PBXNativeTarget section */

/* Begin PBXProject section */
		177F03D92025220000CC7CA8 /* Project object */ = {
			isa = PBXProject;
			attributes = {
				LastSwiftUpdateCheck = 1100;
				LastUpgradeCheck = 1200;
				ORGANIZATIONNAME = "Alex Tudge";
				TargetAttributes = {
					170006852035D0DC0056F25C = {
						CreatedOnToolsVersion = 9.0;
						ProvisioningStyle = Automatic;
						TestTargetID = 177F03E02025220000CC7CA8;
					};
					177F03E02025220000CC7CA8 = {
						CreatedOnToolsVersion = 9.3;
						LastSwiftMigration = 1020;
						SystemCapabilities = {
							com.apple.ApplicationGroups.iOS = {
								enabled = 1;
							};
							com.apple.Siri = {
								enabled = 1;
							};
						};
					};
					1790149522A703A500C7D734 = {
						CreatedOnToolsVersion = 10.2.1;
						ProvisioningStyle = Automatic;
						SystemCapabilities = {
							com.apple.ApplicationGroups.iOS = {
								enabled = 1;
							};
						};
					};
				};
			};
			buildConfigurationList = 177F03DC2025220000CC7CA8 /* Build configuration list for PBXProject "Quit" */;
			compatibilityVersion = "Xcode 8.0";
			developmentRegion = en;
			hasScannedForEncodings = 0;
			knownRegions = (
				en,
				Base,
			);
			mainGroup = 177F03D82025220000CC7CA8;
			packageReferences = (
			);
			productRefGroup = 177F03E22025220000CC7CA8 /* Products */;
			projectDirPath = "";
			projectRoot = "";
			targets = (
				177F03E02025220000CC7CA8 /* Quit */,
				170006852035D0DC0056F25C /* QuitTests */,
				1790149522A703A500C7D734 /* AddCravingIntent */,
			);
		};
/* End PBXProject section */

/* Begin PBXResourcesBuildPhase section */
		170006842035D0DC0056F25C /* Resources */ = {
			isa = PBXResourcesBuildPhase;
			buildActionMask = 2147483647;
			files = (
			);
			runOnlyForDeploymentPostprocessing = 0;
		};
		177F03DF2025220000CC7CA8 /* Resources */ = {
			isa = PBXResourcesBuildPhase;
			buildActionMask = 2147483647;
			files = (
				179FDFF6216D3D5A003131C5 /* SectionThreeTriggerChartCell.xib in Resources */,
				179FDFE721681AFE003131C5 /* SectionTwoSavingsGoalCell.xib in Resources */,
				179FDFE12168118C003131C5 /* SectionTwoSavingsOverviewCell.xib in Resources */,
				179FDFCC21640536003131C5 /* SectionOneCravingDataCell.xib in Resources */,
				179FDFD2216419CC003131C5 /* SectionOneVapingDataCell.xib in Resources */,
				170B0A95229486C800217358 /* SectionFiveNotificationsCell.xib in Resources */,
				17BA7095217515E900ACA5F6 /* SectionFourHealthCell.xib in Resources */,
				1791FDDE21D4135A00EDF452 /* SectionFiveReasonsToSmokeCell.xib in Resources */,
				178500E32368DF5600C64DCF /* SectionOneCarouselCell.xib in Resources */,
				178500E52368E04F00C64DCF /* SectionTwoCarouselCell.xib in Resources */,
				178500E92368E16800C64DCF /* SectionFourCarouselCell.xib in Resources */,
				1790143122A6F48200C7D734 /* Colours.xcassets in Resources */,
				179FDFF0216935D1003131C5 /* SectionThreeCravingsChartCell.xib in Resources */,
				178500E72368E10C00C64DCF /* SectionThreeCarouselCell.xib in Resources */,
				178500EB2368E1BA00C64DCF /* SectionFiveCarouselCell.xib in Resources */,
				177F03EF2025220900CC7CA8 /* Assets.xcassets in Resources */,
			);
			runOnlyForDeploymentPostprocessing = 0;
		};
		1790149422A703A500C7D734 /* Resources */ = {
			isa = PBXResourcesBuildPhase;
			buildActionMask = 2147483647;
			files = (
			);
			runOnlyForDeploymentPostprocessing = 0;
		};
/* End PBXResourcesBuildPhase section */

/* Begin PBXSourcesBuildPhase section */
		170006822035D0DC0056F25C /* Sources */ = {
			isa = PBXSourcesBuildPhase;
			buildActionMask = 2147483647;
			files = (
			);
			runOnlyForDeploymentPostprocessing = 0;
		};
		177F03DD2025220000CC7CA8 /* Sources */ = {
			isa = PBXSourcesBuildPhase;
			buildActionMask = 2147483647;
			files = (
				17440DFA2527EB5D000E4703 /* QCravingChartView.swift in Sources */,
				1769EF8C23527E7300AAAFE5 /* QuitInfoViewController.swift in Sources */,
				178E014C2377876600C800C0 /* UIDeviceExtensions.swift in Sources */,
				1791FDE621D55A5A00EDF452 /* EditArrayVC.swift in Sources */,
				17F4E6F320C1473800B9A21B /* QuitInfoVCViewModel.swift in Sources */,
				17BD352722989DFB004E766B /* ViewPendingNotificationsViewController.swift in Sources */,
				179FDFCE216406B3003131C5 /* HomeViewController.swift in Sources */,
				179FDFEA21693389003131C5 /* SectionThreeCarouselCell.swift in Sources */,
				1752F0AF21BF11AF0056642F /* AchievementsViewController.swift in Sources */,
				175D41ED21D3E0A500FB7588 /* DateExtensions.swift in Sources */,
				1739ECAE22C2A7E2005ED03E /* ViewControllerExtension.swift in Sources */,
				1714FC9C219E306000CFB203 /* AddCravingViewController.swift in Sources */,
				179FDFCA2164052D003131C5 /* SectionOneCravingDataCell.swift in Sources */,
				1788CBB62037853D00064A86 /* PersistenceManager.swift in Sources */,
				1732B38C25277FF700C469C1 /* QuitApp.swift in Sources */,
				17BD352A22989ED7004E766B /* ViewNotificationCell.swift in Sources */,
				1752F0B321C0414E0056642F /* AchievementCell.swift in Sources */,
				179FDFE02168118C003131C5 /* SectionTwoSavingsOverviewCell.swift in Sources */,
				17C14F1125279CF5001564B0 /* QEntryDecisionView.swift in Sources */,
				17F3BA50237627CE00B01083 /* QuitInfoCostCell.swift in Sources */,
				17440E07252A6164000E4703 /* QLineGraph.swift in Sources */,
				1737C9E02029FEE800AA8CE5 /* SavingGoalVC.swift in Sources */,
				171EAFF221D40D200088C90C /* AdditionalUserData.swift in Sources */,
				1752F0B121BF12E30056642F /* ViewControllerConstructor.swift in Sources */,
				1732B3AD252782FB00C469C1 /* QGuages.swift in Sources */,
				17BD352C2298ABCE004E766B /* AddNotificationViewController.swift in Sources */,
				17440DEA2527E4E7000E4703 /* QEditQuitDateView.swift in Sources */,
				17F3BA522376281900B01083 /* QuitInfoDateCell.swift in Sources */,
				17BA7094217515E900ACA5F6 /* SectionFourHealthCell.swift in Sources */,
				17156BE322596B42005EEE69 /* QuitBaseViewController.swift in Sources */,
				1767D301219C417F007E4DE9 /* SmokedVC.swift in Sources */,
				175D41F921D3E3AC00FB7588 /* QuitFormatters.swift in Sources */,
				179FDFF5216D3D5A003131C5 /* SectionThreeTriggerChartCell.swift in Sources */,
				1732B3B92527851E00C469C1 /* QHeadlineGuageListView.swift in Sources */,
				179FDFD421641B0D003131C5 /* RoundedView.swift in Sources */,
				17C14F2425279D81001564B0 /* QUnregisteredUserView.swift in Sources */,
				17440E00252A3773000E4703 /* QBankNoteView.swift in Sources */,
				178500ED2368E74E00C64DCF /* UIColorExtensions.swift in Sources */,
				17F3BA5423762EA900B01083 /* QuitBaseCellProtocol.swift in Sources */,
				178500EF2368F43700C64DCF /* QuitLabel.swift in Sources */,
				17F4E6F520C14AC600B9A21B /* RoundButton.swift in Sources */,
				178E014A23777E2400C800C0 /* QuitHealthStats.swift in Sources */,
				179FDFD1216419CC003131C5 /* SectionOneVapingDataCell.swift in Sources */,
				1752B7E82527A8E000064384 /* QGuageInformationView.swift in Sources */,
				179FDFEF216935D1003131C5 /* SectionThreeCravingsChartCell.swift in Sources */,
				17A8B4BF237E180200AD297B /* QuitCelebrationBaseViewController.swift in Sources */,
				1788CBCC2039B3E000064A86 /* Constants.swift in Sources */,
				179FDFDC2166C3FA003131C5 /* SectionTwoCarouselCell.swift in Sources */,
				1732B3922527802F00C469C1 /* QHomeView.swift in Sources */,
				1798163823889F8E00623DE0 /* QuitHealthSummaryViewController.swift in Sources */,
				17C14F3225279F1D001564B0 /* QSetupProfileView.swift in Sources */,
				177F03ED2025220000CC7CA8 /* Quit.xcdatamodeld in Sources */,
				175D41EF21D3E23300FB7588 /* TextField.swift in Sources */,
				179FDFD82166A3E4003131C5 /* SectionOneCravingDataCellViewModel.swift in Sources */,
				177F03E52025220000CC7CA8 /* AppDelegate.swift in Sources */,
				1701265B227F9BB100E416F6 /* CravingsViewController.swift in Sources */,
				1701265D227F9D2100E416F6 /* CravingsCell.swift in Sources */,
				1714FC9E219E359A00CFB203 /* AddCravingViewModel.swift in Sources */,
				170B0A94229486C800217358 /* SectionFiveNotificationsCell.swift in Sources */,
				177F04242029104900CC7CA8 /* Profile.swift in Sources */,
				179FDFC721640479003131C5 /* SectionOneCarouselCell.swift in Sources */,
				178E0150237889FE00C800C0 /* QuitBaseCarouselCollectionViewCell.swift in Sources */,
				179FDFD62166A2BF003131C5 /* HomeViewModel.swift in Sources */,
				17440DD82527B1C6000E4703 /* QHealth.swift in Sources */,
				17F1B61D21D5B1DF0021722D /* DoubleExtensions.swift in Sources */,
				1791FDDD21D4135A00EDF452 /* SectionFiveReasonsToSmokeCell.swift in Sources */,
				179FDFE621681AFE003131C5 /* SectionTwoSavingsGoalCell.swift in Sources */,
				17C14E7F25278D3B001564B0 /* QBatteryView.swift in Sources */,
				17440DE32527D6B7000E4703 /* QClockView.swift in Sources */,
				175D41F721D3E36600FB7588 /* ChartFormatter.swift in Sources */,
				172A93EC237892A60069CE93 /* QuitAchievements.swift in Sources */,
				171EAFEF21D409A60088C90C /* SectionFiveCarouselCell.swift in Sources */,
				17BA70902175143A00ACA5F6 /* SectionFourCarouselCell.swift in Sources */,
				179014A422A7042400C7D734 /* AddCravingIntent.intentdefinition in Sources */,
				17F022002031EA83005EF65C /* SettingsVC.swift in Sources */,
				1732B3C32527858300C469C1 /* QHeadlineGuageListItemView.swift in Sources */,
			);
			runOnlyForDeploymentPostprocessing = 0;
		};
		1790149222A703A500C7D734 /* Sources */ = {
			isa = PBXSourcesBuildPhase;
			buildActionMask = 2147483647;
			files = (
				179014A722A70C2900C7D734 /* AddCravingIntentHandler.swift in Sources */,
				1790149922A703A500C7D734 /* IntentHandler.swift in Sources */,
				179014A522A7058000C7D734 /* AddCravingIntent.intentdefinition in Sources */,
				179014AB22A70F4600C7D734 /* AdditionalUserData.swift in Sources */,
				179014A822A70D6200C7D734 /* PersistenceManager.swift in Sources */,
				179014A922A70F2400C7D734 /* Quit.xcdatamodeld in Sources */,
				179014AD22A70F5300C7D734 /* Constants.swift in Sources */,
			);
			runOnlyForDeploymentPostprocessing = 0;
		};
/* End PBXSourcesBuildPhase section */

/* Begin PBXTargetDependency section */
		1700068C2035D0DC0056F25C /* PBXTargetDependency */ = {
			isa = PBXTargetDependency;
			target = 177F03E02025220000CC7CA8 /* Quit */;
			targetProxy = 1700068B2035D0DC0056F25C /* PBXContainerItemProxy */;
		};
		1790149C22A703A500C7D734 /* PBXTargetDependency */ = {
			isa = PBXTargetDependency;
			target = 1790149522A703A500C7D734 /* AddCravingIntent */;
			targetProxy = 1790149B22A703A500C7D734 /* PBXContainerItemProxy */;
		};
/* End PBXTargetDependency section */

/* Begin XCBuildConfiguration section */
		1700068D2035D0DC0056F25C /* Debug */ = {
			isa = XCBuildConfiguration;
			buildSettings = {
				BUNDLE_LOADER = "$(TEST_HOST)";
				CODE_SIGN_STYLE = Automatic;
				DEVELOPMENT_TEAM = L8E3HCRWG9;
				INFOPLIST_FILE = QuitTests/Info.plist;
				IPHONEOS_DEPLOYMENT_TARGET = 12.0;
				LD_RUNPATH_SEARCH_PATHS = (
					"$(inherited)",
					"@executable_path/Frameworks",
					"@loader_path/Frameworks",
				);
				PRODUCT_BUNDLE_IDENTIFIER = com.Alex.QuitTests;
				PRODUCT_NAME = "$(TARGET_NAME)";
				SWIFT_VERSION = 4.0;
				TARGETED_DEVICE_FAMILY = "1,2";
				TEST_HOST = "$(BUILT_PRODUCTS_DIR)/Quit.app/Quit";
			};
			name = Debug;
		};
		1700068E2035D0DC0056F25C /* Release */ = {
			isa = XCBuildConfiguration;
			buildSettings = {
				BUNDLE_LOADER = "$(TEST_HOST)";
				CODE_SIGN_STYLE = Automatic;
				DEVELOPMENT_TEAM = L8E3HCRWG9;
				INFOPLIST_FILE = QuitTests/Info.plist;
				IPHONEOS_DEPLOYMENT_TARGET = 12.0;
				LD_RUNPATH_SEARCH_PATHS = (
					"$(inherited)",
					"@executable_path/Frameworks",
					"@loader_path/Frameworks",
				);
				PRODUCT_BUNDLE_IDENTIFIER = com.Alex.QuitTests;
				PRODUCT_NAME = "$(TARGET_NAME)";
				SWIFT_VERSION = 4.0;
				TARGETED_DEVICE_FAMILY = "1,2";
				TEST_HOST = "$(BUILT_PRODUCTS_DIR)/Quit.app/Quit";
			};
			name = Release;
		};
		177F03F42025220900CC7CA8 /* Debug */ = {
			isa = XCBuildConfiguration;
			buildSettings = {
				ALWAYS_SEARCH_USER_PATHS = NO;
				CLANG_ANALYZER_NONNULL = YES;
				CLANG_ANALYZER_NUMBER_OBJECT_CONVERSION = YES_AGGRESSIVE;
				CLANG_CXX_LANGUAGE_STANDARD = "gnu++14";
				CLANG_CXX_LIBRARY = "libc++";
				CLANG_ENABLE_MODULES = YES;
				CLANG_ENABLE_OBJC_ARC = YES;
				CLANG_ENABLE_OBJC_WEAK = YES;
				CLANG_WARN_BLOCK_CAPTURE_AUTORELEASING = YES;
				CLANG_WARN_BOOL_CONVERSION = YES;
				CLANG_WARN_COMMA = YES;
				CLANG_WARN_CONSTANT_CONVERSION = YES;
				CLANG_WARN_DEPRECATED_OBJC_IMPLEMENTATIONS = YES;
				CLANG_WARN_DIRECT_OBJC_ISA_USAGE = YES_ERROR;
				CLANG_WARN_DOCUMENTATION_COMMENTS = YES;
				CLANG_WARN_EMPTY_BODY = YES;
				CLANG_WARN_ENUM_CONVERSION = YES;
				CLANG_WARN_INFINITE_RECURSION = YES;
				CLANG_WARN_INT_CONVERSION = YES;
				CLANG_WARN_NON_LITERAL_NULL_CONVERSION = YES;
				CLANG_WARN_OBJC_IMPLICIT_RETAIN_SELF = YES;
				CLANG_WARN_OBJC_LITERAL_CONVERSION = YES;
				CLANG_WARN_OBJC_ROOT_CLASS = YES_ERROR;
				CLANG_WARN_QUOTED_INCLUDE_IN_FRAMEWORK_HEADER = YES;
				CLANG_WARN_RANGE_LOOP_ANALYSIS = YES;
				CLANG_WARN_STRICT_PROTOTYPES = YES;
				CLANG_WARN_SUSPICIOUS_MOVE = YES;
				CLANG_WARN_UNGUARDED_AVAILABILITY = YES_AGGRESSIVE;
				CLANG_WARN_UNREACHABLE_CODE = YES;
				CLANG_WARN__DUPLICATE_METHOD_MATCH = YES;
				CODE_SIGN_IDENTITY = "iPhone Developer";
				COPY_PHASE_STRIP = NO;
				DEBUG_INFORMATION_FORMAT = dwarf;
				ENABLE_STRICT_OBJC_MSGSEND = YES;
				ENABLE_TESTABILITY = YES;
				GCC_C_LANGUAGE_STANDARD = gnu11;
				GCC_DYNAMIC_NO_PIC = NO;
				GCC_NO_COMMON_BLOCKS = YES;
				GCC_OPTIMIZATION_LEVEL = 0;
				GCC_PREPROCESSOR_DEFINITIONS = (
					"DEBUG=1",
					"$(inherited)",
				);
				GCC_WARN_64_TO_32_BIT_CONVERSION = YES;
				GCC_WARN_ABOUT_RETURN_TYPE = YES_ERROR;
				GCC_WARN_UNDECLARED_SELECTOR = YES;
				GCC_WARN_UNINITIALIZED_AUTOS = YES_AGGRESSIVE;
				GCC_WARN_UNUSED_FUNCTION = YES;
				GCC_WARN_UNUSED_VARIABLE = YES;
				IPHONEOS_DEPLOYMENT_TARGET = 13.0;
				MTL_ENABLE_DEBUG_INFO = YES;
				ONLY_ACTIVE_ARCH = YES;
				SDKROOT = iphoneos;
				SWIFT_ACTIVE_COMPILATION_CONDITIONS = DEBUG;
				SWIFT_OPTIMIZATION_LEVEL = "-Onone";
				SWIFT_VERSION = 4.0;
			};
			name = Debug;
		};
		177F03F52025220900CC7CA8 /* Release */ = {
			isa = XCBuildConfiguration;
			buildSettings = {
				ALWAYS_SEARCH_USER_PATHS = NO;
				CLANG_ANALYZER_NONNULL = YES;
				CLANG_ANALYZER_NUMBER_OBJECT_CONVERSION = YES_AGGRESSIVE;
				CLANG_CXX_LANGUAGE_STANDARD = "gnu++14";
				CLANG_CXX_LIBRARY = "libc++";
				CLANG_ENABLE_MODULES = YES;
				CLANG_ENABLE_OBJC_ARC = YES;
				CLANG_ENABLE_OBJC_WEAK = YES;
				CLANG_WARN_BLOCK_CAPTURE_AUTORELEASING = YES;
				CLANG_WARN_BOOL_CONVERSION = YES;
				CLANG_WARN_COMMA = YES;
				CLANG_WARN_CONSTANT_CONVERSION = YES;
				CLANG_WARN_DEPRECATED_OBJC_IMPLEMENTATIONS = YES;
				CLANG_WARN_DIRECT_OBJC_ISA_USAGE = YES_ERROR;
				CLANG_WARN_DOCUMENTATION_COMMENTS = YES;
				CLANG_WARN_EMPTY_BODY = YES;
				CLANG_WARN_ENUM_CONVERSION = YES;
				CLANG_WARN_INFINITE_RECURSION = YES;
				CLANG_WARN_INT_CONVERSION = YES;
				CLANG_WARN_NON_LITERAL_NULL_CONVERSION = YES;
				CLANG_WARN_OBJC_IMPLICIT_RETAIN_SELF = YES;
				CLANG_WARN_OBJC_LITERAL_CONVERSION = YES;
				CLANG_WARN_OBJC_ROOT_CLASS = YES_ERROR;
				CLANG_WARN_QUOTED_INCLUDE_IN_FRAMEWORK_HEADER = YES;
				CLANG_WARN_RANGE_LOOP_ANALYSIS = YES;
				CLANG_WARN_STRICT_PROTOTYPES = YES;
				CLANG_WARN_SUSPICIOUS_MOVE = YES;
				CLANG_WARN_UNGUARDED_AVAILABILITY = YES_AGGRESSIVE;
				CLANG_WARN_UNREACHABLE_CODE = YES;
				CLANG_WARN__DUPLICATE_METHOD_MATCH = YES;
				CODE_SIGN_IDENTITY = "iPhone Developer";
				COPY_PHASE_STRIP = NO;
				DEBUG_INFORMATION_FORMAT = "dwarf-with-dsym";
				ENABLE_NS_ASSERTIONS = NO;
				ENABLE_STRICT_OBJC_MSGSEND = YES;
				GCC_C_LANGUAGE_STANDARD = gnu11;
				GCC_NO_COMMON_BLOCKS = YES;
				GCC_WARN_64_TO_32_BIT_CONVERSION = YES;
				GCC_WARN_ABOUT_RETURN_TYPE = YES_ERROR;
				GCC_WARN_UNDECLARED_SELECTOR = YES;
				GCC_WARN_UNINITIALIZED_AUTOS = YES_AGGRESSIVE;
				GCC_WARN_UNUSED_FUNCTION = YES;
				GCC_WARN_UNUSED_VARIABLE = YES;
				IPHONEOS_DEPLOYMENT_TARGET = 13.0;
				MTL_ENABLE_DEBUG_INFO = NO;
				SDKROOT = iphoneos;
				SWIFT_COMPILATION_MODE = wholemodule;
				SWIFT_OPTIMIZATION_LEVEL = "-O";
				SWIFT_VERSION = 4.0;
				VALIDATE_PRODUCT = YES;
			};
			name = Release;
		};
		177F03F72025220900CC7CA8 /* Debug */ = {
			isa = XCBuildConfiguration;
			buildSettings = {
				ALWAYS_EMBED_SWIFT_STANDARD_LIBRARIES = YES;
				ASSETCATALOG_COMPILER_APPICON_NAME = AppIcon;
				CODE_SIGN_ENTITLEMENTS = Quit/Quit.entitlements;
				CODE_SIGN_IDENTITY = "Apple Development";
				CODE_SIGN_STYLE = Automatic;
				CURRENT_PROJECT_VERSION = 1;
				DEVELOPMENT_TEAM = L8E3HCRWG9;
				FRAMEWORK_SEARCH_PATHS = (
					"$(inherited)",
					"$(PROJECT_DIR)/Carthage/Build/iOS",
				);
				INFOPLIST_FILE = Quit/Info.plist;
				IPHONEOS_DEPLOYMENT_TARGET = 14.0;
				LD_RUNPATH_SEARCH_PATHS = (
					"$(inherited)",
					"@executable_path/Frameworks",
				);
				MARKETING_VERSION = 6.3;
				PRODUCT_BUNDLE_IDENTIFIER = com.Alex.Quit;
				PRODUCT_NAME = "$(TARGET_NAME)";
				PROVISIONING_PROFILE_SPECIFIER = "";
				SUPPORTS_MACCATALYST = NO;
				SWIFT_VERSION = 5.0;
				TARGETED_DEVICE_FAMILY = "1,2";
			};
			name = Debug;
		};
		177F03F82025220900CC7CA8 /* Release */ = {
			isa = XCBuildConfiguration;
			buildSettings = {
				ALWAYS_EMBED_SWIFT_STANDARD_LIBRARIES = YES;
				ASSETCATALOG_COMPILER_APPICON_NAME = AppIcon;
				CODE_SIGN_ENTITLEMENTS = Quit/Quit.entitlements;
				CODE_SIGN_IDENTITY = "Apple Development";
				CODE_SIGN_STYLE = Automatic;
				CURRENT_PROJECT_VERSION = 1;
				DEVELOPMENT_TEAM = L8E3HCRWG9;
				FRAMEWORK_SEARCH_PATHS = (
					"$(inherited)",
					"$(PROJECT_DIR)/Carthage/Build/iOS",
				);
				INFOPLIST_FILE = Quit/Info.plist;
				IPHONEOS_DEPLOYMENT_TARGET = 14.0;
				LD_RUNPATH_SEARCH_PATHS = (
					"$(inherited)",
					"@executable_path/Frameworks",
				);
				MARKETING_VERSION = 6.3;
				PRODUCT_BUNDLE_IDENTIFIER = com.Alex.Quit;
				PRODUCT_NAME = "$(TARGET_NAME)";
				PROVISIONING_PROFILE_SPECIFIER = "";
				SUPPORTS_MACCATALYST = NO;
				SWIFT_VERSION = 5.0;
				TARGETED_DEVICE_FAMILY = "1,2";
			};
			name = Release;
		};
		1790149F22A703A500C7D734 /* Debug */ = {
			isa = XCBuildConfiguration;
			buildSettings = {
				CODE_SIGN_ENTITLEMENTS = AddCravingIntent/AddCravingIntent.entitlements;
				CODE_SIGN_STYLE = Automatic;
				DEVELOPMENT_TEAM = L8E3HCRWG9;
				INFOPLIST_FILE = AddCravingIntent/Info.plist;
				IPHONEOS_DEPLOYMENT_TARGET = 13.0;
				LD_RUNPATH_SEARCH_PATHS = (
					"$(inherited)",
					"@executable_path/Frameworks",
					"@executable_path/../../Frameworks",
				);
				MTL_ENABLE_DEBUG_INFO = INCLUDE_SOURCE;
				MTL_FAST_MATH = YES;
				PRODUCT_BUNDLE_IDENTIFIER = com.Alex.Quit.AddCravingIntent;
				PRODUCT_NAME = "$(TARGET_NAME)";
				SKIP_INSTALL = YES;
				SUPPORTS_MACCATALYST = NO;
				SWIFT_VERSION = 5.0;
				TARGETED_DEVICE_FAMILY = "1,2";
			};
			name = Debug;
		};
		179014A022A703A500C7D734 /* Release */ = {
			isa = XCBuildConfiguration;
			buildSettings = {
				CODE_SIGN_ENTITLEMENTS = AddCravingIntent/AddCravingIntent.entitlements;
				CODE_SIGN_STYLE = Automatic;
				DEVELOPMENT_TEAM = L8E3HCRWG9;
				INFOPLIST_FILE = AddCravingIntent/Info.plist;
				IPHONEOS_DEPLOYMENT_TARGET = 13.0;
				LD_RUNPATH_SEARCH_PATHS = (
					"$(inherited)",
					"@executable_path/Frameworks",
					"@executable_path/../../Frameworks",
				);
				MTL_FAST_MATH = YES;
				PRODUCT_BUNDLE_IDENTIFIER = com.Alex.Quit.AddCravingIntent;
				PRODUCT_NAME = "$(TARGET_NAME)";
				SKIP_INSTALL = YES;
				SUPPORTS_MACCATALYST = NO;
				SWIFT_VERSION = 5.0;
				TARGETED_DEVICE_FAMILY = "1,2";
			};
			name = Release;
		};
/* End XCBuildConfiguration section */

/* Begin XCConfigurationList section */
		170006902035D0DC0056F25C /* Build configuration list for PBXNativeTarget "QuitTests" */ = {
			isa = XCConfigurationList;
			buildConfigurations = (
				1700068D2035D0DC0056F25C /* Debug */,
				1700068E2035D0DC0056F25C /* Release */,
			);
			defaultConfigurationIsVisible = 0;
			defaultConfigurationName = Release;
		};
		177F03DC2025220000CC7CA8 /* Build configuration list for PBXProject "Quit" */ = {
			isa = XCConfigurationList;
			buildConfigurations = (
				177F03F42025220900CC7CA8 /* Debug */,
				177F03F52025220900CC7CA8 /* Release */,
			);
			defaultConfigurationIsVisible = 0;
			defaultConfigurationName = Release;
		};
		177F03F62025220900CC7CA8 /* Build configuration list for PBXNativeTarget "Quit" */ = {
			isa = XCConfigurationList;
			buildConfigurations = (
				177F03F72025220900CC7CA8 /* Debug */,
				177F03F82025220900CC7CA8 /* Release */,
			);
			defaultConfigurationIsVisible = 0;
			defaultConfigurationName = Release;
		};
		1790149E22A703A500C7D734 /* Build configuration list for PBXNativeTarget "AddCravingIntent" */ = {
			isa = XCConfigurationList;
			buildConfigurations = (
				1790149F22A703A500C7D734 /* Debug */,
				179014A022A703A500C7D734 /* Release */,
			);
			defaultConfigurationIsVisible = 0;
			defaultConfigurationName = Release;
		};
/* End XCConfigurationList section */

/* Begin XCVersionGroup section */
		177F03EB2025220000CC7CA8 /* Quit.xcdatamodeld */ = {
			isa = XCVersionGroup;
			children = (
				177F03EC2025220000CC7CA8 /* Quit.xcdatamodel */,
			);
			currentVersion = 177F03EC2025220000CC7CA8 /* Quit.xcdatamodel */;
			path = Quit.xcdatamodeld;
			sourceTree = "<group>";
			versionGroupType = wrapper.xcdatamodel;
		};
/* End XCVersionGroup section */
	};
	rootObject = 177F03D92025220000CC7CA8 /* Project object */;
}
