// !$*UTF8*$!
{
	archiveVersion = 1;
	classes = {
	};
	objectVersion = 48;
	objects = {

/* Begin PBXBuildFile section */
		17043209252F8D24007263B6 /* QSettingsView.swift in Sources */ = {isa = PBXBuildFile; fileRef = 17043208252F8D24007263B6 /* QSettingsView.swift */; };
		17043210252FAB92007263B6 /* QButtonStyle.swift in Sources */ = {isa = PBXBuildFile; fileRef = 1704320F252FAB92007263B6 /* QButtonStyle.swift */; };
		1711904725312EB0008A271A /* QFinance.swift in Sources */ = {isa = PBXBuildFile; fileRef = 1711904625312EB0008A271A /* QFinance.swift */; };
		1711904B2531337A008A271A /* QFinanceSavingGoalView.swift in Sources */ = {isa = PBXBuildFile; fileRef = 1711904A2531337A008A271A /* QFinanceSavingGoalView.swift */; };
		17119081253497DB008A271A /* QFinanceTimeSavingListView.swift in Sources */ = {isa = PBXBuildFile; fileRef = 17119080253497DB008A271A /* QFinanceTimeSavingListView.swift */; };
		1711908725349858008A271A /* QFinanceSavingGoalListView.swift in Sources */ = {isa = PBXBuildFile; fileRef = 1711908625349858008A271A /* QFinanceSavingGoalListView.swift */; };
		1716321B25975A22000A3CD4 /* QListHeaderView.swift in Sources */ = {isa = PBXBuildFile; fileRef = 1716321A25975A22000A3CD4 /* QListHeaderView.swift */; };
		171632272597A6FE000A3CD4 /* CloudKit.framework in Frameworks */ = {isa = PBXBuildFile; fileRef = 171632262597A6FE000A3CD4 /* CloudKit.framework */; };
		171632302597B06F000A3CD4 /* LaunchScreen.storyboard in Resources */ = {isa = PBXBuildFile; fileRef = 1716322F2597B06F000A3CD4 /* LaunchScreen.storyboard */; };
		171EE8CA259A67F200A84557 /* QGoProUpsellView.swift in Sources */ = {isa = PBXBuildFile; fileRef = 171EE8C9259A67F200A84557 /* QGoProUpsellView.swift */; };
		171EE8D0259A7A8F00A84557 /* QAddCustomAchievementView.swift in Sources */ = {isa = PBXBuildFile; fileRef = 171EE8CF259A7A8F00A84557 /* QAddCustomAchievementView.swift */; };
		172020702538E53800C3459D /* QStringExtensions.swift in Sources */ = {isa = PBXBuildFile; fileRef = 1720206F2538E53800C3459D /* QStringExtensions.swift */; };
		172986C0253E18EC002B17B1 /* QNotificationManager.swift in Sources */ = {isa = PBXBuildFile; fileRef = 172986BF253E18EC002B17B1 /* QNotificationManager.swift */; };
		172986D5253E25B7002B17B1 /* Constants.swift in Sources */ = {isa = PBXBuildFile; fileRef = 172986D4253E25B7002B17B1 /* Constants.swift */; };
		172986DC253E25FE002B17B1 /* DateExtensions.swift in Sources */ = {isa = PBXBuildFile; fileRef = 172986DB253E25FE002B17B1 /* DateExtensions.swift */; };
		172986E0253E2622002B17B1 /* QDoubleExtensions.swift in Sources */ = {isa = PBXBuildFile; fileRef = 172986DF253E2622002B17B1 /* QDoubleExtensions.swift */; };
		172986EB253E37C7002B17B1 /* QVapeSpendView.swift in Sources */ = {isa = PBXBuildFile; fileRef = 172986EA253E37C7002B17B1 /* QVapeSpendView.swift */; };
		1732B38C25277FF700C469C1 /* QuitApp.swift in Sources */ = {isa = PBXBuildFile; fileRef = 1732B38B25277FF700C469C1 /* QuitApp.swift */; };
		1732B3922527802F00C469C1 /* QHomeView.swift in Sources */ = {isa = PBXBuildFile; fileRef = 1732B3912527802F00C469C1 /* QHomeView.swift */; };
		1732B3AD252782FB00C469C1 /* QGuages.swift in Sources */ = {isa = PBXBuildFile; fileRef = 1732B3AC252782FB00C469C1 /* QGuages.swift */; };
		1741D6C825993A7100824416 /* QProFeatures.swift in Sources */ = {isa = PBXBuildFile; fileRef = 1741D6C725993A7100824416 /* QProFeatures.swift */; };
		17440DD82527B1C6000E4703 /* QHealth.swift in Sources */ = {isa = PBXBuildFile; fileRef = 17440DD72527B1C6000E4703 /* QHealth.swift */; };
		17440DE32527D6B7000E4703 /* QClockView.swift in Sources */ = {isa = PBXBuildFile; fileRef = 17440DE22527D6B7000E4703 /* QClockView.swift */; };
		17440DEA2527E4E7000E4703 /* QEditQuitDateView.swift in Sources */ = {isa = PBXBuildFile; fileRef = 17440DE92527E4E7000E4703 /* QEditQuitDateView.swift */; };
		17440DFA2527EB5D000E4703 /* QCravingChartView.swift in Sources */ = {isa = PBXBuildFile; fileRef = 17440DF92527EB5D000E4703 /* QCravingChartView.swift */; };
		17440E07252A6164000E4703 /* QLineGraph.swift in Sources */ = {isa = PBXBuildFile; fileRef = 17440E06252A6164000E4703 /* QLineGraph.swift */; };
		174B53402534F1BE009F254C /* QAchievement.swift in Sources */ = {isa = PBXBuildFile; fileRef = 174B533F2534F1BE009F254C /* QAchievement.swift */; };
		174B534B2534F41A009F254C /* QAchievementView.swift in Sources */ = {isa = PBXBuildFile; fileRef = 174B534A2534F41A009F254C /* QAchievementView.swift */; };
		174B53512534FAF4009F254C /* QViewAchievementsView.swift in Sources */ = {isa = PBXBuildFile; fileRef = 174B53502534FAF4009F254C /* QViewAchievementsView.swift */; };
		174B53582534FCCA009F254C /* QHealthListView.swift in Sources */ = {isa = PBXBuildFile; fileRef = 174B53572534FCCA009F254C /* QHealthListView.swift */; };
		174B53622534FDB7009F254C /* QHealthView.swift in Sources */ = {isa = PBXBuildFile; fileRef = 174B53612534FDB7009F254C /* QHealthView.swift */; };
		174B53662535006B009F254C /* QHealthInfoView.swift in Sources */ = {isa = PBXBuildFile; fileRef = 174B53652535006B009F254C /* QHealthInfoView.swift */; };
		174B537A253637FE009F254C /* QAchievementHomeView.swift in Sources */ = {isa = PBXBuildFile; fileRef = 174B5379253637FE009F254C /* QAchievementHomeView.swift */; };
		174B53872536393A009F254C /* QAddCustomNotificationView.swift in Sources */ = {isa = PBXBuildFile; fileRef = 174B53862536393A009F254C /* QAddCustomNotificationView.swift */; };
		174B538B25363CBC009F254C /* QMapView.swift in Sources */ = {isa = PBXBuildFile; fileRef = 174B538A25363CBC009F254C /* QMapView.swift */; };
		174B539125365A2F009F254C /* QNotificationsHomeView.swift in Sources */ = {isa = PBXBuildFile; fileRef = 174B539025365A2F009F254C /* QNotificationsHomeView.swift */; };
		174B539525365A8D009F254C /* QViewPendingNotificationsView.swift in Sources */ = {isa = PBXBuildFile; fileRef = 174B539425365A8D009F254C /* QViewPendingNotificationsView.swift */; };
		175871DD22DA107F00DB9E75 /* StoreKit.framework in Frameworks */ = {isa = PBXBuildFile; fileRef = 175871DC22DA107F00DB9E75 /* StoreKit.framework */; };
		175C834E25349F5A000FAD1E /* QViewCravingsView.swift in Sources */ = {isa = PBXBuildFile; fileRef = 175C834D25349F5A000FAD1E /* QViewCravingsView.swift */; };
		175C83542534D532000FAD1E /* QSavingGoalEditView.swift in Sources */ = {isa = PBXBuildFile; fileRef = 175C83532534D532000FAD1E /* QSavingGoalEditView.swift */; };
		1776546425365E7500461631 /* QAddTimeNotificationView.swift in Sources */ = {isa = PBXBuildFile; fileRef = 1776546325365E7500461631 /* QAddTimeNotificationView.swift */; };
		1776546A2536650900461631 /* QAddLocationNotificationView.swift in Sources */ = {isa = PBXBuildFile; fileRef = 177654692536650900461631 /* QAddLocationNotificationView.swift */; };
		1778A7C9253E43890097E606 /* QAddVapeSpendView.swift in Sources */ = {isa = PBXBuildFile; fileRef = 1778A7C8253E43890097E606 /* QAddVapeSpendView.swift */; };
		1778A7CD253E46CE0097E606 /* QViewVapeSpendsView.swift in Sources */ = {isa = PBXBuildFile; fileRef = 1778A7CC253E46CE0097E606 /* QViewVapeSpendsView.swift */; };
		177F03ED2025220000CC7CA8 /* Quit.xcdatamodeld in Sources */ = {isa = PBXBuildFile; fileRef = 177F03EB2025220000CC7CA8 /* Quit.xcdatamodeld */; };
		177F03EF2025220900CC7CA8 /* Assets.xcassets in Resources */ = {isa = PBXBuildFile; fileRef = 177F03EE2025220900CC7CA8 /* Assets.xcassets */; };
		177F04242029104900CC7CA8 /* Profile.swift in Sources */ = {isa = PBXBuildFile; fileRef = 177F04232029104900CC7CA8 /* Profile.swift */; };
		1788CBB62037853D00064A86 /* PersistenceManager.swift in Sources */ = {isa = PBXBuildFile; fileRef = 1788CBB52037853D00064A86 /* PersistenceManager.swift */; };
		1790143122A6F48200C7D734 /* Colours.xcassets in Resources */ = {isa = PBXBuildFile; fileRef = 1790143022A6F48200C7D734 /* Colours.xcassets */; };
		17C09C1325311572007966B1 /* QAddCravingView.swift in Sources */ = {isa = PBXBuildFile; fileRef = 17C09C1225311572007966B1 /* QAddCravingView.swift */; };
		17C09C1725311D2F007966B1 /* QCravingsSectionView.swift in Sources */ = {isa = PBXBuildFile; fileRef = 17C09C1625311D2F007966B1 /* QCravingsSectionView.swift */; };
		17C09C2325312544007966B1 /* QFinanceListView.swift in Sources */ = {isa = PBXBuildFile; fileRef = 17C09C2225312544007966B1 /* QFinanceListView.swift */; };
		17C09C2C253125D7007966B1 /* QFinanceTimeSavingView.swift in Sources */ = {isa = PBXBuildFile; fileRef = 17C09C2B253125D7007966B1 /* QFinanceTimeSavingView.swift */; };
		17C14F1125279CF5001564B0 /* QEntryDecisionView.swift in Sources */ = {isa = PBXBuildFile; fileRef = 17C14F1025279CF5001564B0 /* QEntryDecisionView.swift */; };
		17C14F3225279F1D001564B0 /* QSetupProfileView.swift in Sources */ = {isa = PBXBuildFile; fileRef = 17C14F3125279F1D001564B0 /* QSetupProfileView.swift */; };
		17DB4168259BBEC500462EC0 /* QCustomAchievementView.swift in Sources */ = {isa = PBXBuildFile; fileRef = 17DB4167259BBEC500462EC0 /* QCustomAchievementView.swift */; };
		17F7C0C625980E00006FB5CF /* WidgetKit.framework in Frameworks */ = {isa = PBXBuildFile; fileRef = 17F7C0A825980D8C006FB5CF /* WidgetKit.framework */; };
		17F7C0C725980E00006FB5CF /* SwiftUI.framework in Frameworks */ = {isa = PBXBuildFile; fileRef = 17F7C0AA25980D8C006FB5CF /* SwiftUI.framework */; };
		17F7C0CA25980E00006FB5CF /* Quit_Widget.swift in Sources */ = {isa = PBXBuildFile; fileRef = 17F7C0C925980E00006FB5CF /* Quit_Widget.swift */; };
		17F7C0CC25980E02006FB5CF /* Assets.xcassets in Resources */ = {isa = PBXBuildFile; fileRef = 17F7C0CB25980E02006FB5CF /* Assets.xcassets */; };
		17F7C0D025980E02006FB5CF /* Quit WidgetExtension.appex in Embed App Extensions */ = {isa = PBXBuildFile; fileRef = 17F7C0C525980E00006FB5CF /* Quit WidgetExtension.appex */; settings = {ATTRIBUTES = (RemoveHeadersOnCopy, ); }; };
		17F7C0D8259929A6006FB5CF /* QPurchaseHelper.swift in Sources */ = {isa = PBXBuildFile; fileRef = 17F7C0D7259929A6006FB5CF /* QPurchaseHelper.swift */; };
		17F7C0DE25992C0A006FB5CF /* QPurchaseProView.swift in Sources */ = {isa = PBXBuildFile; fileRef = 17F7C0DD25992C0A006FB5CF /* QPurchaseProView.swift */; };
/* End PBXBuildFile section */

/* Begin PBXContainerItemProxy section */
		1700068B2035D0DC0056F25C /* PBXContainerItemProxy */ = {
			isa = PBXContainerItemProxy;
			containerPortal = 177F03D92025220000CC7CA8 /* Project object */;
			proxyType = 1;
			remoteGlobalIDString = 177F03E02025220000CC7CA8;
			remoteInfo = Quit;
		};
		17F7C0CE25980E02006FB5CF /* PBXContainerItemProxy */ = {
			isa = PBXContainerItemProxy;
			containerPortal = 177F03D92025220000CC7CA8 /* Project object */;
			proxyType = 1;
			remoteGlobalIDString = 17F7C0C425980E00006FB5CF;
			remoteInfo = "Quit WidgetExtension";
		};
/* End PBXContainerItemProxy section */

/* Begin PBXCopyFilesBuildPhase section */
		177F04062027716900CC7CA8 /* Embed Frameworks */ = {
			isa = PBXCopyFilesBuildPhase;
			buildActionMask = 2147483647;
			dstPath = "";
			dstSubfolderSpec = 10;
			files = (
			);
			name = "Embed Frameworks";
			runOnlyForDeploymentPostprocessing = 0;
		};
		17F8FF91219A08E70095CD6E /* Embed App Extensions */ = {
			isa = PBXCopyFilesBuildPhase;
			buildActionMask = 2147483647;
			dstPath = "";
			dstSubfolderSpec = 13;
			files = (
				17F7C0D025980E02006FB5CF /* Quit WidgetExtension.appex in Embed App Extensions */,
			);
			name = "Embed App Extensions";
			runOnlyForDeploymentPostprocessing = 0;
		};
/* End PBXCopyFilesBuildPhase section */

/* Begin PBXFileReference section */
		170006862035D0DC0056F25C /* QuitTests.xctest */ = {isa = PBXFileReference; explicitFileType = wrapper.cfbundle; includeInIndex = 0; path = QuitTests.xctest; sourceTree = BUILT_PRODUCTS_DIR; };
		1700068A2035D0DC0056F25C /* Info.plist */ = {isa = PBXFileReference; lastKnownFileType = text.plist.xml; path = Info.plist; sourceTree = "<group>"; };
		17043208252F8D24007263B6 /* QSettingsView.swift */ = {isa = PBXFileReference; lastKnownFileType = sourcecode.swift; path = QSettingsView.swift; sourceTree = "<group>"; };
		1704320F252FAB92007263B6 /* QButtonStyle.swift */ = {isa = PBXFileReference; lastKnownFileType = sourcecode.swift; path = QButtonStyle.swift; sourceTree = "<group>"; };
		1711904625312EB0008A271A /* QFinance.swift */ = {isa = PBXFileReference; lastKnownFileType = sourcecode.swift; path = QFinance.swift; sourceTree = "<group>"; };
		1711904A2531337A008A271A /* QFinanceSavingGoalView.swift */ = {isa = PBXFileReference; lastKnownFileType = sourcecode.swift; path = QFinanceSavingGoalView.swift; sourceTree = "<group>"; };
		17119080253497DB008A271A /* QFinanceTimeSavingListView.swift */ = {isa = PBXFileReference; lastKnownFileType = sourcecode.swift; path = QFinanceTimeSavingListView.swift; sourceTree = "<group>"; };
		1711908625349858008A271A /* QFinanceSavingGoalListView.swift */ = {isa = PBXFileReference; lastKnownFileType = sourcecode.swift; path = QFinanceSavingGoalListView.swift; sourceTree = "<group>"; };
		1714FC86219E06C000CFB203 /* UserNotifications.framework */ = {isa = PBXFileReference; lastKnownFileType = wrapper.framework; name = UserNotifications.framework; path = System/Library/Frameworks/UserNotifications.framework; sourceTree = SDKROOT; };
		1714FC88219E06C000CFB203 /* UserNotificationsUI.framework */ = {isa = PBXFileReference; lastKnownFileType = wrapper.framework; name = UserNotificationsUI.framework; path = System/Library/Frameworks/UserNotificationsUI.framework; sourceTree = SDKROOT; };
		1716321A25975A22000A3CD4 /* QListHeaderView.swift */ = {isa = PBXFileReference; lastKnownFileType = sourcecode.swift; path = QListHeaderView.swift; sourceTree = "<group>"; };
		171632262597A6FE000A3CD4 /* CloudKit.framework */ = {isa = PBXFileReference; lastKnownFileType = wrapper.framework; name = CloudKit.framework; path = System/Library/Frameworks/CloudKit.framework; sourceTree = SDKROOT; };
		1716322F2597B06F000A3CD4 /* LaunchScreen.storyboard */ = {isa = PBXFileReference; lastKnownFileType = file.storyboard; path = LaunchScreen.storyboard; sourceTree = "<group>"; };
		171EE8C9259A67F200A84557 /* QGoProUpsellView.swift */ = {isa = PBXFileReference; lastKnownFileType = sourcecode.swift; path = QGoProUpsellView.swift; sourceTree = "<group>"; };
		171EE8CF259A7A8F00A84557 /* QAddCustomAchievementView.swift */ = {isa = PBXFileReference; lastKnownFileType = sourcecode.swift; path = QAddCustomAchievementView.swift; sourceTree = "<group>"; };
		1720206F2538E53800C3459D /* QStringExtensions.swift */ = {isa = PBXFileReference; lastKnownFileType = sourcecode.swift; path = QStringExtensions.swift; sourceTree = "<group>"; };
		172986BF253E18EC002B17B1 /* QNotificationManager.swift */ = {isa = PBXFileReference; lastKnownFileType = sourcecode.swift; path = QNotificationManager.swift; sourceTree = "<group>"; };
		172986D4253E25B7002B17B1 /* Constants.swift */ = {isa = PBXFileReference; fileEncoding = 4; lastKnownFileType = sourcecode.swift; name = Constants.swift; path = Quit/Utilities/Constants.swift; sourceTree = SOURCE_ROOT; };
		172986DB253E25FE002B17B1 /* DateExtensions.swift */ = {isa = PBXFileReference; fileEncoding = 4; lastKnownFileType = sourcecode.swift; path = DateExtensions.swift; sourceTree = "<group>"; };
		172986DF253E2622002B17B1 /* QDoubleExtensions.swift */ = {isa = PBXFileReference; fileEncoding = 4; lastKnownFileType = sourcecode.swift; path = QDoubleExtensions.swift; sourceTree = "<group>"; };
		172986EA253E37C7002B17B1 /* QVapeSpendView.swift */ = {isa = PBXFileReference; lastKnownFileType = sourcecode.swift; path = QVapeSpendView.swift; sourceTree = "<group>"; };
		1732B38B25277FF700C469C1 /* QuitApp.swift */ = {isa = PBXFileReference; lastKnownFileType = sourcecode.swift; path = QuitApp.swift; sourceTree = "<group>"; };
		1732B3912527802F00C469C1 /* QHomeView.swift */ = {isa = PBXFileReference; lastKnownFileType = sourcecode.swift; path = QHomeView.swift; sourceTree = "<group>"; };
		1732B3AC252782FB00C469C1 /* QGuages.swift */ = {isa = PBXFileReference; lastKnownFileType = sourcecode.swift; path = QGuages.swift; sourceTree = "<group>"; };
		1741D6C725993A7100824416 /* QProFeatures.swift */ = {isa = PBXFileReference; lastKnownFileType = sourcecode.swift; path = QProFeatures.swift; sourceTree = "<group>"; };
		17440DD72527B1C6000E4703 /* QHealth.swift */ = {isa = PBXFileReference; lastKnownFileType = sourcecode.swift; path = QHealth.swift; sourceTree = "<group>"; };
		17440DE22527D6B7000E4703 /* QClockView.swift */ = {isa = PBXFileReference; lastKnownFileType = sourcecode.swift; path = QClockView.swift; sourceTree = "<group>"; };
		17440DE92527E4E7000E4703 /* QEditQuitDateView.swift */ = {isa = PBXFileReference; lastKnownFileType = sourcecode.swift; path = QEditQuitDateView.swift; sourceTree = "<group>"; };
		17440DF92527EB5D000E4703 /* QCravingChartView.swift */ = {isa = PBXFileReference; lastKnownFileType = sourcecode.swift; path = QCravingChartView.swift; sourceTree = "<group>"; };
		17440E06252A6164000E4703 /* QLineGraph.swift */ = {isa = PBXFileReference; lastKnownFileType = sourcecode.swift; path = QLineGraph.swift; sourceTree = "<group>"; };
		174B533F2534F1BE009F254C /* QAchievement.swift */ = {isa = PBXFileReference; lastKnownFileType = sourcecode.swift; path = QAchievement.swift; sourceTree = "<group>"; };
		174B534A2534F41A009F254C /* QAchievementView.swift */ = {isa = PBXFileReference; lastKnownFileType = sourcecode.swift; path = QAchievementView.swift; sourceTree = "<group>"; };
		174B53502534FAF4009F254C /* QViewAchievementsView.swift */ = {isa = PBXFileReference; lastKnownFileType = sourcecode.swift; path = QViewAchievementsView.swift; sourceTree = "<group>"; };
		174B53572534FCCA009F254C /* QHealthListView.swift */ = {isa = PBXFileReference; lastKnownFileType = sourcecode.swift; path = QHealthListView.swift; sourceTree = "<group>"; };
		174B53612534FDB7009F254C /* QHealthView.swift */ = {isa = PBXFileReference; lastKnownFileType = sourcecode.swift; path = QHealthView.swift; sourceTree = "<group>"; };
		174B53652535006B009F254C /* QHealthInfoView.swift */ = {isa = PBXFileReference; lastKnownFileType = sourcecode.swift; path = QHealthInfoView.swift; sourceTree = "<group>"; };
		174B5379253637FE009F254C /* QAchievementHomeView.swift */ = {isa = PBXFileReference; lastKnownFileType = sourcecode.swift; path = QAchievementHomeView.swift; sourceTree = "<group>"; };
		174B53862536393A009F254C /* QAddCustomNotificationView.swift */ = {isa = PBXFileReference; lastKnownFileType = sourcecode.swift; path = QAddCustomNotificationView.swift; sourceTree = "<group>"; };
		174B538A25363CBC009F254C /* QMapView.swift */ = {isa = PBXFileReference; lastKnownFileType = sourcecode.swift; path = QMapView.swift; sourceTree = "<group>"; };
		174B539025365A2F009F254C /* QNotificationsHomeView.swift */ = {isa = PBXFileReference; lastKnownFileType = sourcecode.swift; path = QNotificationsHomeView.swift; sourceTree = "<group>"; };
		174B539425365A8D009F254C /* QViewPendingNotificationsView.swift */ = {isa = PBXFileReference; lastKnownFileType = sourcecode.swift; path = QViewPendingNotificationsView.swift; sourceTree = "<group>"; };
		175871DC22DA107F00DB9E75 /* StoreKit.framework */ = {isa = PBXFileReference; lastKnownFileType = wrapper.framework; name = StoreKit.framework; path = System/Library/Frameworks/StoreKit.framework; sourceTree = SDKROOT; };
		175C834D25349F5A000FAD1E /* QViewCravingsView.swift */ = {isa = PBXFileReference; lastKnownFileType = sourcecode.swift; path = QViewCravingsView.swift; sourceTree = "<group>"; };
		175C83532534D532000FAD1E /* QSavingGoalEditView.swift */ = {isa = PBXFileReference; lastKnownFileType = sourcecode.swift; path = QSavingGoalEditView.swift; sourceTree = "<group>"; };
		1776546325365E7500461631 /* QAddTimeNotificationView.swift */ = {isa = PBXFileReference; lastKnownFileType = sourcecode.swift; path = QAddTimeNotificationView.swift; sourceTree = "<group>"; };
		177654692536650900461631 /* QAddLocationNotificationView.swift */ = {isa = PBXFileReference; lastKnownFileType = sourcecode.swift; path = QAddLocationNotificationView.swift; sourceTree = "<group>"; };
		1778A7C8253E43890097E606 /* QAddVapeSpendView.swift */ = {isa = PBXFileReference; lastKnownFileType = sourcecode.swift; path = QAddVapeSpendView.swift; sourceTree = "<group>"; };
		1778A7CC253E46CE0097E606 /* QViewVapeSpendsView.swift */ = {isa = PBXFileReference; lastKnownFileType = sourcecode.swift; path = QViewVapeSpendsView.swift; sourceTree = "<group>"; };
		177F03E12025220000CC7CA8 /* Quit.app */ = {isa = PBXFileReference; explicitFileType = wrapper.application; includeInIndex = 0; path = Quit.app; sourceTree = BUILT_PRODUCTS_DIR; };
		177F03EC2025220000CC7CA8 /* Quit.xcdatamodel */ = {isa = PBXFileReference; lastKnownFileType = wrapper.xcdatamodel; path = Quit.xcdatamodel; sourceTree = "<group>"; };
		177F03EE2025220900CC7CA8 /* Assets.xcassets */ = {isa = PBXFileReference; lastKnownFileType = folder.assetcatalog; path = Assets.xcassets; sourceTree = "<group>"; };
		177F03F32025220900CC7CA8 /* Info.plist */ = {isa = PBXFileReference; lastKnownFileType = text.plist.xml; path = Info.plist; sourceTree = "<group>"; };
		177F04232029104900CC7CA8 /* Profile.swift */ = {isa = PBXFileReference; lastKnownFileType = sourcecode.swift; path = Profile.swift; sourceTree = "<group>"; };
		1788CBB52037853D00064A86 /* PersistenceManager.swift */ = {isa = PBXFileReference; lastKnownFileType = sourcecode.swift; path = PersistenceManager.swift; sourceTree = "<group>"; };
		1790143022A6F48200C7D734 /* Colours.xcassets */ = {isa = PBXFileReference; lastKnownFileType = folder.assetcatalog; path = Colours.xcassets; sourceTree = "<group>"; };
		17C09C1225311572007966B1 /* QAddCravingView.swift */ = {isa = PBXFileReference; lastKnownFileType = sourcecode.swift; path = QAddCravingView.swift; sourceTree = "<group>"; };
		17C09C1625311D2F007966B1 /* QCravingsSectionView.swift */ = {isa = PBXFileReference; lastKnownFileType = sourcecode.swift; path = QCravingsSectionView.swift; sourceTree = "<group>"; };
		17C09C2225312544007966B1 /* QFinanceListView.swift */ = {isa = PBXFileReference; lastKnownFileType = sourcecode.swift; path = QFinanceListView.swift; sourceTree = "<group>"; };
		17C09C2B253125D7007966B1 /* QFinanceTimeSavingView.swift */ = {isa = PBXFileReference; lastKnownFileType = sourcecode.swift; path = QFinanceTimeSavingView.swift; sourceTree = "<group>"; };
		17C14F1025279CF5001564B0 /* QEntryDecisionView.swift */ = {isa = PBXFileReference; lastKnownFileType = sourcecode.swift; path = QEntryDecisionView.swift; sourceTree = "<group>"; };
		17C14F3125279F1D001564B0 /* QSetupProfileView.swift */ = {isa = PBXFileReference; lastKnownFileType = sourcecode.swift; path = QSetupProfileView.swift; sourceTree = "<group>"; };
		17DB4167259BBEC500462EC0 /* QCustomAchievementView.swift */ = {isa = PBXFileReference; lastKnownFileType = sourcecode.swift; path = QCustomAchievementView.swift; sourceTree = "<group>"; };
		17F7C0A825980D8C006FB5CF /* WidgetKit.framework */ = {isa = PBXFileReference; lastKnownFileType = wrapper.framework; name = WidgetKit.framework; path = System/Library/Frameworks/WidgetKit.framework; sourceTree = SDKROOT; };
		17F7C0AA25980D8C006FB5CF /* SwiftUI.framework */ = {isa = PBXFileReference; lastKnownFileType = wrapper.framework; name = SwiftUI.framework; path = System/Library/Frameworks/SwiftUI.framework; sourceTree = SDKROOT; };
		17F7C0C525980E00006FB5CF /* Quit WidgetExtension.appex */ = {isa = PBXFileReference; explicitFileType = "wrapper.app-extension"; includeInIndex = 0; path = "Quit WidgetExtension.appex"; sourceTree = BUILT_PRODUCTS_DIR; };
		17F7C0C925980E00006FB5CF /* Quit_Widget.swift */ = {isa = PBXFileReference; lastKnownFileType = sourcecode.swift; path = Quit_Widget.swift; sourceTree = "<group>"; };
		17F7C0CB25980E02006FB5CF /* Assets.xcassets */ = {isa = PBXFileReference; lastKnownFileType = folder.assetcatalog; path = Assets.xcassets; sourceTree = "<group>"; };
		17F7C0CD25980E02006FB5CF /* Info.plist */ = {isa = PBXFileReference; lastKnownFileType = text.plist.xml; path = Info.plist; sourceTree = "<group>"; };
		17F7C0D125980E02006FB5CF /* Quit WidgetExtension.entitlements */ = {isa = PBXFileReference; lastKnownFileType = text.plist.entitlements; path = "Quit WidgetExtension.entitlements"; sourceTree = "<group>"; };
		17F7C0D7259929A6006FB5CF /* QPurchaseHelper.swift */ = {isa = PBXFileReference; lastKnownFileType = sourcecode.swift; path = QPurchaseHelper.swift; sourceTree = "<group>"; };
		17F7C0DD25992C0A006FB5CF /* QPurchaseProView.swift */ = {isa = PBXFileReference; lastKnownFileType = sourcecode.swift; path = QPurchaseProView.swift; sourceTree = "<group>"; };
		17F8FF82219A08E70095CD6E /* NotificationCenter.framework */ = {isa = PBXFileReference; lastKnownFileType = wrapper.framework; name = NotificationCenter.framework; path = System/Library/Frameworks/NotificationCenter.framework; sourceTree = SDKROOT; };
		17F8FF94219A0CF10095CD6E /* Quit.entitlements */ = {isa = PBXFileReference; lastKnownFileType = text.plist.entitlements; path = Quit.entitlements; sourceTree = "<group>"; };
/* End PBXFileReference section */

/* Begin PBXFrameworksBuildPhase section */
		170006832035D0DC0056F25C /* Frameworks */ = {
			isa = PBXFrameworksBuildPhase;
			buildActionMask = 2147483647;
			files = (
			);
			runOnlyForDeploymentPostprocessing = 0;
		};
		177F03DE2025220000CC7CA8 /* Frameworks */ = {
			isa = PBXFrameworksBuildPhase;
			buildActionMask = 2147483647;
			files = (
				175871DD22DA107F00DB9E75 /* StoreKit.framework in Frameworks */,
				171632272597A6FE000A3CD4 /* CloudKit.framework in Frameworks */,
			);
			runOnlyForDeploymentPostprocessing = 0;
		};
		17F7C0C225980E00006FB5CF /* Frameworks */ = {
			isa = PBXFrameworksBuildPhase;
			buildActionMask = 2147483647;
			files = (
				17F7C0C725980E00006FB5CF /* SwiftUI.framework in Frameworks */,
				17F7C0C625980E00006FB5CF /* WidgetKit.framework in Frameworks */,
			);
			runOnlyForDeploymentPostprocessing = 0;
		};
/* End PBXFrameworksBuildPhase section */

/* Begin PBXGroup section */
		170006872035D0DC0056F25C /* QuitTests */ = {
			isa = PBXGroup;
			children = (
				1700068A2035D0DC0056F25C /* Info.plist */,
			);
			path = QuitTests;
			sourceTree = "<group>";
		};
		17043207252F8D04007263B6 /* Settings */ = {
			isa = PBXGroup;
			children = (
				17043208252F8D24007263B6 /* QSettingsView.swift */,
				17F7C0DD25992C0A006FB5CF /* QPurchaseProView.swift */,
			);
			path = Settings;
			sourceTree = "<group>";
		};
		1704320E252FAB70007263B6 /* Reusable Views */ = {
			isa = PBXGroup;
			children = (
				1704320F252FAB92007263B6 /* QButtonStyle.swift */,
				174B538A25363CBC009F254C /* QMapView.swift */,
				1716321A25975A22000A3CD4 /* QListHeaderView.swift */,
			);
			path = "Reusable Views";
			sourceTree = "<group>";
		};
		171EE8C8259A67DD00A84557 /* Pro */ = {
			isa = PBXGroup;
			children = (
				171EE8C9259A67F200A84557 /* QGoProUpsellView.swift */,
			);
			path = Pro;
			sourceTree = "<group>";
		};
		1720206E2538E52900C3459D /* Extensions */ = {
			isa = PBXGroup;
			children = (
				1720206F2538E53800C3459D /* QStringExtensions.swift */,
				172986DF253E2622002B17B1 /* QDoubleExtensions.swift */,
				172986DB253E25FE002B17B1 /* DateExtensions.swift */,
			);
			path = Extensions;
			sourceTree = "<group>";
		};
		172986BE253E18D0002B17B1 /* Utilities */ = {
			isa = PBXGroup;
			children = (
				172986BF253E18EC002B17B1 /* QNotificationManager.swift */,
				172986D4253E25B7002B17B1 /* Constants.swift */,
				1788CBB52037853D00064A86 /* PersistenceManager.swift */,
				17F7C0D7259929A6006FB5CF /* QPurchaseHelper.swift */,
			);
			path = Utilities;
			sourceTree = "<group>";
		};
		172986E9253E3761002B17B1 /* Vape */ = {
			isa = PBXGroup;
			children = (
				172986EA253E37C7002B17B1 /* QVapeSpendView.swift */,
			);
			path = Vape;
			sourceTree = "<group>";
		};
		1732B38225277FE100C469C1 /* QuitUI */ = {
			isa = PBXGroup;
			children = (
				1732B38B25277FF700C469C1 /* QuitApp.swift */,
				1732B3B6252784FB00C469C1 /* View */,
				172986BE253E18D0002B17B1 /* Utilities */,
				1732B3AB252782D100C469C1 /* Model */,
				1720206E2538E52900C3459D /* Extensions */,
				1716322F2597B06F000A3CD4 /* LaunchScreen.storyboard */,
			);
			path = QuitUI;
			sourceTree = "<group>";
		};
		1732B3AB252782D100C469C1 /* Model */ = {
			isa = PBXGroup;
			children = (
				17C14F3B2527A5DE001564B0 /* Core Data */,
				1732B3AC252782FB00C469C1 /* QGuages.swift */,
				17440DD72527B1C6000E4703 /* QHealth.swift */,
				1711904625312EB0008A271A /* QFinance.swift */,
				174B533F2534F1BE009F254C /* QAchievement.swift */,
				1741D6C725993A7100824416 /* QProFeatures.swift */,
			);
			path = Model;
			sourceTree = "<group>";
		};
		1732B3B6252784FB00C469C1 /* View */ = {
			isa = PBXGroup;
			children = (
				17C14F1025279CF5001564B0 /* QEntryDecisionView.swift */,
				17C14F2225279D6D001564B0 /* Profile */,
				1732B3B72527850200C469C1 /* Home */,
				17043207252F8D04007263B6 /* Settings */,
				1752B7E62527A8B900064384 /* Information Views */,
				175C83592534E323000FAD1E /* Add Edit Views */,
				17440DDF2527D419000E4703 /* Element Views */,
				1704320E252FAB70007263B6 /* Reusable Views */,
			);
			path = View;
			sourceTree = "<group>";
		};
		1732B3B72527850200C469C1 /* Home */ = {
			isa = PBXGroup;
			children = (
				1732B3912527802F00C469C1 /* QHomeView.swift */,
				17440DE92527E4E7000E4703 /* QEditQuitDateView.swift */,
				171EE8C8259A67DD00A84557 /* Pro */,
				17C09C2A253125B7007966B1 /* Finance */,
				174B53432534F1E0009F254C /* Achievements */,
				17C09C2825312593007966B1 /* Cravings */,
				172986E9253E3761002B17B1 /* Vape */,
				174B53562534FCB3009F254C /* Health */,
				174B537F25363888009F254C /* Notifications */,
			);
			path = Home;
			sourceTree = "<group>";
		};
		17440DDF2527D419000E4703 /* Element Views */ = {
			isa = PBXGroup;
			children = (
				17440E06252A6164000E4703 /* QLineGraph.swift */,
				17C14E8C2527950A001564B0 /* Guages */,
			);
			path = "Element Views";
			sourceTree = "<group>";
		};
		174B53432534F1E0009F254C /* Achievements */ = {
			isa = PBXGroup;
			children = (
				174B5379253637FE009F254C /* QAchievementHomeView.swift */,
			);
			path = Achievements;
			sourceTree = "<group>";
		};
		174B53562534FCB3009F254C /* Health */ = {
			isa = PBXGroup;
			children = (
				174B53572534FCCA009F254C /* QHealthListView.swift */,
				174B53612534FDB7009F254C /* QHealthView.swift */,
			);
			path = Health;
			sourceTree = "<group>";
		};
		174B537F25363888009F254C /* Notifications */ = {
			isa = PBXGroup;
			children = (
				174B539025365A2F009F254C /* QNotificationsHomeView.swift */,
			);
			path = Notifications;
			sourceTree = "<group>";
		};
		1752B7E62527A8B900064384 /* Information Views */ = {
			isa = PBXGroup;
			children = (
				175C834D25349F5A000FAD1E /* QViewCravingsView.swift */,
				174B53502534FAF4009F254C /* QViewAchievementsView.swift */,
				174B534A2534F41A009F254C /* QAchievementView.swift */,
				17DB4167259BBEC500462EC0 /* QCustomAchievementView.swift */,
				174B53652535006B009F254C /* QHealthInfoView.swift */,
				174B539425365A8D009F254C /* QViewPendingNotificationsView.swift */,
				1778A7CC253E46CE0097E606 /* QViewVapeSpendsView.swift */,
			);
			path = "Information Views";
			sourceTree = "<group>";
		};
		175C83592534E323000FAD1E /* Add Edit Views */ = {
			isa = PBXGroup;
			children = (
				17C09C1225311572007966B1 /* QAddCravingView.swift */,
				175C83532534D532000FAD1E /* QSavingGoalEditView.swift */,
				174B53862536393A009F254C /* QAddCustomNotificationView.swift */,
				1776546325365E7500461631 /* QAddTimeNotificationView.swift */,
				177654692536650900461631 /* QAddLocationNotificationView.swift */,
				1778A7C8253E43890097E606 /* QAddVapeSpendView.swift */,
				171EE8CF259A7A8F00A84557 /* QAddCustomAchievementView.swift */,
			);
			path = "Add Edit Views";
			sourceTree = "<group>";
		};
		177F03D82025220000CC7CA8 = {
			isa = PBXGroup;
			children = (
				17F7C0D125980E02006FB5CF /* Quit WidgetExtension.entitlements */,
				177F03E32025220000CC7CA8 /* Quit */,
				170006872035D0DC0056F25C /* QuitTests */,
				17F7C0C825980E00006FB5CF /* Quit Widget */,
				177F03E22025220000CC7CA8 /* Products */,
				F794A69D49B54B9AB70B83F4 /* Frameworks */,
			);
			sourceTree = "<group>";
		};
		177F03E22025220000CC7CA8 /* Products */ = {
			isa = PBXGroup;
			children = (
				177F03E12025220000CC7CA8 /* Quit.app */,
				170006862035D0DC0056F25C /* QuitTests.xctest */,
				17F7C0C525980E00006FB5CF /* Quit WidgetExtension.appex */,
			);
			name = Products;
			sourceTree = "<group>";
		};
		177F03E32025220000CC7CA8 /* Quit */ = {
			isa = PBXGroup;
			children = (
				1732B38225277FE100C469C1 /* QuitUI */,
				177F03EE2025220900CC7CA8 /* Assets.xcassets */,
				1790143022A6F48200C7D734 /* Colours.xcassets */,
				17F8FF94219A0CF10095CD6E /* Quit.entitlements */,
				177F03F32025220900CC7CA8 /* Info.plist */,
			);
			path = Quit;
			sourceTree = "<group>";
		};
		17C09C2825312593007966B1 /* Cravings */ = {
			isa = PBXGroup;
			children = (
				17C09C1625311D2F007966B1 /* QCravingsSectionView.swift */,
				17440DF92527EB5D000E4703 /* QCravingChartView.swift */,
			);
			path = Cravings;
			sourceTree = "<group>";
		};
		17C09C2A253125B7007966B1 /* Finance */ = {
			isa = PBXGroup;
			children = (
				17C09C2225312544007966B1 /* QFinanceListView.swift */,
				17119080253497DB008A271A /* QFinanceTimeSavingListView.swift */,
				17C09C2B253125D7007966B1 /* QFinanceTimeSavingView.swift */,
				1711908625349858008A271A /* QFinanceSavingGoalListView.swift */,
				1711904A2531337A008A271A /* QFinanceSavingGoalView.swift */,
			);
			path = Finance;
			sourceTree = "<group>";
		};
		17C14E8C2527950A001564B0 /* Guages */ = {
			isa = PBXGroup;
			children = (
				17440DE22527D6B7000E4703 /* QClockView.swift */,
			);
			path = Guages;
			sourceTree = "<group>";
		};
		17C14F2225279D6D001564B0 /* Profile */ = {
			isa = PBXGroup;
			children = (
				17C14F3125279F1D001564B0 /* QSetupProfileView.swift */,
			);
			path = Profile;
			sourceTree = "<group>";
		};
		17C14F3B2527A5DE001564B0 /* Core Data */ = {
			isa = PBXGroup;
			children = (
				177F03EB2025220000CC7CA8 /* Quit.xcdatamodeld */,
				177F04232029104900CC7CA8 /* Profile.swift */,
			);
			path = "Core Data";
			sourceTree = "<group>";
		};
		17F7C0C825980E00006FB5CF /* Quit Widget */ = {
			isa = PBXGroup;
			children = (
				17F7C0C925980E00006FB5CF /* Quit_Widget.swift */,
				17F7C0CB25980E02006FB5CF /* Assets.xcassets */,
				17F7C0CD25980E02006FB5CF /* Info.plist */,
			);
			path = "Quit Widget";
			sourceTree = "<group>";
		};
		F794A69D49B54B9AB70B83F4 /* Frameworks */ = {
			isa = PBXGroup;
			children = (
				171632262597A6FE000A3CD4 /* CloudKit.framework */,
				175871DC22DA107F00DB9E75 /* StoreKit.framework */,
				17F8FF82219A08E70095CD6E /* NotificationCenter.framework */,
				1714FC86219E06C000CFB203 /* UserNotifications.framework */,
				1714FC88219E06C000CFB203 /* UserNotificationsUI.framework */,
				17F7C0A825980D8C006FB5CF /* WidgetKit.framework */,
				17F7C0AA25980D8C006FB5CF /* SwiftUI.framework */,
			);
			name = Frameworks;
			sourceTree = "<group>";
		};
/* End PBXGroup section */

/* Begin PBXNativeTarget section */
		170006852035D0DC0056F25C /* QuitTests */ = {
			isa = PBXNativeTarget;
			buildConfigurationList = 170006902035D0DC0056F25C /* Build configuration list for PBXNativeTarget "QuitTests" */;
			buildPhases = (
				170006822035D0DC0056F25C /* Sources */,
				170006832035D0DC0056F25C /* Frameworks */,
				170006842035D0DC0056F25C /* Resources */,
			);
			buildRules = (
			);
			dependencies = (
				1700068C2035D0DC0056F25C /* PBXTargetDependency */,
			);
			name = QuitTests;
			productName = QuitTests;
			productReference = 170006862035D0DC0056F25C /* QuitTests.xctest */;
			productType = "com.apple.product-type.bundle.unit-test";
		};
		177F03E02025220000CC7CA8 /* Quit */ = {
			isa = PBXNativeTarget;
			buildConfigurationList = 177F03F62025220900CC7CA8 /* Build configuration list for PBXNativeTarget "Quit" */;
			buildPhases = (
				177F03DD2025220000CC7CA8 /* Sources */,
				177F03DE2025220000CC7CA8 /* Frameworks */,
				177F03DF2025220000CC7CA8 /* Resources */,
				177F04062027716900CC7CA8 /* Embed Frameworks */,
				17F8FF91219A08E70095CD6E /* Embed App Extensions */,
			);
			buildRules = (
			);
			dependencies = (
				17F7C0CF25980E02006FB5CF /* PBXTargetDependency */,
			);
			name = Quit;
			packageProductDependencies = (
			);
			productName = Quit;
			productReference = 177F03E12025220000CC7CA8 /* Quit.app */;
			productType = "com.apple.product-type.application";
		};
		17F7C0C425980E00006FB5CF /* Quit WidgetExtension */ = {
			isa = PBXNativeTarget;
			buildConfigurationList = 17F7C0D425980E02006FB5CF /* Build configuration list for PBXNativeTarget "Quit WidgetExtension" */;
			buildPhases = (
				17F7C0C125980E00006FB5CF /* Sources */,
				17F7C0C225980E00006FB5CF /* Frameworks */,
				17F7C0C325980E00006FB5CF /* Resources */,
			);
			buildRules = (
			);
			dependencies = (
			);
			name = "Quit WidgetExtension";
			productName = "Quit WidgetExtension";
			productReference = 17F7C0C525980E00006FB5CF /* Quit WidgetExtension.appex */;
			productType = "com.apple.product-type.app-extension";
		};
/* End PBXNativeTarget section */

/* Begin PBXProject section */
		177F03D92025220000CC7CA8 /* Project object */ = {
			isa = PBXProject;
			attributes = {
				LastSwiftUpdateCheck = 1230;
				LastUpgradeCheck = 1200;
				ORGANIZATIONNAME = "Alex Tudge";
				TargetAttributes = {
					170006852035D0DC0056F25C = {
						CreatedOnToolsVersion = 9.0;
						ProvisioningStyle = Automatic;
						TestTargetID = 177F03E02025220000CC7CA8;
					};
					177F03E02025220000CC7CA8 = {
						CreatedOnToolsVersion = 9.3;
						LastSwiftMigration = 1020;
						ProvisioningStyle = Automatic;
						SystemCapabilities = {
							com.apple.ApplicationGroups.iOS = {
								enabled = 1;
							};
							com.apple.Siri = {
								enabled = 1;
							};
						};
					};
					17F7C0C425980E00006FB5CF = {
						CreatedOnToolsVersion = 12.3;
						ProvisioningStyle = Automatic;
					};
				};
			};
			buildConfigurationList = 177F03DC2025220000CC7CA8 /* Build configuration list for PBXProject "Quit" */;
			compatibilityVersion = "Xcode 8.0";
			developmentRegion = en;
			hasScannedForEncodings = 0;
			knownRegions = (
				en,
				Base,
			);
			mainGroup = 177F03D82025220000CC7CA8;
			packageReferences = (
			);
			productRefGroup = 177F03E22025220000CC7CA8 /* Products */;
			projectDirPath = "";
			projectRoot = "";
			targets = (
				177F03E02025220000CC7CA8 /* Quit */,
				170006852035D0DC0056F25C /* QuitTests */,
				17F7C0C425980E00006FB5CF /* Quit WidgetExtension */,
			);
		};
/* End PBXProject section */

/* Begin PBXResourcesBuildPhase section */
		170006842035D0DC0056F25C /* Resources */ = {
			isa = PBXResourcesBuildPhase;
			buildActionMask = 2147483647;
			files = (
			);
			runOnlyForDeploymentPostprocessing = 0;
		};
		177F03DF2025220000CC7CA8 /* Resources */ = {
			isa = PBXResourcesBuildPhase;
			buildActionMask = 2147483647;
			files = (
				171632302597B06F000A3CD4 /* LaunchScreen.storyboard in Resources */,
				1790143122A6F48200C7D734 /* Colours.xcassets in Resources */,
				177F03EF2025220900CC7CA8 /* Assets.xcassets in Resources */,
			);
			runOnlyForDeploymentPostprocessing = 0;
		};
		17F7C0C325980E00006FB5CF /* Resources */ = {
			isa = PBXResourcesBuildPhase;
			buildActionMask = 2147483647;
			files = (
				17F7C0CC25980E02006FB5CF /* Assets.xcassets in Resources */,
			);
			runOnlyForDeploymentPostprocessing = 0;
		};
/* End PBXResourcesBuildPhase section */

/* Begin PBXSourcesBuildPhase section */
		170006822035D0DC0056F25C /* Sources */ = {
			isa = PBXSourcesBuildPhase;
			buildActionMask = 2147483647;
			files = (
			);
			runOnlyForDeploymentPostprocessing = 0;
		};
		177F03DD2025220000CC7CA8 /* Sources */ = {
			isa = PBXSourcesBuildPhase;
			buildActionMask = 2147483647;
			files = (
				17C09C2325312544007966B1 /* QFinanceListView.swift in Sources */,
				171EE8CA259A67F200A84557 /* QGoProUpsellView.swift in Sources */,
				17440DFA2527EB5D000E4703 /* QCravingChartView.swift in Sources */,
				171EE8D0259A7A8F00A84557 /* QAddCustomAchievementView.swift in Sources */,
				17043210252FAB92007263B6 /* QButtonStyle.swift in Sources */,
				172020702538E53800C3459D /* QStringExtensions.swift in Sources */,
				1788CBB62037853D00064A86 /* PersistenceManager.swift in Sources */,
				1732B38C25277FF700C469C1 /* QuitApp.swift in Sources */,
				174B53512534FAF4009F254C /* QViewAchievementsView.swift in Sources */,
				172986EB253E37C7002B17B1 /* QVapeSpendView.swift in Sources */,
				174B539525365A8D009F254C /* QViewPendingNotificationsView.swift in Sources */,
				175C83542534D532000FAD1E /* QSavingGoalEditView.swift in Sources */,
				17DB4168259BBEC500462EC0 /* QCustomAchievementView.swift in Sources */,
				17C14F1125279CF5001564B0 /* QEntryDecisionView.swift in Sources */,
				17440E07252A6164000E4703 /* QLineGraph.swift in Sources */,
				1778A7CD253E46CE0097E606 /* QViewVapeSpendsView.swift in Sources */,
				172986DC253E25FE002B17B1 /* DateExtensions.swift in Sources */,
				174B53582534FCCA009F254C /* QHealthListView.swift in Sources */,
				1732B3AD252782FB00C469C1 /* QGuages.swift in Sources */,
				1711904B2531337A008A271A /* QFinanceSavingGoalView.swift in Sources */,
				174B534B2534F41A009F254C /* QAchievementView.swift in Sources */,
				17F7C0DE25992C0A006FB5CF /* QPurchaseProView.swift in Sources */,
				174B53622534FDB7009F254C /* QHealthView.swift in Sources */,
				174B538B25363CBC009F254C /* QMapView.swift in Sources */,
				17440DEA2527E4E7000E4703 /* QEditQuitDateView.swift in Sources */,
				1741D6C825993A7100824416 /* QProFeatures.swift in Sources */,
				1711904725312EB0008A271A /* QFinance.swift in Sources */,
				174B537A253637FE009F254C /* QAchievementHomeView.swift in Sources */,
				1711908725349858008A271A /* QFinanceSavingGoalListView.swift in Sources */,
				17C09C1725311D2F007966B1 /* QCravingsSectionView.swift in Sources */,
				174B53872536393A009F254C /* QAddCustomNotificationView.swift in Sources */,
				17119081253497DB008A271A /* QFinanceTimeSavingListView.swift in Sources */,
				17C09C2C253125D7007966B1 /* QFinanceTimeSavingView.swift in Sources */,
				17F7C0D8259929A6006FB5CF /* QPurchaseHelper.swift in Sources */,
				1776546425365E7500461631 /* QAddTimeNotificationView.swift in Sources */,
				1732B3922527802F00C469C1 /* QHomeView.swift in Sources */,
				17C14F3225279F1D001564B0 /* QSetupProfileView.swift in Sources */,
				1716321B25975A22000A3CD4 /* QListHeaderView.swift in Sources */,
				177F03ED2025220000CC7CA8 /* Quit.xcdatamodeld in Sources */,
				175C834E25349F5A000FAD1E /* QViewCravingsView.swift in Sources */,
				174B53402534F1BE009F254C /* QAchievement.swift in Sources */,
				177F04242029104900CC7CA8 /* Profile.swift in Sources */,
				1778A7C9253E43890097E606 /* QAddVapeSpendView.swift in Sources */,
				17440DD82527B1C6000E4703 /* QHealth.swift in Sources */,
				17440DE32527D6B7000E4703 /* QClockView.swift in Sources */,
				1776546A2536650900461631 /* QAddLocationNotificationView.swift in Sources */,
				172986C0253E18EC002B17B1 /* QNotificationManager.swift in Sources */,
				17043209252F8D24007263B6 /* QSettingsView.swift in Sources */,
				172986E0253E2622002B17B1 /* QDoubleExtensions.swift in Sources */,
				174B53662535006B009F254C /* QHealthInfoView.swift in Sources */,
				172986D5253E25B7002B17B1 /* Constants.swift in Sources */,
				174B539125365A2F009F254C /* QNotificationsHomeView.swift in Sources */,
				17C09C1325311572007966B1 /* QAddCravingView.swift in Sources */,
			);
			runOnlyForDeploymentPostprocessing = 0;
		};
		17F7C0C125980E00006FB5CF /* Sources */ = {
			isa = PBXSourcesBuildPhase;
			buildActionMask = 2147483647;
			files = (
				17F7C0CA25980E00006FB5CF /* Quit_Widget.swift in Sources */,
			);
			runOnlyForDeploymentPostprocessing = 0;
		};
/* End PBXSourcesBuildPhase section */

/* Begin PBXTargetDependency section */
		1700068C2035D0DC0056F25C /* PBXTargetDependency */ = {
			isa = PBXTargetDependency;
			target = 177F03E02025220000CC7CA8 /* Quit */;
			targetProxy = 1700068B2035D0DC0056F25C /* PBXContainerItemProxy */;
		};
		17F7C0CF25980E02006FB5CF /* PBXTargetDependency */ = {
			isa = PBXTargetDependency;
			target = 17F7C0C425980E00006FB5CF /* Quit WidgetExtension */;
			targetProxy = 17F7C0CE25980E02006FB5CF /* PBXContainerItemProxy */;
		};
/* End PBXTargetDependency section */

/* Begin XCBuildConfiguration section */
		1700068D2035D0DC0056F25C /* Debug */ = {
			isa = XCBuildConfiguration;
			buildSettings = {
				BUNDLE_LOADER = "$(TEST_HOST)";
				CODE_SIGN_STYLE = Automatic;
				DEVELOPMENT_TEAM = L8E3HCRWG9;
				INFOPLIST_FILE = QuitTests/Info.plist;
				IPHONEOS_DEPLOYMENT_TARGET = 12.0;
				LD_RUNPATH_SEARCH_PATHS = "$(inherited) @executable_path/Frameworks @loader_path/Frameworks";
				PRODUCT_BUNDLE_IDENTIFIER = com.Alex.QuitTests;
				PRODUCT_NAME = "$(TARGET_NAME)";
				SWIFT_VERSION = 4.0;
				TARGETED_DEVICE_FAMILY = "1,2";
				TEST_HOST = "$(BUILT_PRODUCTS_DIR)/Quit.app/Quit";
			};
			name = Debug;
		};
		1700068E2035D0DC0056F25C /* Release */ = {
			isa = XCBuildConfiguration;
			buildSettings = {
				BUNDLE_LOADER = "$(TEST_HOST)";
				CODE_SIGN_STYLE = Automatic;
				DEVELOPMENT_TEAM = L8E3HCRWG9;
				INFOPLIST_FILE = QuitTests/Info.plist;
				IPHONEOS_DEPLOYMENT_TARGET = 12.0;
				LD_RUNPATH_SEARCH_PATHS = "$(inherited) @executable_path/Frameworks @loader_path/Frameworks";
				PRODUCT_BUNDLE_IDENTIFIER = com.Alex.QuitTests;
				PRODUCT_NAME = "$(TARGET_NAME)";
				SWIFT_VERSION = 4.0;
				TARGETED_DEVICE_FAMILY = "1,2";
				TEST_HOST = "$(BUILT_PRODUCTS_DIR)/Quit.app/Quit";
			};
			name = Release;
		};
		177F03F42025220900CC7CA8 /* Debug */ = {
			isa = XCBuildConfiguration;
			buildSettings = {
				ALWAYS_SEARCH_USER_PATHS = NO;
				CLANG_ANALYZER_NONNULL = YES;
				CLANG_ANALYZER_NUMBER_OBJECT_CONVERSION = YES_AGGRESSIVE;
				CLANG_CXX_LANGUAGE_STANDARD = "gnu++14";
				CLANG_CXX_LIBRARY = "libc++";
				CLANG_ENABLE_MODULES = YES;
				CLANG_ENABLE_OBJC_ARC = YES;
				CLANG_ENABLE_OBJC_WEAK = YES;
				CLANG_WARN_BLOCK_CAPTURE_AUTORELEASING = YES;
				CLANG_WARN_BOOL_CONVERSION = YES;
				CLANG_WARN_COMMA = YES;
				CLANG_WARN_CONSTANT_CONVERSION = YES;
				CLANG_WARN_DEPRECATED_OBJC_IMPLEMENTATIONS = YES;
				CLANG_WARN_DIRECT_OBJC_ISA_USAGE = YES_ERROR;
				CLANG_WARN_DOCUMENTATION_COMMENTS = YES;
				CLANG_WARN_EMPTY_BODY = YES;
				CLANG_WARN_ENUM_CONVERSION = YES;
				CLANG_WARN_INFINITE_RECURSION = YES;
				CLANG_WARN_INT_CONVERSION = YES;
				CLANG_WARN_NON_LITERAL_NULL_CONVERSION = YES;
				CLANG_WARN_OBJC_IMPLICIT_RETAIN_SELF = YES;
				CLANG_WARN_OBJC_LITERAL_CONVERSION = YES;
				CLANG_WARN_OBJC_ROOT_CLASS = YES_ERROR;
				CLANG_WARN_QUOTED_INCLUDE_IN_FRAMEWORK_HEADER = YES;
				CLANG_WARN_RANGE_LOOP_ANALYSIS = YES;
				CLANG_WARN_STRICT_PROTOTYPES = YES;
				CLANG_WARN_SUSPICIOUS_MOVE = YES;
				CLANG_WARN_UNGUARDED_AVAILABILITY = YES_AGGRESSIVE;
				CLANG_WARN_UNREACHABLE_CODE = YES;
				CLANG_WARN__DUPLICATE_METHOD_MATCH = YES;
				CODE_SIGN_IDENTITY = "iPhone Developer";
				COPY_PHASE_STRIP = NO;
				DEBUG_INFORMATION_FORMAT = dwarf;
				ENABLE_STRICT_OBJC_MSGSEND = YES;
				ENABLE_TESTABILITY = YES;
				GCC_C_LANGUAGE_STANDARD = gnu11;
				GCC_DYNAMIC_NO_PIC = NO;
				GCC_NO_COMMON_BLOCKS = YES;
				GCC_OPTIMIZATION_LEVEL = 0;
				GCC_PREPROCESSOR_DEFINITIONS = (
					"DEBUG=1",
					"$(inherited)",
				);
				GCC_WARN_64_TO_32_BIT_CONVERSION = YES;
				GCC_WARN_ABOUT_RETURN_TYPE = YES_ERROR;
				GCC_WARN_UNDECLARED_SELECTOR = YES;
				GCC_WARN_UNINITIALIZED_AUTOS = YES_AGGRESSIVE;
				GCC_WARN_UNUSED_FUNCTION = YES;
				GCC_WARN_UNUSED_VARIABLE = YES;
				IPHONEOS_DEPLOYMENT_TARGET = 13.0;
				MTL_ENABLE_DEBUG_INFO = YES;
				ONLY_ACTIVE_ARCH = YES;
				SDKROOT = iphoneos;
				SWIFT_ACTIVE_COMPILATION_CONDITIONS = DEBUG;
				SWIFT_OPTIMIZATION_LEVEL = "-Onone";
				SWIFT_VERSION = 4.0;
			};
			name = Debug;
		};
		177F03F52025220900CC7CA8 /* Release */ = {
			isa = XCBuildConfiguration;
			buildSettings = {
				ALWAYS_SEARCH_USER_PATHS = NO;
				CLANG_ANALYZER_NONNULL = YES;
				CLANG_ANALYZER_NUMBER_OBJECT_CONVERSION = YES_AGGRESSIVE;
				CLANG_CXX_LANGUAGE_STANDARD = "gnu++14";
				CLANG_CXX_LIBRARY = "libc++";
				CLANG_ENABLE_MODULES = YES;
				CLANG_ENABLE_OBJC_ARC = YES;
				CLANG_ENABLE_OBJC_WEAK = YES;
				CLANG_WARN_BLOCK_CAPTURE_AUTORELEASING = YES;
				CLANG_WARN_BOOL_CONVERSION = YES;
				CLANG_WARN_COMMA = YES;
				CLANG_WARN_CONSTANT_CONVERSION = YES;
				CLANG_WARN_DEPRECATED_OBJC_IMPLEMENTATIONS = YES;
				CLANG_WARN_DIRECT_OBJC_ISA_USAGE = YES_ERROR;
				CLANG_WARN_DOCUMENTATION_COMMENTS = YES;
				CLANG_WARN_EMPTY_BODY = YES;
				CLANG_WARN_ENUM_CONVERSION = YES;
				CLANG_WARN_INFINITE_RECURSION = YES;
				CLANG_WARN_INT_CONVERSION = YES;
				CLANG_WARN_NON_LITERAL_NULL_CONVERSION = YES;
				CLANG_WARN_OBJC_IMPLICIT_RETAIN_SELF = YES;
				CLANG_WARN_OBJC_LITERAL_CONVERSION = YES;
				CLANG_WARN_OBJC_ROOT_CLASS = YES_ERROR;
				CLANG_WARN_QUOTED_INCLUDE_IN_FRAMEWORK_HEADER = YES;
				CLANG_WARN_RANGE_LOOP_ANALYSIS = YES;
				CLANG_WARN_STRICT_PROTOTYPES = YES;
				CLANG_WARN_SUSPICIOUS_MOVE = YES;
				CLANG_WARN_UNGUARDED_AVAILABILITY = YES_AGGRESSIVE;
				CLANG_WARN_UNREACHABLE_CODE = YES;
				CLANG_WARN__DUPLICATE_METHOD_MATCH = YES;
				CODE_SIGN_IDENTITY = "iPhone Developer";
				COPY_PHASE_STRIP = NO;
				DEBUG_INFORMATION_FORMAT = "dwarf-with-dsym";
				ENABLE_NS_ASSERTIONS = NO;
				ENABLE_STRICT_OBJC_MSGSEND = YES;
				GCC_C_LANGUAGE_STANDARD = gnu11;
				GCC_NO_COMMON_BLOCKS = YES;
				GCC_WARN_64_TO_32_BIT_CONVERSION = YES;
				GCC_WARN_ABOUT_RETURN_TYPE = YES_ERROR;
				GCC_WARN_UNDECLARED_SELECTOR = YES;
				GCC_WARN_UNINITIALIZED_AUTOS = YES_AGGRESSIVE;
				GCC_WARN_UNUSED_FUNCTION = YES;
				GCC_WARN_UNUSED_VARIABLE = YES;
				IPHONEOS_DEPLOYMENT_TARGET = 13.0;
				MTL_ENABLE_DEBUG_INFO = NO;
				SDKROOT = iphoneos;
				SWIFT_OPTIMIZATION_LEVEL = "-Owholemodule";
				SWIFT_VERSION = 4.0;
				VALIDATE_PRODUCT = YES;
			};
			name = Release;
		};
		177F03F72025220900CC7CA8 /* Debug */ = {
			isa = XCBuildConfiguration;
			buildSettings = {
				ALWAYS_EMBED_SWIFT_STANDARD_LIBRARIES = YES;
				ASSETCATALOG_COMPILER_APPICON_NAME = AppIcon;
				CODE_SIGN_ENTITLEMENTS = Quit/Quit.entitlements;
				CODE_SIGN_IDENTITY = "Apple Development";
				CODE_SIGN_STYLE = Automatic;
				CURRENT_PROJECT_VERSION = 1;
				DEVELOPMENT_TEAM = L8E3HCRWG9;
				FRAMEWORK_SEARCH_PATHS = (
					"$(inherited)",
					"$(PROJECT_DIR)/Carthage/Build/iOS",
				);
				INFOPLIST_FILE = Quit/Info.plist;
				IPHONEOS_DEPLOYMENT_TARGET = 14.0;
				LD_RUNPATH_SEARCH_PATHS = "$(inherited) @executable_path/Frameworks";
				MARKETING_VERSION = 7;
				PRODUCT_BUNDLE_IDENTIFIER = com.Alex.Quit;
				PRODUCT_NAME = "$(TARGET_NAME)";
				PROVISIONING_PROFILE_SPECIFIER = "";
				SUPPORTS_MACCATALYST = YES;
				SWIFT_VERSION = 5.0;
				TARGETED_DEVICE_FAMILY = "1,2";
			};
			name = Debug;
		};
		177F03F82025220900CC7CA8 /* Release */ = {
			isa = XCBuildConfiguration;
			buildSettings = {
				ALWAYS_EMBED_SWIFT_STANDARD_LIBRARIES = YES;
				ASSETCATALOG_COMPILER_APPICON_NAME = AppIcon;
				CODE_SIGN_ENTITLEMENTS = Quit/Quit.entitlements;
				CODE_SIGN_IDENTITY = "Apple Development";
				CODE_SIGN_STYLE = Automatic;
				CURRENT_PROJECT_VERSION = 1;
				DEVELOPMENT_TEAM = L8E3HCRWG9;
				FRAMEWORK_SEARCH_PATHS = (
					"$(inherited)",
					"$(PROJECT_DIR)/Carthage/Build/iOS",
				);
				INFOPLIST_FILE = Quit/Info.plist;
				IPHONEOS_DEPLOYMENT_TARGET = 14.0;
				LD_RUNPATH_SEARCH_PATHS = "$(inherited) @executable_path/Frameworks";
				MARKETING_VERSION = 7;
				PRODUCT_BUNDLE_IDENTIFIER = com.Alex.Quit;
				PRODUCT_NAME = "$(TARGET_NAME)";
				PROVISIONING_PROFILE_SPECIFIER = "";
				SUPPORTS_MACCATALYST = YES;
				SWIFT_VERSION = 5.0;
				TARGETED_DEVICE_FAMILY = "1,2";
			};
			name = Release;
		};
		17F7C0D225980E02006FB5CF /* Debug */ = {
			isa = XCBuildConfiguration;
			buildSettings = {
				ASSETCATALOG_COMPILER_GLOBAL_ACCENT_COLOR_NAME = AccentColor;
				ASSETCATALOG_COMPILER_WIDGET_BACKGROUND_COLOR_NAME = WidgetBackground;
				CODE_SIGN_ENTITLEMENTS = "Quit WidgetExtension.entitlements";
				CODE_SIGN_IDENTITY = "Apple Development";
				CODE_SIGN_STYLE = Automatic;
				DEVELOPMENT_TEAM = L8E3HCRWG9;
				INFOPLIST_FILE = "Quit Widget/Info.plist";
				IPHONEOS_DEPLOYMENT_TARGET = 14.3;
				LD_RUNPATH_SEARCH_PATHS = "$(inherited) @executable_path/Frameworks @executable_path/../../Frameworks";
				MTL_ENABLE_DEBUG_INFO = INCLUDE_SOURCE;
				MTL_FAST_MATH = YES;
				PRODUCT_BUNDLE_IDENTIFIER = "com.Alex.Quit.Quit-Widget";
				PRODUCT_NAME = "$(TARGET_NAME)";
				SKIP_INSTALL = YES;
				SUPPORTS_MACCATALYST = YES;
				SWIFT_VERSION = 5.0;
				TARGETED_DEVICE_FAMILY = "1,2";
			};
			name = Debug;
		};
		17F7C0D325980E02006FB5CF /* Release */ = {
			isa = XCBuildConfiguration;
			buildSettings = {
				ASSETCATALOG_COMPILER_GLOBAL_ACCENT_COLOR_NAME = AccentColor;
				ASSETCATALOG_COMPILER_WIDGET_BACKGROUND_COLOR_NAME = WidgetBackground;
				CODE_SIGN_ENTITLEMENTS = "Quit WidgetExtension.entitlements";
				CODE_SIGN_IDENTITY = "Apple Development";
				CODE_SIGN_STYLE = Automatic;
				DEVELOPMENT_TEAM = L8E3HCRWG9;
				INFOPLIST_FILE = "Quit Widget/Info.plist";
				IPHONEOS_DEPLOYMENT_TARGET = 14.3;
				LD_RUNPATH_SEARCH_PATHS = "$(inherited) @executable_path/Frameworks @executable_path/../../Frameworks";
				MTL_FAST_MATH = YES;
				PRODUCT_BUNDLE_IDENTIFIER = "com.Alex.Quit.Quit-Widget";
				PRODUCT_NAME = "$(TARGET_NAME)";
				SKIP_INSTALL = YES;
				SUPPORTS_MACCATALYST = YES;
				SWIFT_VERSION = 5.0;
				TARGETED_DEVICE_FAMILY = "1,2";
			};
			name = Release;
		};
/* End XCBuildConfiguration section */

/* Begin XCConfigurationList section */
		170006902035D0DC0056F25C /* Build configuration list for PBXNativeTarget "QuitTests" */ = {
			isa = XCConfigurationList;
			buildConfigurations = (
				1700068D2035D0DC0056F25C /* Debug */,
				1700068E2035D0DC0056F25C /* Release */,
			);
			defaultConfigurationIsVisible = 0;
			defaultConfigurationName = Release;
		};
		177F03DC2025220000CC7CA8 /* Build configuration list for PBXProject "Quit" */ = {
			isa = XCConfigurationList;
			buildConfigurations = (
				177F03F42025220900CC7CA8 /* Debug */,
				177F03F52025220900CC7CA8 /* Release */,
			);
			defaultConfigurationIsVisible = 0;
			defaultConfigurationName = Release;
		};
		177F03F62025220900CC7CA8 /* Build configuration list for PBXNativeTarget "Quit" */ = {
			isa = XCConfigurationList;
			buildConfigurations = (
				177F03F72025220900CC7CA8 /* Debug */,
				177F03F82025220900CC7CA8 /* Release */,
			);
			defaultConfigurationIsVisible = 0;
			defaultConfigurationName = Release;
		};
		17F7C0D425980E02006FB5CF /* Build configuration list for PBXNativeTarget "Quit WidgetExtension" */ = {
			isa = XCConfigurationList;
			buildConfigurations = (
				17F7C0D225980E02006FB5CF /* Debug */,
				17F7C0D325980E02006FB5CF /* Release */,
			);
			defaultConfigurationIsVisible = 0;
			defaultConfigurationName = Release;
		};
/* End XCConfigurationList section */

/* Begin XCVersionGroup section */
		177F03EB2025220000CC7CA8 /* Quit.xcdatamodeld */ = {
			isa = XCVersionGroup;
			children = (
				177F03EC2025220000CC7CA8 /* Quit.xcdatamodel */,
			);
			currentVersion = 177F03EC2025220000CC7CA8 /* Quit.xcdatamodel */;
			path = Quit.xcdatamodeld;
			sourceTree = "<group>";
			versionGroupType = wrapper.xcdatamodel;
		};
/* End XCVersionGroup section */
	};
	rootObject = 177F03D92025220000CC7CA8 /* Project object */;
}
