// !$*UTF8*$!
{
	archiveVersion = 1;
	classes = {
	};
	objectVersion = 48;
	objects = {

/* Begin PBXBuildFile section */
		170006892035D0DC0056F25C /* QuitTests.swift in Sources */ = {isa = PBXBuildFile; fileRef = 170006882035D0DC0056F25C /* QuitTests.swift */; };
		1737C9E02029FEE800AA8CE5 /* SavingGoalVC.swift in Sources */ = {isa = PBXBuildFile; fileRef = 1737C9DF2029FEE800AA8CE5 /* SavingGoalVC.swift */; };
		177F03E52025220000CC7CA8 /* AppDelegate.swift in Sources */ = {isa = PBXBuildFile; fileRef = 177F03E42025220000CC7CA8 /* AppDelegate.swift */; };
		177F03E72025220000CC7CA8 /* MainVC.swift in Sources */ = {isa = PBXBuildFile; fileRef = 177F03E62025220000CC7CA8 /* MainVC.swift */; };
		177F03EA2025220000CC7CA8 /* Main.storyboard in Resources */ = {isa = PBXBuildFile; fileRef = 177F03E82025220000CC7CA8 /* Main.storyboard */; };
		177F03ED2025220000CC7CA8 /* Quit.xcdatamodeld in Sources */ = {isa = PBXBuildFile; fileRef = 177F03EB2025220000CC7CA8 /* Quit.xcdatamodeld */; };
		177F03EF2025220900CC7CA8 /* Assets.xcassets in Resources */ = {isa = PBXBuildFile; fileRef = 177F03EE2025220900CC7CA8 /* Assets.xcassets */; };
		177F03F22025220900CC7CA8 /* LaunchScreen.storyboard in Resources */ = {isa = PBXBuildFile; fileRef = 177F03F02025220900CC7CA8 /* LaunchScreen.storyboard */; };
		177F04172027C49600CC7CA8 /* QuitInfoVC.swift in Sources */ = {isa = PBXBuildFile; fileRef = 177F04162027C49600CC7CA8 /* QuitInfoVC.swift */; };
		177F041B2028A08800CC7CA8 /* Extensions.swift in Sources */ = {isa = PBXBuildFile; fileRef = 177F041A2028A08800CC7CA8 /* Extensions.swift */; };
		177F04242029104900CC7CA8 /* QuitData.swift in Sources */ = {isa = PBXBuildFile; fileRef = 177F04232029104900CC7CA8 /* QuitData.swift */; };
		1788CBAE2037703A00064A86 /* StateController.swift in Sources */ = {isa = PBXBuildFile; fileRef = 1788CBAD2037703A00064A86 /* StateController.swift */; };
		17A29F782029EBEE007B1938 /* KDCircularProgress.swift in Sources */ = {isa = PBXBuildFile; fileRef = 17A29F772029EBED007B1938 /* KDCircularProgress.swift */; };
		17C553D42035A4F500882CDD /* Charts.framework in Frameworks */ = {isa = PBXBuildFile; fileRef = 17C553D12035A20F00882CDD /* Charts.framework */; };
		17C553D52035A4F500882CDD /* Charts.framework in Embed Frameworks */ = {isa = PBXBuildFile; fileRef = 17C553D12035A20F00882CDD /* Charts.framework */; settings = {ATTRIBUTES = (CodeSignOnCopy, RemoveHeadersOnCopy, ); }; };
		17C6B5E02035D47400AAE086 /* QuitDateTests.swift in Sources */ = {isa = PBXBuildFile; fileRef = 17C6B5DF2035D47400AAE086 /* QuitDateTests.swift */; };
		17C6B5E32035DE5100AAE086 /* QuitSavingGoalVCTests.swift in Sources */ = {isa = PBXBuildFile; fileRef = 17C6B5E22035DE5100AAE086 /* QuitSavingGoalVCTests.swift */; };
		17C6B5EB2035DFF100AAE086 /* QuitUITests.swift in Sources */ = {isa = PBXBuildFile; fileRef = 17C6B5EA2035DFF100AAE086 /* QuitUITests.swift */; };
		17F022002031EA83005EF65C /* SettingsVC.swift in Sources */ = {isa = PBXBuildFile; fileRef = 17F021FF2031EA83005EF65C /* SettingsVC.swift */; };
/* End PBXBuildFile section */

/* Begin PBXContainerItemProxy section */
		1700068B2035D0DC0056F25C /* PBXContainerItemProxy */ = {
			isa = PBXContainerItemProxy;
			containerPortal = 177F03D92025220000CC7CA8 /* Project object */;
			proxyType = 1;
			remoteGlobalIDString = 177F03E02025220000CC7CA8;
			remoteInfo = Quit;
		};
		17C553D02035A20F00882CDD /* PBXContainerItemProxy */ = {
			isa = PBXContainerItemProxy;
			containerPortal = 17C553CB2035A20E00882CDD /* Charts.xcodeproj */;
			proxyType = 2;
			remoteGlobalIDString = 65AD9E95D9ED4DC0BD73A743;
			remoteInfo = Charts;
		};
		17C553D22035A20F00882CDD /* PBXContainerItemProxy */ = {
			isa = PBXContainerItemProxy;
			containerPortal = 17C553CB2035A20E00882CDD /* Charts.xcodeproj */;
			proxyType = 2;
			remoteGlobalIDString = 1CBBC58C6CE1EBEE9852CE41;
			remoteInfo = ChartsTests;
		};
		17C553D62035A4F500882CDD /* PBXContainerItemProxy */ = {
			isa = PBXContainerItemProxy;
			containerPortal = 17C553CB2035A20E00882CDD /* Charts.xcodeproj */;
			proxyType = 1;
			remoteGlobalIDString = A58A4ED274A941CA248EA921;
			remoteInfo = Charts;
		};
		17C6B5ED2035DFF100AAE086 /* PBXContainerItemProxy */ = {
			isa = PBXContainerItemProxy;
			containerPortal = 177F03D92025220000CC7CA8 /* Project object */;
			proxyType = 1;
			remoteGlobalIDString = 177F03E02025220000CC7CA8;
			remoteInfo = Quit;
		};
/* End PBXContainerItemProxy section */

/* Begin PBXCopyFilesBuildPhase section */
		177F04062027716900CC7CA8 /* Embed Frameworks */ = {
			isa = PBXCopyFilesBuildPhase;
			buildActionMask = 2147483647;
			dstPath = "";
			dstSubfolderSpec = 10;
			files = (
				17C553D52035A4F500882CDD /* Charts.framework in Embed Frameworks */,
			);
			name = "Embed Frameworks";
			runOnlyForDeploymentPostprocessing = 0;
		};
/* End PBXCopyFilesBuildPhase section */

/* Begin PBXFileReference section */
		170006862035D0DC0056F25C /* QuitTests.xctest */ = {isa = PBXFileReference; explicitFileType = wrapper.cfbundle; includeInIndex = 0; path = QuitTests.xctest; sourceTree = BUILT_PRODUCTS_DIR; };
		170006882035D0DC0056F25C /* QuitTests.swift */ = {isa = PBXFileReference; lastKnownFileType = sourcecode.swift; path = QuitTests.swift; sourceTree = "<group>"; };
		1700068A2035D0DC0056F25C /* Info.plist */ = {isa = PBXFileReference; lastKnownFileType = text.plist.xml; path = Info.plist; sourceTree = "<group>"; };
		1737C9DF2029FEE800AA8CE5 /* SavingGoalVC.swift */ = {isa = PBXFileReference; lastKnownFileType = sourcecode.swift; path = SavingGoalVC.swift; sourceTree = "<group>"; };
		177F03E12025220000CC7CA8 /* Quit.app */ = {isa = PBXFileReference; explicitFileType = wrapper.application; includeInIndex = 0; path = Quit.app; sourceTree = BUILT_PRODUCTS_DIR; };
		177F03E42025220000CC7CA8 /* AppDelegate.swift */ = {isa = PBXFileReference; lastKnownFileType = sourcecode.swift; path = AppDelegate.swift; sourceTree = "<group>"; };
		177F03E62025220000CC7CA8 /* MainVC.swift */ = {isa = PBXFileReference; lastKnownFileType = sourcecode.swift; path = MainVC.swift; sourceTree = "<group>"; };
		177F03E92025220000CC7CA8 /* Base */ = {isa = PBXFileReference; lastKnownFileType = file.storyboard; name = Base; path = Base.lproj/Main.storyboard; sourceTree = "<group>"; };
		177F03EC2025220000CC7CA8 /* Quit.xcdatamodel */ = {isa = PBXFileReference; lastKnownFileType = wrapper.xcdatamodel; path = Quit.xcdatamodel; sourceTree = "<group>"; };
		177F03EE2025220900CC7CA8 /* Assets.xcassets */ = {isa = PBXFileReference; lastKnownFileType = folder.assetcatalog; path = Assets.xcassets; sourceTree = "<group>"; };
		177F03F12025220900CC7CA8 /* Base */ = {isa = PBXFileReference; lastKnownFileType = file.storyboard; name = Base; path = Base.lproj/LaunchScreen.storyboard; sourceTree = "<group>"; };
		177F03F32025220900CC7CA8 /* Info.plist */ = {isa = PBXFileReference; lastKnownFileType = text.plist.xml; path = Info.plist; sourceTree = "<group>"; };
		177F04162027C49600CC7CA8 /* QuitInfoVC.swift */ = {isa = PBXFileReference; lastKnownFileType = sourcecode.swift; path = QuitInfoVC.swift; sourceTree = "<group>"; };
		177F041A2028A08800CC7CA8 /* Extensions.swift */ = {isa = PBXFileReference; lastKnownFileType = sourcecode.swift; path = Extensions.swift; sourceTree = "<group>"; };
		177F04232029104900CC7CA8 /* QuitData.swift */ = {isa = PBXFileReference; lastKnownFileType = sourcecode.swift; path = QuitData.swift; sourceTree = "<group>"; };
		1788CBAD2037703A00064A86 /* StateController.swift */ = {isa = PBXFileReference; lastKnownFileType = sourcecode.swift; path = StateController.swift; sourceTree = "<group>"; };
		17A29F772029EBED007B1938 /* KDCircularProgress.swift */ = {isa = PBXFileReference; fileEncoding = 4; lastKnownFileType = sourcecode.swift; path = KDCircularProgress.swift; sourceTree = "<group>"; };
		17C553CB2035A20E00882CDD /* Charts.xcodeproj */ = {isa = PBXFileReference; lastKnownFileType = "wrapper.pb-project"; name = Charts.xcodeproj; path = "../../../Downloads/Charts-master 4/Charts.xcodeproj"; sourceTree = "<group>"; };
		17C6B5DF2035D47400AAE086 /* QuitDateTests.swift */ = {isa = PBXFileReference; lastKnownFileType = sourcecode.swift; path = QuitDateTests.swift; sourceTree = "<group>"; };
		17C6B5E22035DE5100AAE086 /* QuitSavingGoalVCTests.swift */ = {isa = PBXFileReference; lastKnownFileType = sourcecode.swift; path = QuitSavingGoalVCTests.swift; sourceTree = "<group>"; };
		17C6B5E82035DFF100AAE086 /* QuitUITests.xctest */ = {isa = PBXFileReference; explicitFileType = wrapper.cfbundle; includeInIndex = 0; path = QuitUITests.xctest; sourceTree = BUILT_PRODUCTS_DIR; };
		17C6B5EA2035DFF100AAE086 /* QuitUITests.swift */ = {isa = PBXFileReference; lastKnownFileType = sourcecode.swift; path = QuitUITests.swift; sourceTree = "<group>"; };
		17C6B5EC2035DFF100AAE086 /* Info.plist */ = {isa = PBXFileReference; lastKnownFileType = text.plist.xml; path = Info.plist; sourceTree = "<group>"; };
		17F021FF2031EA83005EF65C /* SettingsVC.swift */ = {isa = PBXFileReference; lastKnownFileType = sourcecode.swift; path = SettingsVC.swift; sourceTree = "<group>"; };
/* End PBXFileReference section */

/* Begin PBXFrameworksBuildPhase section */
		170006832035D0DC0056F25C /* Frameworks */ = {
			isa = PBXFrameworksBuildPhase;
			buildActionMask = 2147483647;
			files = (
			);
			runOnlyForDeploymentPostprocessing = 0;
		};
		177F03DE2025220000CC7CA8 /* Frameworks */ = {
			isa = PBXFrameworksBuildPhase;
			buildActionMask = 2147483647;
			files = (
				17C553D42035A4F500882CDD /* Charts.framework in Frameworks */,
			);
			runOnlyForDeploymentPostprocessing = 0;
		};
		17C6B5E52035DFF100AAE086 /* Frameworks */ = {
			isa = PBXFrameworksBuildPhase;
			buildActionMask = 2147483647;
			files = (
			);
			runOnlyForDeploymentPostprocessing = 0;
		};
/* End PBXFrameworksBuildPhase section */

/* Begin PBXGroup section */
		170006872035D0DC0056F25C /* QuitTests */ = {
			isa = PBXGroup;
			children = (
				17C6B5DF2035D47400AAE086 /* QuitDateTests.swift */,
				17C6B5E22035DE5100AAE086 /* QuitSavingGoalVCTests.swift */,
				170006882035D0DC0056F25C /* QuitTests.swift */,
				1700068A2035D0DC0056F25C /* Info.plist */,
			);
			path = QuitTests;
			sourceTree = "<group>";
		};
		177F03D82025220000CC7CA8 = {
			isa = PBXGroup;
			children = (
				177F03E32025220000CC7CA8 /* Quit */,
				170006872035D0DC0056F25C /* QuitTests */,
				17C6B5E92035DFF100AAE086 /* QuitUITests */,
				177F03E22025220000CC7CA8 /* Products */,
				17C553CB2035A20E00882CDD /* Charts.xcodeproj */,
			);
			sourceTree = "<group>";
		};
		177F03E22025220000CC7CA8 /* Products */ = {
			isa = PBXGroup;
			children = (
				177F03E12025220000CC7CA8 /* Quit.app */,
				170006862035D0DC0056F25C /* QuitTests.xctest */,
				17C6B5E82035DFF100AAE086 /* QuitUITests.xctest */,
			);
			name = Products;
			sourceTree = "<group>";
		};
		177F03E32025220000CC7CA8 /* Quit */ = {
			isa = PBXGroup;
			children = (
				177F04222028A70600CC7CA8 /* Utilities */,
				177F04212028A6F000CC7CA8 /* Controller */,
				177F04202028A6EA00CC7CA8 /* View */,
				177F041E2028A6CF00CC7CA8 /* Model */,
				177F03E42025220000CC7CA8 /* AppDelegate.swift */,
				177F03E82025220000CC7CA8 /* Main.storyboard */,
				177F03EE2025220900CC7CA8 /* Assets.xcassets */,
				177F03F02025220900CC7CA8 /* LaunchScreen.storyboard */,
				177F03F32025220900CC7CA8 /* Info.plist */,
				177F03EB2025220000CC7CA8 /* Quit.xcdatamodeld */,
			);
			path = Quit;
			sourceTree = "<group>";
		};
		177F041E2028A6CF00CC7CA8 /* Model */ = {
			isa = PBXGroup;
			children = (
				177F04232029104900CC7CA8 /* QuitData.swift */,
			);
			path = Model;
			sourceTree = "<group>";
		};
		177F04202028A6EA00CC7CA8 /* View */ = {
			isa = PBXGroup;
			children = (
			);
			path = View;
			sourceTree = "<group>";
		};
		177F04212028A6F000CC7CA8 /* Controller */ = {
			isa = PBXGroup;
			children = (
				17F021FF2031EA83005EF65C /* SettingsVC.swift */,
				177F03E62025220000CC7CA8 /* MainVC.swift */,
				177F04162027C49600CC7CA8 /* QuitInfoVC.swift */,
				1737C9DF2029FEE800AA8CE5 /* SavingGoalVC.swift */,
				1788CBAD2037703A00064A86 /* StateController.swift */,
			);
			path = Controller;
			sourceTree = "<group>";
		};
		177F04222028A70600CC7CA8 /* Utilities */ = {
			isa = PBXGroup;
			children = (
				17A29F772029EBED007B1938 /* KDCircularProgress.swift */,
				177F041A2028A08800CC7CA8 /* Extensions.swift */,
			);
			path = Utilities;
			sourceTree = "<group>";
		};
		17C553CC2035A20E00882CDD /* Products */ = {
			isa = PBXGroup;
			children = (
				17C553D12035A20F00882CDD /* Charts.framework */,
				17C553D32035A20F00882CDD /* ChartsTests.xctest */,
			);
			name = Products;
			sourceTree = "<group>";
		};
		17C6B5E92035DFF100AAE086 /* QuitUITests */ = {
			isa = PBXGroup;
			children = (
				17C6B5EA2035DFF100AAE086 /* QuitUITests.swift */,
				17C6B5EC2035DFF100AAE086 /* Info.plist */,
			);
			path = QuitUITests;
			sourceTree = "<group>";
		};
/* End PBXGroup section */

/* Begin PBXNativeTarget section */
		170006852035D0DC0056F25C /* QuitTests */ = {
			isa = PBXNativeTarget;
			buildConfigurationList = 170006902035D0DC0056F25C /* Build configuration list for PBXNativeTarget "QuitTests" */;
			buildPhases = (
				170006822035D0DC0056F25C /* Sources */,
				170006832035D0DC0056F25C /* Frameworks */,
				170006842035D0DC0056F25C /* Resources */,
			);
			buildRules = (
			);
			dependencies = (
				1700068C2035D0DC0056F25C /* PBXTargetDependency */,
			);
			name = QuitTests;
			productName = QuitTests;
			productReference = 170006862035D0DC0056F25C /* QuitTests.xctest */;
			productType = "com.apple.product-type.bundle.unit-test";
		};
		177F03E02025220000CC7CA8 /* Quit */ = {
			isa = PBXNativeTarget;
			buildConfigurationList = 177F03F62025220900CC7CA8 /* Build configuration list for PBXNativeTarget "Quit" */;
			buildPhases = (
				177F03DD2025220000CC7CA8 /* Sources */,
				177F03DE2025220000CC7CA8 /* Frameworks */,
				177F03DF2025220000CC7CA8 /* Resources */,
				177F04062027716900CC7CA8 /* Embed Frameworks */,
			);
			buildRules = (
			);
			dependencies = (
				17C553D72035A4F500882CDD /* PBXTargetDependency */,
			);
			name = Quit;
			productName = Quit;
			productReference = 177F03E12025220000CC7CA8 /* Quit.app */;
			productType = "com.apple.product-type.application";
		};
		17C6B5E72035DFF100AAE086 /* QuitUITests */ = {
			isa = PBXNativeTarget;
			buildConfigurationList = 17C6B5EF2035DFF100AAE086 /* Build configuration list for PBXNativeTarget "QuitUITests" */;
			buildPhases = (
				17C6B5E42035DFF100AAE086 /* Sources */,
				17C6B5E52035DFF100AAE086 /* Frameworks */,
				17C6B5E62035DFF100AAE086 /* Resources */,
			);
			buildRules = (
			);
			dependencies = (
				17C6B5EE2035DFF100AAE086 /* PBXTargetDependency */,
			);
			name = QuitUITests;
			productName = QuitUITests;
			productReference = 17C6B5E82035DFF100AAE086 /* QuitUITests.xctest */;
			productType = "com.apple.product-type.bundle.ui-testing";
		};
/* End PBXNativeTarget section */

/* Begin PBXProject section */
		177F03D92025220000CC7CA8 /* Project object */ = {
			isa = PBXProject;
			attributes = {
				LastSwiftUpdateCheck = 0900;
				LastUpgradeCheck = 0930;
				ORGANIZATIONNAME = "Alex Tudge";
				TargetAttributes = {
					170006852035D0DC0056F25C = {
						CreatedOnToolsVersion = 9.0;
						ProvisioningStyle = Automatic;
						TestTargetID = 177F03E02025220000CC7CA8;
					};
					177F03E02025220000CC7CA8 = {
						CreatedOnToolsVersion = 9.3;
						ProvisioningStyle = Automatic;
					};
					17C6B5E72035DFF100AAE086 = {
						CreatedOnToolsVersion = 9.0;
						ProvisioningStyle = Automatic;
						TestTargetID = 177F03E02025220000CC7CA8;
					};
				};
			};
			buildConfigurationList = 177F03DC2025220000CC7CA8 /* Build configuration list for PBXProject "Quit" */;
			compatibilityVersion = "Xcode 8.0";
			developmentRegion = en;
			hasScannedForEncodings = 0;
			knownRegions = (
				en,
				Base,
			);
			mainGroup = 177F03D82025220000CC7CA8;
			productRefGroup = 177F03E22025220000CC7CA8 /* Products */;
			projectDirPath = "";
			projectReferences = (
				{
					ProductGroup = 17C553CC2035A20E00882CDD /* Products */;
					ProjectRef = 17C553CB2035A20E00882CDD /* Charts.xcodeproj */;
				},
			);
			projectRoot = "";
			targets = (
				177F03E02025220000CC7CA8 /* Quit */,
				170006852035D0DC0056F25C /* QuitTests */,
				17C6B5E72035DFF100AAE086 /* QuitUITests */,
			);
		};
/* End PBXProject section */

/* Begin PBXReferenceProxy section */
		17C553D12035A20F00882CDD /* Charts.framework */ = {
			isa = PBXReferenceProxy;
			fileType = wrapper.framework;
			path = Charts.framework;
			remoteRef = 17C553D02035A20F00882CDD /* PBXContainerItemProxy */;
			sourceTree = BUILT_PRODUCTS_DIR;
		};
		17C553D32035A20F00882CDD /* ChartsTests.xctest */ = {
			isa = PBXReferenceProxy;
			fileType = wrapper.cfbundle;
			path = ChartsTests.xctest;
			remoteRef = 17C553D22035A20F00882CDD /* PBXContainerItemProxy */;
			sourceTree = BUILT_PRODUCTS_DIR;
		};
/* End PBXReferenceProxy section */

/* Begin PBXResourcesBuildPhase section */
		170006842035D0DC0056F25C /* Resources */ = {
			isa = PBXResourcesBuildPhase;
			buildActionMask = 2147483647;
			files = (
			);
			runOnlyForDeploymentPostprocessing = 0;
		};
		177F03DF2025220000CC7CA8 /* Resources */ = {
			isa = PBXResourcesBuildPhase;
			buildActionMask = 2147483647;
			files = (
				177F03F22025220900CC7CA8 /* LaunchScreen.storyboard in Resources */,
				177F03EF2025220900CC7CA8 /* Assets.xcassets in Resources */,
				177F03EA2025220000CC7CA8 /* Main.storyboard in Resources */,
			);
			runOnlyForDeploymentPostprocessing = 0;
		};
		17C6B5E62035DFF100AAE086 /* Resources */ = {
			isa = PBXResourcesBuildPhase;
			buildActionMask = 2147483647;
			files = (
			);
			runOnlyForDeploymentPostprocessing = 0;
		};
/* End PBXResourcesBuildPhase section */

/* Begin PBXSourcesBuildPhase section */
		170006822035D0DC0056F25C /* Sources */ = {
			isa = PBXSourcesBuildPhase;
			buildActionMask = 2147483647;
			files = (
				17C6B5E02035D47400AAE086 /* QuitDateTests.swift in Sources */,
				17C6B5E32035DE5100AAE086 /* QuitSavingGoalVCTests.swift in Sources */,
				170006892035D0DC0056F25C /* QuitTests.swift in Sources */,
			);
			runOnlyForDeploymentPostprocessing = 0;
		};
		177F03DD2025220000CC7CA8 /* Sources */ = {
			isa = PBXSourcesBuildPhase;
			buildActionMask = 2147483647;
			files = (
				177F041B2028A08800CC7CA8 /* Extensions.swift in Sources */,
				1737C9E02029FEE800AA8CE5 /* SavingGoalVC.swift in Sources */,
				177F03E72025220000CC7CA8 /* MainVC.swift in Sources */,
				177F03ED2025220000CC7CA8 /* Quit.xcdatamodeld in Sources */,
				177F03E52025220000CC7CA8 /* AppDelegate.swift in Sources */,
				177F04242029104900CC7CA8 /* QuitData.swift in Sources */,
				177F04172027C49600CC7CA8 /* QuitInfoVC.swift in Sources */,
				17A29F782029EBEE007B1938 /* KDCircularProgress.swift in Sources */,
				17F022002031EA83005EF65C /* SettingsVC.swift in Sources */,
				1788CBAE2037703A00064A86 /* StateController.swift in Sources */,
			);
			runOnlyForDeploymentPostprocessing = 0;
		};
		17C6B5E42035DFF100AAE086 /* Sources */ = {
			isa = PBXSourcesBuildPhase;
			buildActionMask = 2147483647;
			files = (
				17C6B5EB2035DFF100AAE086 /* QuitUITests.swift in Sources */,
			);
			runOnlyForDeploymentPostprocessing = 0;
		};
/* End PBXSourcesBuildPhase section */

/* Begin PBXTargetDependency section */
		1700068C2035D0DC0056F25C /* PBXTargetDependency */ = {
			isa = PBXTargetDependency;
			target = 177F03E02025220000CC7CA8 /* Quit */;
			targetProxy = 1700068B2035D0DC0056F25C /* PBXContainerItemProxy */;
		};
		17C553D72035A4F500882CDD /* PBXTargetDependency */ = {
			isa = PBXTargetDependency;
			name = Charts;
			targetProxy = 17C553D62035A4F500882CDD /* PBXContainerItemProxy */;
		};
		17C6B5EE2035DFF100AAE086 /* PBXTargetDependency */ = {
			isa = PBXTargetDependency;
			target = 177F03E02025220000CC7CA8 /* Quit */;
			targetProxy = 17C6B5ED2035DFF100AAE086 /* PBXContainerItemProxy */;
		};
/* End PBXTargetDependency section */

/* Begin PBXVariantGroup section */
		177F03E82025220000CC7CA8 /* Main.storyboard */ = {
			isa = PBXVariantGroup;
			children = (
				177F03E92025220000CC7CA8 /* Base */,
			);
			name = Main.storyboard;
			sourceTree = "<group>";
		};
		177F03F02025220900CC7CA8 /* LaunchScreen.storyboard */ = {
			isa = PBXVariantGroup;
			children = (
				177F03F12025220900CC7CA8 /* Base */,
			);
			name = LaunchScreen.storyboard;
			sourceTree = "<group>";
		};
/* End PBXVariantGroup section */

/* Begin XCBuildConfiguration section */
		1700068D2035D0DC0056F25C /* Debug */ = {
			isa = XCBuildConfiguration;
			buildSettings = {
				BUNDLE_LOADER = "$(TEST_HOST)";
				CODE_SIGN_STYLE = Automatic;
				DEVELOPMENT_TEAM = L8E3HCRWG9;
				INFOPLIST_FILE = QuitTests/Info.plist;
				IPHONEOS_DEPLOYMENT_TARGET = 11.0;
				LD_RUNPATH_SEARCH_PATHS = "$(inherited) @executable_path/Frameworks @loader_path/Frameworks";
				PRODUCT_BUNDLE_IDENTIFIER = com.Alex.QuitTests;
				PRODUCT_NAME = "$(TARGET_NAME)";
				SWIFT_VERSION = 4.0;
				TARGETED_DEVICE_FAMILY = "1,2";
				TEST_HOST = "$(BUILT_PRODUCTS_DIR)/Quit.app/Quit";
			};
			name = Debug;
		};
		1700068E2035D0DC0056F25C /* Release */ = {
			isa = XCBuildConfiguration;
			buildSettings = {
				BUNDLE_LOADER = "$(TEST_HOST)";
				CODE_SIGN_STYLE = Automatic;
				DEVELOPMENT_TEAM = L8E3HCRWG9;
				INFOPLIST_FILE = QuitTests/Info.plist;
				IPHONEOS_DEPLOYMENT_TARGET = 11.0;
				LD_RUNPATH_SEARCH_PATHS = "$(inherited) @executable_path/Frameworks @loader_path/Frameworks";
				PRODUCT_BUNDLE_IDENTIFIER = com.Alex.QuitTests;
				PRODUCT_NAME = "$(TARGET_NAME)";
				SWIFT_VERSION = 4.0;
				TARGETED_DEVICE_FAMILY = "1,2";
				TEST_HOST = "$(BUILT_PRODUCTS_DIR)/Quit.app/Quit";
			};
			name = Release;
		};
		177F03F42025220900CC7CA8 /* Debug */ = {
			isa = XCBuildConfiguration;
			buildSettings = {
				ALWAYS_SEARCH_USER_PATHS = NO;
				CLANG_ANALYZER_NONNULL = YES;
				CLANG_ANALYZER_NUMBER_OBJECT_CONVERSION = YES_AGGRESSIVE;
				CLANG_CXX_LANGUAGE_STANDARD = "gnu++14";
				CLANG_CXX_LIBRARY = "libc++";
				CLANG_ENABLE_MODULES = YES;
				CLANG_ENABLE_OBJC_ARC = YES;
				CLANG_ENABLE_OBJC_WEAK = YES;
				CLANG_WARN_BLOCK_CAPTURE_AUTORELEASING = YES;
				CLANG_WARN_BOOL_CONVERSION = YES;
				CLANG_WARN_COMMA = YES;
				CLANG_WARN_CONSTANT_CONVERSION = YES;
				CLANG_WARN_DEPRECATED_OBJC_IMPLEMENTATIONS = YES;
				CLANG_WARN_DIRECT_OBJC_ISA_USAGE = YES_ERROR;
				CLANG_WARN_DOCUMENTATION_COMMENTS = YES;
				CLANG_WARN_EMPTY_BODY = YES;
				CLANG_WARN_ENUM_CONVERSION = YES;
				CLANG_WARN_INFINITE_RECURSION = YES;
				CLANG_WARN_INT_CONVERSION = YES;
				CLANG_WARN_NON_LITERAL_NULL_CONVERSION = YES;
				CLANG_WARN_OBJC_IMPLICIT_RETAIN_SELF = YES;
				CLANG_WARN_OBJC_LITERAL_CONVERSION = YES;
				CLANG_WARN_OBJC_ROOT_CLASS = YES_ERROR;
				CLANG_WARN_RANGE_LOOP_ANALYSIS = YES;
				CLANG_WARN_STRICT_PROTOTYPES = YES;
				CLANG_WARN_SUSPICIOUS_MOVE = YES;
				CLANG_WARN_UNGUARDED_AVAILABILITY = YES_AGGRESSIVE;
				CLANG_WARN_UNREACHABLE_CODE = YES;
				CLANG_WARN__DUPLICATE_METHOD_MATCH = YES;
				CODE_SIGN_IDENTITY = "iPhone Developer";
				COPY_PHASE_STRIP = NO;
				DEBUG_INFORMATION_FORMAT = dwarf;
				ENABLE_STRICT_OBJC_MSGSEND = YES;
				ENABLE_TESTABILITY = YES;
				GCC_C_LANGUAGE_STANDARD = gnu11;
				GCC_DYNAMIC_NO_PIC = NO;
				GCC_NO_COMMON_BLOCKS = YES;
				GCC_OPTIMIZATION_LEVEL = 0;
				GCC_PREPROCESSOR_DEFINITIONS = (
					"DEBUG=1",
					"$(inherited)",
				);
				GCC_WARN_64_TO_32_BIT_CONVERSION = YES;
				GCC_WARN_ABOUT_RETURN_TYPE = YES_ERROR;
				GCC_WARN_UNDECLARED_SELECTOR = YES;
				GCC_WARN_UNINITIALIZED_AUTOS = YES_AGGRESSIVE;
				GCC_WARN_UNUSED_FUNCTION = YES;
				GCC_WARN_UNUSED_VARIABLE = YES;
				IPHONEOS_DEPLOYMENT_TARGET = 11.3;
				MTL_ENABLE_DEBUG_INFO = YES;
				ONLY_ACTIVE_ARCH = YES;
				SDKROOT = iphoneos;
				SWIFT_ACTIVE_COMPILATION_CONDITIONS = DEBUG;
				SWIFT_OPTIMIZATION_LEVEL = "-Onone";
				SWIFT_VERSION = 4.0;
				VALID_ARCHS = arm64;
			};
			name = Debug;
		};
		177F03F52025220900CC7CA8 /* Release */ = {
			isa = XCBuildConfiguration;
			buildSettings = {
				ALWAYS_SEARCH_USER_PATHS = NO;
				CLANG_ANALYZER_NONNULL = YES;
				CLANG_ANALYZER_NUMBER_OBJECT_CONVERSION = YES_AGGRESSIVE;
				CLANG_CXX_LANGUAGE_STANDARD = "gnu++14";
				CLANG_CXX_LIBRARY = "libc++";
				CLANG_ENABLE_MODULES = YES;
				CLANG_ENABLE_OBJC_ARC = YES;
				CLANG_ENABLE_OBJC_WEAK = YES;
				CLANG_WARN_BLOCK_CAPTURE_AUTORELEASING = YES;
				CLANG_WARN_BOOL_CONVERSION = YES;
				CLANG_WARN_COMMA = YES;
				CLANG_WARN_CONSTANT_CONVERSION = YES;
				CLANG_WARN_DEPRECATED_OBJC_IMPLEMENTATIONS = YES;
				CLANG_WARN_DIRECT_OBJC_ISA_USAGE = YES_ERROR;
				CLANG_WARN_DOCUMENTATION_COMMENTS = YES;
				CLANG_WARN_EMPTY_BODY = YES;
				CLANG_WARN_ENUM_CONVERSION = YES;
				CLANG_WARN_INFINITE_RECURSION = YES;
				CLANG_WARN_INT_CONVERSION = YES;
				CLANG_WARN_NON_LITERAL_NULL_CONVERSION = YES;
				CLANG_WARN_OBJC_IMPLICIT_RETAIN_SELF = YES;
				CLANG_WARN_OBJC_LITERAL_CONVERSION = YES;
				CLANG_WARN_OBJC_ROOT_CLASS = YES_ERROR;
				CLANG_WARN_RANGE_LOOP_ANALYSIS = YES;
				CLANG_WARN_STRICT_PROTOTYPES = YES;
				CLANG_WARN_SUSPICIOUS_MOVE = YES;
				CLANG_WARN_UNGUARDED_AVAILABILITY = YES_AGGRESSIVE;
				CLANG_WARN_UNREACHABLE_CODE = YES;
				CLANG_WARN__DUPLICATE_METHOD_MATCH = YES;
				CODE_SIGN_IDENTITY = "iPhone Developer";
				COPY_PHASE_STRIP = NO;
				DEBUG_INFORMATION_FORMAT = "dwarf-with-dsym";
				ENABLE_NS_ASSERTIONS = NO;
				ENABLE_STRICT_OBJC_MSGSEND = YES;
				GCC_C_LANGUAGE_STANDARD = gnu11;
				GCC_NO_COMMON_BLOCKS = YES;
				GCC_WARN_64_TO_32_BIT_CONVERSION = YES;
				GCC_WARN_ABOUT_RETURN_TYPE = YES_ERROR;
				GCC_WARN_UNDECLARED_SELECTOR = YES;
				GCC_WARN_UNINITIALIZED_AUTOS = YES_AGGRESSIVE;
				GCC_WARN_UNUSED_FUNCTION = YES;
				GCC_WARN_UNUSED_VARIABLE = YES;
				IPHONEOS_DEPLOYMENT_TARGET = 11.3;
				MTL_ENABLE_DEBUG_INFO = NO;
				SDKROOT = iphoneos;
				SWIFT_OPTIMIZATION_LEVEL = "-Owholemodule";
				SWIFT_VERSION = 4.0;
				VALIDATE_PRODUCT = YES;
				VALID_ARCHS = arm64;
			};
			name = Release;
		};
		177F03F72025220900CC7CA8 /* Debug */ = {
			isa = XCBuildConfiguration;
			buildSettings = {
				ALWAYS_EMBED_SWIFT_STANDARD_LIBRARIES = YES;
				ASSETCATALOG_COMPILER_APPICON_NAME = AppIcon;
				CODE_SIGN_STYLE = Automatic;
				DEVELOPMENT_TEAM = L8E3HCRWG9;
				FRAMEWORK_SEARCH_PATHS = (
					"$(inherited)",
					"$(PROJECT_DIR)/Carthage/Build/iOS",
				);
				INFOPLIST_FILE = Quit/Info.plist;
				IPHONEOS_DEPLOYMENT_TARGET = 10.0;
				LD_RUNPATH_SEARCH_PATHS = "$(inherited) @executable_path/Frameworks";
				PRODUCT_BUNDLE_IDENTIFIER = com.Alex.Quit;
				PRODUCT_NAME = "$(TARGET_NAME)";
				SWIFT_VERSION = 4.0;
				TARGETED_DEVICE_FAMILY = 1;
			};
			name = Debug;
		};
		177F03F82025220900CC7CA8 /* Release */ = {
			isa = XCBuildConfiguration;
			buildSettings = {
				ALWAYS_EMBED_SWIFT_STANDARD_LIBRARIES = YES;
				ASSETCATALOG_COMPILER_APPICON_NAME = AppIcon;
				CODE_SIGN_STYLE = Automatic;
				DEVELOPMENT_TEAM = L8E3HCRWG9;
				FRAMEWORK_SEARCH_PATHS = (
					"$(inherited)",
					"$(PROJECT_DIR)/Carthage/Build/iOS",
				);
				INFOPLIST_FILE = Quit/Info.plist;
				IPHONEOS_DEPLOYMENT_TARGET = 10.0;
				LD_RUNPATH_SEARCH_PATHS = "$(inherited) @executable_path/Frameworks";
				PRODUCT_BUNDLE_IDENTIFIER = com.Alex.Quit;
				PRODUCT_NAME = "$(TARGET_NAME)";
				SWIFT_VERSION = 4.0;
				TARGETED_DEVICE_FAMILY = 1;
			};
			name = Release;
		};
		17C6B5F02035DFF100AAE086 /* Debug */ = {
			isa = XCBuildConfiguration;
			buildSettings = {
				CODE_SIGN_STYLE = Automatic;
				DEVELOPMENT_TEAM = L8E3HCRWG9;
				INFOPLIST_FILE = QuitUITests/Info.plist;
				IPHONEOS_DEPLOYMENT_TARGET = 11.0;
				LD_RUNPATH_SEARCH_PATHS = "$(inherited) @executable_path/Frameworks @loader_path/Frameworks";
				PRODUCT_BUNDLE_IDENTIFIER = com.Alex.QuitUITests;
				PRODUCT_NAME = "$(TARGET_NAME)";
				SWIFT_VERSION = 4.0;
				TARGETED_DEVICE_FAMILY = "1,2";
				TEST_TARGET_NAME = Quit;
			};
			name = Debug;
		};
		17C6B5F12035DFF100AAE086 /* Release */ = {
			isa = XCBuildConfiguration;
			buildSettings = {
				CODE_SIGN_STYLE = Automatic;
				DEVELOPMENT_TEAM = L8E3HCRWG9;
				INFOPLIST_FILE = QuitUITests/Info.plist;
				IPHONEOS_DEPLOYMENT_TARGET = 11.0;
				LD_RUNPATH_SEARCH_PATHS = "$(inherited) @executable_path/Frameworks @loader_path/Frameworks";
				PRODUCT_BUNDLE_IDENTIFIER = com.Alex.QuitUITests;
				PRODUCT_NAME = "$(TARGET_NAME)";
				SWIFT_VERSION = 4.0;
				TARGETED_DEVICE_FAMILY = "1,2";
				TEST_TARGET_NAME = Quit;
			};
			name = Release;
		};
/* End XCBuildConfiguration section */

/* Begin XCConfigurationList section */
		170006902035D0DC0056F25C /* Build configuration list for PBXNativeTarget "QuitTests" */ = {
			isa = XCConfigurationList;
			buildConfigurations = (
				1700068D2035D0DC0056F25C /* Debug */,
				1700068E2035D0DC0056F25C /* Release */,
			);
			defaultConfigurationIsVisible = 0;
			defaultConfigurationName = Release;
		};
		177F03DC2025220000CC7CA8 /* Build configuration list for PBXProject "Quit" */ = {
			isa = XCConfigurationList;
			buildConfigurations = (
				177F03F42025220900CC7CA8 /* Debug */,
				177F03F52025220900CC7CA8 /* Release */,
			);
			defaultConfigurationIsVisible = 0;
			defaultConfigurationName = Release;
		};
		177F03F62025220900CC7CA8 /* Build configuration list for PBXNativeTarget "Quit" */ = {
			isa = XCConfigurationList;
			buildConfigurations = (
				177F03F72025220900CC7CA8 /* Debug */,
				177F03F82025220900CC7CA8 /* Release */,
			);
			defaultConfigurationIsVisible = 0;
			defaultConfigurationName = Release;
		};
		17C6B5EF2035DFF100AAE086 /* Build configuration list for PBXNativeTarget "QuitUITests" */ = {
			isa = XCConfigurationList;
			buildConfigurations = (
				17C6B5F02035DFF100AAE086 /* Debug */,
				17C6B5F12035DFF100AAE086 /* Release */,
			);
			defaultConfigurationIsVisible = 0;
			defaultConfigurationName = Release;
		};
/* End XCConfigurationList section */

/* Begin XCVersionGroup section */
		177F03EB2025220000CC7CA8 /* Quit.xcdatamodeld */ = {
			isa = XCVersionGroup;
			children = (
				177F03EC2025220000CC7CA8 /* Quit.xcdatamodel */,
			);
			currentVersion = 177F03EC2025220000CC7CA8 /* Quit.xcdatamodel */;
			path = Quit.xcdatamodeld;
			sourceTree = "<group>";
			versionGroupType = wrapper.xcdatamodel;
		};
/* End XCVersionGroup section */
	};
	rootObject = 177F03D92025220000CC7CA8 /* Project object */;
}
